
Microsoft Visual Studio Solution File, Format Version 12.00
# Visual Studio 14
VisualStudioVersion = 14.0.25420.1
MinimumVisualStudioVersion = 10.0.40219.1
Project("{FAE04EC0-301F-11D3-BF4B-00C04F79EFBC}") = "XFAwesomeSliderControl", "XFAwesomeSliderControl\XFAwesomeSliderControl\XFAwesomeSliderControl.csproj", "{0C61136F-9EA8-4F87-B665-7AFEE230691D}"
EndProject
Project("{FAE04EC0-301F-11D3-BF4B-00C04F79EFBC}") = "XFAwesomeSliderControl.Droid", "XFAwesomeSliderControl\XFAwesomeSliderControl.Droid\XFAwesomeSliderControl.Droid.csproj", "{04A22484-8992-42D5-AF17-F2E42C5C3940}"
EndProject
Project("{FAE04EC0-301F-11D3-BF4B-00C04F79EFBC}") = "XFAwesomeSliderControl.iOS", "XFAwesomeSliderControl\XFAwesomeSliderControl.iOS\XFAwesomeSliderControl.iOS.csproj", "{74A3C90C-D15C-47E2-A1B4-10FA1BD037DF}"
EndProject
Global
	GlobalSection(SolutionConfigurationPlatforms) = preSolution
		Ad-Hoc|Any CPU = Ad-Hoc|Any CPU
		Ad-Hoc|ARM = Ad-Hoc|ARM
		Ad-Hoc|iPhone = Ad-Hoc|iPhone
		Ad-Hoc|iPhoneSimulator = Ad-Hoc|iPhoneSimulator
		Ad-Hoc|x64 = Ad-Hoc|x64
		Ad-Hoc|x86 = Ad-Hoc|x86
		AppStore|Any CPU = AppStore|Any CPU
		AppStore|ARM = AppStore|ARM
		AppStore|iPhone = AppStore|iPhone
		AppStore|iPhoneSimulator = AppStore|iPhoneSimulator
		AppStore|x64 = AppStore|x64
		AppStore|x86 = AppStore|x86
		Debug|Any CPU = Debug|Any CPU
		Debug|ARM = Debug|ARM
		Debug|iPhone = Debug|iPhone
		Debug|iPhoneSimulator = Debug|iPhoneSimulator
		Debug|x64 = Debug|x64
		Debug|x86 = Debug|x86
		Release|Any CPU = Release|Any CPU
		Release|ARM = Release|ARM
		Release|iPhone = Release|iPhone
		Release|iPhoneSimulator = Release|iPhoneSimulator
		Release|x64 = Release|x64
		Release|x86 = Release|x86
	EndGlobalSection
	GlobalSection(ProjectConfigurationPlatforms) = postSolution
		{0C61136F-9EA8-4F87-B665-7AFEE230691D}.Ad-Hoc|Any CPU.ActiveCfg = Release|Any CPU
		{0C61136F-9EA8-4F87-B665-7AFEE230691D}.Ad-Hoc|Any CPU.Build.0 = Release|Any CPU
		{0C61136F-9EA8-4F87-B665-7AFEE230691D}.Ad-Hoc|ARM.ActiveCfg = Release|Any CPU
		{0C61136F-9EA8-4F87-B665-7AFEE230691D}.Ad-Hoc|ARM.Build.0 = Release|Any CPU
		{0C61136F-9EA8-4F87-B665-7AFEE230691D}.Ad-Hoc|iPhone.ActiveCfg = Release|Any CPU
		{0C61136F-9EA8-4F87-B665-7AFEE230691D}.Ad-Hoc|iPhone.Build.0 = Release|Any CPU
		{0C61136F-9EA8-4F87-B665-7AFEE230691D}.Ad-Hoc|iPhoneSimulator.ActiveCfg = Release|Any CPU
		{0C61136F-9EA8-4F87-B665-7AFEE230691D}.Ad-Hoc|iPhoneSimulator.Build.0 = Release|Any CPU
		{0C61136F-9EA8-4F87-B665-7AFEE230691D}.Ad-Hoc|x64.ActiveCfg = Release|Any CPU
		{0C61136F-9EA8-4F87-B665-7AFEE230691D}.Ad-Hoc|x64.Build.0 = Release|Any CPU
		{0C61136F-9EA8-4F87-B665-7AFEE230691D}.Ad-Hoc|x86.ActiveCfg = Release|Any CPU
		{0C61136F-9EA8-4F87-B665-7AFEE230691D}.Ad-Hoc|x86.Build.0 = Release|Any CPU
		{0C61136F-9EA8-4F87-B665-7AFEE230691D}.AppStore|Any CPU.ActiveCfg = Release|Any CPU
		{0C61136F-9EA8-4F87-B665-7AFEE230691D}.AppStore|Any CPU.Build.0 = Release|Any CPU
		{0C61136F-9EA8-4F87-B665-7AFEE230691D}.AppStore|ARM.ActiveCfg = Release|Any CPU
		{0C61136F-9EA8-4F87-B665-7AFEE230691D}.AppStore|ARM.Build.0 = Release|Any CPU
		{0C61136F-9EA8-4F87-B665-7AFEE230691D}.AppStore|iPhone.ActiveCfg = Release|Any CPU
		{0C61136F-9EA8-4F87-B665-7AFEE230691D}.AppStore|iPhone.Build.0 = Release|Any CPU
		{0C61136F-9EA8-4F87-B665-7AFEE230691D}.AppStore|iPhoneSimulator.ActiveCfg = Release|Any CPU
		{0C61136F-9EA8-4F87-B665-7AFEE230691D}.AppStore|iPhoneSimulator.Build.0 = Release|Any CPU
		{0C61136F-9EA8-4F87-B665-7AFEE230691D}.AppStore|x64.ActiveCfg = Release|Any CPU
		{0C61136F-9EA8-4F87-B665-7AFEE230691D}.AppStore|x64.Build.0 = Release|Any CPU
		{0C61136F-9EA8-4F87-B665-7AFEE230691D}.AppStore|x86.ActiveCfg = Release|Any CPU
		{0C61136F-9EA8-4F87-B665-7AFEE230691D}.AppStore|x86.Build.0 = Release|Any CPU
		{0C61136F-9EA8-4F87-B665-7AFEE230691D}.Debug|Any CPU.ActiveCfg = Debug|Any CPU
		{0C61136F-9EA8-4F87-B665-7AFEE230691D}.Debug|Any CPU.Build.0 = Debug|Any CPU
		{0C61136F-9EA8-4F87-B665-7AFEE230691D}.Debug|ARM.ActiveCfg = Debug|Any CPU
		{0C61136F-9EA8-4F87-B665-7AFEE230691D}.Debug|ARM.Build.0 = Debug|Any CPU
		{0C61136F-9EA8-4F87-B665-7AFEE230691D}.Debug|iPhone.ActiveCfg = Debug|Any CPU
		{0C61136F-9EA8-4F87-B665-7AFEE230691D}.Debug|iPhone.Build.0 = Debug|Any CPU
		{0C61136F-9EA8-4F87-B665-7AFEE230691D}.Debug|iPhoneSimulator.ActiveCfg = Debug|Any CPU
		{0C61136F-9EA8-4F87-B665-7AFEE230691D}.Debug|iPhoneSimulator.Build.0 = Debug|Any CPU
		{0C61136F-9EA8-4F87-B665-7AFEE230691D}.Debug|x64.ActiveCfg = Debug|Any CPU
		{0C61136F-9EA8-4F87-B665-7AFEE230691D}.Debug|x64.Build.0 = Debug|Any CPU
		{0C61136F-9EA8-4F87-B665-7AFEE230691D}.Debug|x86.ActiveCfg = Debug|Any CPU
		{0C61136F-9EA8-4F87-B665-7AFEE230691D}.Debug|x86.Build.0 = Debug|Any CPU
		{0C61136F-9EA8-4F87-B665-7AFEE230691D}.Release|Any CPU.ActiveCfg = Release|Any CPU
		{0C61136F-9EA8-4F87-B665-7AFEE230691D}.Release|Any CPU.Build.0 = Release|Any CPU
		{0C61136F-9EA8-4F87-B665-7AFEE230691D}.Release|ARM.ActiveCfg = Release|Any CPU
		{0C61136F-9EA8-4F87-B665-7AFEE230691D}.Release|ARM.Build.0 = Release|Any CPU
		{0C61136F-9EA8-4F87-B665-7AFEE230691D}.Release|iPhone.ActiveCfg = Release|Any CPU
		{0C61136F-9EA8-4F87-B665-7AFEE230691D}.Release|iPhone.Build.0 = Release|Any CPU
		{0C61136F-9EA8-4F87-B665-7AFEE230691D}.Release|iPhoneSimulator.ActiveCfg = Release|Any CPU
		{0C61136F-9EA8-4F87-B665-7AFEE230691D}.Release|iPhoneSimulator.Build.0 = Release|Any CPU
		{0C61136F-9EA8-4F87-B665-7AFEE230691D}.Release|x64.ActiveCfg = Release|Any CPU
		{0C61136F-9EA8-4F87-B665-7AFEE230691D}.Release|x64.Build.0 = Release|Any CPU
		{0C61136F-9EA8-4F87-B665-7AFEE230691D}.Release|x86.ActiveCfg = Release|Any CPU
		{0C61136F-9EA8-4F87-B665-7AFEE230691D}.Release|x86.Build.0 = Release|Any CPU
		{04A22484-8992-42D5-AF17-F2E42C5C3940}.Ad-Hoc|Any CPU.ActiveCfg = Release|Any CPU
		{04A22484-8992-42D5-AF17-F2E42C5C3940}.Ad-Hoc|Any CPU.Build.0 = Release|Any CPU
		{04A22484-8992-42D5-AF17-F2E42C5C3940}.Ad-Hoc|Any CPU.Deploy.0 = Release|Any CPU
		{04A22484-8992-42D5-AF17-F2E42C5C3940}.Ad-Hoc|ARM.ActiveCfg = Release|Any CPU
		{04A22484-8992-42D5-AF17-F2E42C5C3940}.Ad-Hoc|ARM.Build.0 = Release|Any CPU
		{04A22484-8992-42D5-AF17-F2E42C5C3940}.Ad-Hoc|ARM.Deploy.0 = Release|Any CPU
		{04A22484-8992-42D5-AF17-F2E42C5C3940}.Ad-Hoc|iPhone.ActiveCfg = Release|Any CPU
		{04A22484-8992-42D5-AF17-F2E42C5C3940}.Ad-Hoc|iPhone.Build.0 = Release|Any CPU
		{04A22484-8992-42D5-AF17-F2E42C5C3940}.Ad-Hoc|iPhone.Deploy.0 = Release|Any CPU
		{04A22484-8992-42D5-AF17-F2E42C5C3940}.Ad-Hoc|iPhoneSimulator.ActiveCfg = Release|Any CPU
		{04A22484-8992-42D5-AF17-F2E42C5C3940}.Ad-Hoc|iPhoneSimulator.Build.0 = Release|Any CPU
		{04A22484-8992-42D5-AF17-F2E42C5C3940}.Ad-Hoc|iPhoneSimulator.Deploy.0 = Release|Any CPU
		{04A22484-8992-42D5-AF17-F2E42C5C3940}.Ad-Hoc|x64.ActiveCfg = Release|Any CPU
		{04A22484-8992-42D5-AF17-F2E42C5C3940}.Ad-Hoc|x64.Build.0 = Release|Any CPU
		{04A22484-8992-42D5-AF17-F2E42C5C3940}.Ad-Hoc|x64.Deploy.0 = Release|Any CPU
		{04A22484-8992-42D5-AF17-F2E42C5C3940}.Ad-Hoc|x86.ActiveCfg = Release|Any CPU
		{04A22484-8992-42D5-AF17-F2E42C5C3940}.Ad-Hoc|x86.Build.0 = Release|Any CPU
		{04A22484-8992-42D5-AF17-F2E42C5C3940}.Ad-Hoc|x86.Deploy.0 = Release|Any CPU
		{04A22484-8992-42D5-AF17-F2E42C5C3940}.AppStore|Any CPU.ActiveCfg = Release|Any CPU
		{04A22484-8992-42D5-AF17-F2E42C5C3940}.AppStore|Any CPU.Build.0 = Release|Any CPU
		{04A22484-8992-42D5-AF17-F2E42C5C3940}.AppStore|Any CPU.Deploy.0 = Release|Any CPU
		{04A22484-8992-42D5-AF17-F2E42C5C3940}.AppStore|ARM.ActiveCfg = Release|Any CPU
		{04A22484-8992-42D5-AF17-F2E42C5C3940}.AppStore|ARM.Build.0 = Release|Any CPU
		{04A22484-8992-42D5-AF17-F2E42C5C3940}.AppStore|ARM.Deploy.0 = Release|Any CPU
		{04A22484-8992-42D5-AF17-F2E42C5C3940}.AppStore|iPhone.ActiveCfg = Release|Any CPU
		{04A22484-8992-42D5-AF17-F2E42C5C3940}.AppStore|iPhone.Build.0 = Release|Any CPU
		{04A22484-8992-42D5-AF17-F2E42C5C3940}.AppStore|iPhone.Deploy.0 = Release|Any CPU
		{04A22484-8992-42D5-AF17-F2E42C5C3940}.AppStore|iPhoneSimulator.ActiveCfg = Release|Any CPU
		{04A22484-8992-42D5-AF17-F2E42C5C3940}.AppStore|iPhoneSimulator.Build.0 = Release|Any CPU
		{04A22484-8992-42D5-AF17-F2E42C5C3940}.AppStore|iPhoneSimulator.Deploy.0 = Release|Any CPU
		{04A22484-8992-42D5-AF17-F2E42C5C3940}.AppStore|x64.ActiveCfg = Release|Any CPU
		{04A22484-8992-42D5-AF17-F2E42C5C3940}.AppStore|x64.Build.0 = Release|Any CPU
		{04A22484-8992-42D5-AF17-F2E42C5C3940}.AppStore|x64.Deploy.0 = Release|Any CPU
		{04A22484-8992-42D5-AF17-F2E42C5C3940}.AppStore|x86.ActiveCfg = Release|Any CPU
		{04A22484-8992-42D5-AF17-F2E42C5C3940}.AppStore|x86.Build.0 = Release|Any CPU
		{04A22484-8992-42D5-AF17-F2E42C5C3940}.AppStore|x86.Deploy.0 = Release|Any CPU
		{04A22484-8992-42D5-AF17-F2E42C5C3940}.Debug|Any CPU.ActiveCfg = Debug|Any CPU
		{04A22484-8992-42D5-AF17-F2E42C5C3940}.Debug|Any CPU.Build.0 = Debug|Any CPU
		{04A22484-8992-42D5-AF17-F2E42C5C3940}.Debug|Any CPU.Deploy.0 = Debug|Any CPU
		{04A22484-8992-42D5-AF17-F2E42C5C3940}.Debug|ARM.ActiveCfg = Debug|Any CPU
		{04A22484-8992-42D5-AF17-F2E42C5C3940}.Debug|ARM.Build.0 = Debug|Any CPU
		{04A22484-8992-42D5-AF17-F2E42C5C3940}.Debug|ARM.Deploy.0 = Debug|Any CPU
		{04A22484-8992-42D5-AF17-F2E42C5C3940}.Debug|iPhone.ActiveCfg = Debug|Any CPU
		{04A22484-8992-42D5-AF17-F2E42C5C3940}.Debug|iPhone.Build.0 = Debug|Any CPU
		{04A22484-8992-42D5-AF17-F2E42C5C3940}.Debug|iPhone.Deploy.0 = Debug|Any CPU
		{04A22484-8992-42D5-AF17-F2E42C5C3940}.Debug|iPhoneSimulator.ActiveCfg = Debug|Any CPU
		{04A22484-8992-42D5-AF17-F2E42C5C3940}.Debug|iPhoneSimulator.Build.0 = Debug|Any CPU
		{04A22484-8992-42D5-AF17-F2E42C5C3940}.Debug|iPhoneSimulator.Deploy.0 = Debug|Any CPU
		{04A22484-8992-42D5-AF17-F2E42C5C3940}.Debug|x64.ActiveCfg = Debug|Any CPU
		{04A22484-8992-42D5-AF17-F2E42C5C3940}.Debug|x64.Build.0 = Debug|Any CPU
		{04A22484-8992-42D5-AF17-F2E42C5C3940}.Debug|x64.Deploy.0 = Debug|Any CPU
		{04A22484-8992-42D5-AF17-F2E42C5C3940}.Debug|x86.ActiveCfg = Debug|Any CPU
		{04A22484-8992-42D5-AF17-F2E42C5C3940}.Debug|x86.Build.0 = Debug|Any CPU
		{04A22484-8992-42D5-AF17-F2E42C5C3940}.Debug|x86.Deploy.0 = Debug|Any CPU
		{04A22484-8992-42D5-AF17-F2E42C5C3940}.Release|Any CPU.ActiveCfg = Release|Any CPU
		{04A22484-8992-42D5-AF17-F2E42C5C3940}.Release|Any CPU.Build.0 = Release|Any CPU
		{04A22484-8992-42D5-AF17-F2E42C5C3940}.Release|Any CPU.Deploy.0 = Release|Any CPU
		{04A22484-8992-42D5-AF17-F2E42C5C3940}.Release|ARM.ActiveCfg = Release|Any CPU
		{04A22484-8992-42D5-AF17-F2E42C5C3940}.Release|ARM.Build.0 = Release|Any CPU
		{04A22484-8992-42D5-AF17-F2E42C5C3940}.Release|ARM.Deploy.0 = Release|Any CPU
		{04A22484-8992-42D5-AF17-F2E42C5C3940}.Release|iPhone.ActiveCfg = Release|Any CPU
		{04A22484-8992-42D5-AF17-F2E42C5C3940}.Release|iPhone.Build.0 = Release|Any CPU
		{04A22484-8992-42D5-AF17-F2E42C5C3940}.Release|iPhone.Deploy.0 = Release|Any CPU
		{04A22484-8992-42D5-AF17-F2E42C5C3940}.Release|iPhoneSimulator.ActiveCfg = Release|Any CPU
		{04A22484-8992-42D5-AF17-F2E42C5C3940}.Release|iPhoneSimulator.Build.0 = Release|Any CPU
		{04A22484-8992-42D5-AF17-F2E42C5C3940}.Release|iPhoneSimulator.Deploy.0 = Release|Any CPU
		{04A22484-8992-42D5-AF17-F2E42C5C3940}.Release|x64.ActiveCfg = Release|Any CPU
		{04A22484-8992-42D5-AF17-F2E42C5C3940}.Release|x64.Build.0 = Release|Any CPU
		{04A22484-8992-42D5-AF17-F2E42C5C3940}.Release|x64.Deploy.0 = Release|Any CPU
		{04A22484-8992-42D5-AF17-F2E42C5C3940}.Release|x86.ActiveCfg = Release|Any CPU
		{04A22484-8992-42D5-AF17-F2E42C5C3940}.Release|x86.Build.0 = Release|Any CPU
		{04A22484-8992-42D5-AF17-F2E42C5C3940}.Release|x86.Deploy.0 = Release|Any CPU
		{74A3C90C-D15C-47E2-A1B4-10FA1BD037DF}.Ad-Hoc|Any CPU.ActiveCfg = Ad-Hoc|iPhone
		{74A3C90C-D15C-47E2-A1B4-10FA1BD037DF}.Ad-Hoc|ARM.ActiveCfg = Ad-Hoc|iPhone
		{74A3C90C-D15C-47E2-A1B4-10FA1BD037DF}.Ad-Hoc|iPhone.ActiveCfg = Ad-Hoc|iPhone
		{74A3C90C-D15C-47E2-A1B4-10FA1BD037DF}.Ad-Hoc|iPhone.Build.0 = Ad-Hoc|iPhone
		{74A3C90C-D15C-47E2-A1B4-10FA1BD037DF}.Ad-Hoc|iPhoneSimulator.ActiveCfg = Ad-Hoc|iPhoneSimulator
		{74A3C90C-D15C-47E2-A1B4-10FA1BD037DF}.Ad-Hoc|iPhoneSimulator.Build.0 = Ad-Hoc|iPhoneSimulator
		{74A3C90C-D15C-47E2-A1B4-10FA1BD037DF}.Ad-Hoc|x64.ActiveCfg = Ad-Hoc|iPhone
		{74A3C90C-D15C-47E2-A1B4-10FA1BD037DF}.Ad-Hoc|x86.ActiveCfg = Ad-Hoc|iPhone
		{74A3C90C-D15C-47E2-A1B4-10FA1BD037DF}.AppStore|Any CPU.ActiveCfg = AppStore|iPhone
		{74A3C90C-D15C-47E2-A1B4-10FA1BD037DF}.AppStore|ARM.ActiveCfg = AppStore|iPhone
		{74A3C90C-D15C-47E2-A1B4-10FA1BD037DF}.AppStore|iPhone.ActiveCfg = AppStore|iPhone
		{74A3C90C-D15C-47E2-A1B4-10FA1BD037DF}.AppStore|iPhone.Build.0 = AppStore|iPhone
		{74A3C90C-D15C-47E2-A1B4-10FA1BD037DF}.AppStore|iPhoneSimulator.ActiveCfg = AppStore|iPhoneSimulator
		{74A3C90C-D15C-47E2-A1B4-10FA1BD037DF}.AppStore|iPhoneSimulator.Build.0 = AppStore|iPhoneSimulator
		{74A3C90C-D15C-47E2-A1B4-10FA1BD037DF}.AppStore|x64.ActiveCfg = AppStore|iPhone
		{74A3C90C-D15C-47E2-A1B4-10FA1BD037DF}.AppStore|x86.ActiveCfg = AppStore|iPhone
		{74A3C90C-D15C-47E2-A1B4-10FA1BD037DF}.Debug|Any CPU.ActiveCfg = Debug|iPhone
		{74A3C90C-D15C-47E2-A1B4-10FA1BD037DF}.Debug|ARM.ActiveCfg = Debug|iPhone
		{74A3C90C-D15C-47E2-A1B4-10FA1BD037DF}.Debug|iPhone.ActiveCfg = Debug|iPhone
		{74A3C90C-D15C-47E2-A1B4-10FA1BD037DF}.Debug|iPhone.Build.0 = Debug|iPhone
		{74A3C90C-D15C-47E2-A1B4-10FA1BD037DF}.Debug|iPhoneSimulator.ActiveCfg = Debug|iPhoneSimulator
		{74A3C90C-D15C-47E2-A1B4-10FA1BD037DF}.Debug|iPhoneSimulator.Build.0 = Debug|iPhoneSimulator
		{74A3C90C-D15C-47E2-A1B4-10FA1BD037DF}.Debug|x64.ActiveCfg = Debug|iPhone
		{74A3C90C-D15C-47E2-A1B4-10FA1BD037DF}.Debug|x86.ActiveCfg = Debug|iPhone
		{74A3C90C-D15C-47E2-A1B4-10FA1BD037DF}.Release|Any CPU.ActiveCfg = Release|iPhone
		{74A3C90C-D15C-47E2-A1B4-10FA1BD037DF}.Release|ARM.ActiveCfg = Release|iPhone
		{74A3C90C-D15C-47E2-A1B4-10FA1BD037DF}.Release|iPhone.ActiveCfg = Release|iPhone
		{74A3C90C-D15C-47E2-A1B4-10FA1BD037DF}.Release|iPhone.Build.0 = Release|iPhone
		{74A3C90C-D15C-47E2-A1B4-10FA1BD037DF}.Release|iPhoneSimulator.ActiveCfg = Release|iPhoneSimulator
		{74A3C90C-D15C-47E2-A1B4-10FA1BD037DF}.Release|iPhoneSimulator.Build.0 = Release|iPhoneSimulator
		{74A3C90C-D15C-47E2-A1B4-10FA1BD037DF}.Release|x64.ActiveCfg = Release|iPhone
		{74A3C90C-D15C-47E2-A1B4-10FA1BD037DF}.Release|x86.ActiveCfg = Release|iPhone
	EndGlobalSection
	GlobalSection(SolutionProperties) = preSolution
		HideSolutionNode = FALSE
	EndGlobalSection
EndGlobal
