
Microsoft Visual Studio Solution File, Format Version 12.00
# Visual Studio 15
VisualStudioVersion = 15.0.28307.271
MinimumVisualStudioVersion = 10.0.40219.1
Project("{FAE04EC0-301F-11D3-BF4B-00C04F79EFBC}") = "XFShellApp.Android", "XFShellApp\XFShellApp.Android\XFShellApp.Android.csproj", "{30306E03-1F0F-43DD-A495-2A4DFEB9019A}"
EndProject
Project("{FAE04EC0-301F-11D3-BF4B-00C04F79EFBC}") = "XFShellApp.iOS", "XFShellApp\XFShellApp.iOS\XFShellApp.iOS.csproj", "{C1538865-414E-44ED-8E32-5EB814761A70}"
EndProject
Project("{FAE04EC0-301F-11D3-BF4B-00C04F79EFBC}") = "XFShellApp.UWP", "XFShellApp\XFShellApp.UWP\XFShellApp.UWP.csproj", "{40FE3ED1-4007-4B21-87D8-4076AAD032EA}"
EndProject
Project("{FAE04EC0-301F-11D3-BF4B-00C04F79EFBC}") = "XFShellApp", "XFShellApp\XFShellApp\XFShellApp.csproj", "{4E7775F6-4CA6-4F92-BED9-1FB449CF2C73}"
EndProject
Global
	GlobalSection(SolutionConfigurationPlatforms) = preSolution
		Ad-Hoc|Any CPU = Ad-Hoc|Any CPU
		Ad-Hoc|ARM = Ad-Hoc|ARM
		Ad-Hoc|iPhone = Ad-Hoc|iPhone
		Ad-Hoc|iPhoneSimulator = Ad-Hoc|iPhoneSimulator
		Ad-Hoc|x64 = Ad-Hoc|x64
		Ad-Hoc|x86 = Ad-Hoc|x86
		AppStore|Any CPU = AppStore|Any CPU
		AppStore|ARM = AppStore|ARM
		AppStore|iPhone = AppStore|iPhone
		AppStore|iPhoneSimulator = AppStore|iPhoneSimulator
		AppStore|x64 = AppStore|x64
		AppStore|x86 = AppStore|x86
		Debug|Any CPU = Debug|Any CPU
		Debug|ARM = Debug|ARM
		Debug|iPhone = Debug|iPhone
		Debug|iPhoneSimulator = Debug|iPhoneSimulator
		Debug|x64 = Debug|x64
		Debug|x86 = Debug|x86
		Release|Any CPU = Release|Any CPU
		Release|ARM = Release|ARM
		Release|iPhone = Release|iPhone
		Release|iPhoneSimulator = Release|iPhoneSimulator
		Release|x64 = Release|x64
		Release|x86 = Release|x86
	EndGlobalSection
	GlobalSection(ProjectConfigurationPlatforms) = postSolution
		{30306E03-1F0F-43DD-A495-2A4DFEB9019A}.Ad-Hoc|Any CPU.ActiveCfg = Release|Any CPU
		{30306E03-1F0F-43DD-A495-2A4DFEB9019A}.Ad-Hoc|Any CPU.Build.0 = Release|Any CPU
		{30306E03-1F0F-43DD-A495-2A4DFEB9019A}.Ad-Hoc|Any CPU.Deploy.0 = Release|Any CPU
		{30306E03-1F0F-43DD-A495-2A4DFEB9019A}.Ad-Hoc|ARM.ActiveCfg = Release|Any CPU
		{30306E03-1F0F-43DD-A495-2A4DFEB9019A}.Ad-Hoc|ARM.Build.0 = Release|Any CPU
		{30306E03-1F0F-43DD-A495-2A4DFEB9019A}.Ad-Hoc|ARM.Deploy.0 = Release|Any CPU
		{30306E03-1F0F-43DD-A495-2A4DFEB9019A}.Ad-Hoc|iPhone.ActiveCfg = Release|Any CPU
		{30306E03-1F0F-43DD-A495-2A4DFEB9019A}.Ad-Hoc|iPhone.Build.0 = Release|Any CPU
		{30306E03-1F0F-43DD-A495-2A4DFEB9019A}.Ad-Hoc|iPhone.Deploy.0 = Release|Any CPU
		{30306E03-1F0F-43DD-A495-2A4DFEB9019A}.Ad-Hoc|iPhoneSimulator.ActiveCfg = Release|Any CPU
		{30306E03-1F0F-43DD-A495-2A4DFEB9019A}.Ad-Hoc|iPhoneSimulator.Build.0 = Release|Any CPU
		{30306E03-1F0F-43DD-A495-2A4DFEB9019A}.Ad-Hoc|iPhoneSimulator.Deploy.0 = Release|Any CPU
		{30306E03-1F0F-43DD-A495-2A4DFEB9019A}.Ad-Hoc|x64.ActiveCfg = Release|Any CPU
		{30306E03-1F0F-43DD-A495-2A4DFEB9019A}.Ad-Hoc|x64.Build.0 = Release|Any CPU
		{30306E03-1F0F-43DD-A495-2A4DFEB9019A}.Ad-Hoc|x64.Deploy.0 = Release|Any CPU
		{30306E03-1F0F-43DD-A495-2A4DFEB9019A}.Ad-Hoc|x86.ActiveCfg = Release|Any CPU
		{30306E03-1F0F-43DD-A495-2A4DFEB9019A}.Ad-Hoc|x86.Build.0 = Release|Any CPU
		{30306E03-1F0F-43DD-A495-2A4DFEB9019A}.Ad-Hoc|x86.Deploy.0 = Release|Any CPU
		{30306E03-1F0F-43DD-A495-2A4DFEB9019A}.AppStore|Any CPU.ActiveCfg = Release|Any CPU
		{30306E03-1F0F-43DD-A495-2A4DFEB9019A}.AppStore|Any CPU.Build.0 = Release|Any CPU
		{30306E03-1F0F-43DD-A495-2A4DFEB9019A}.AppStore|Any CPU.Deploy.0 = Release|Any CPU
		{30306E03-1F0F-43DD-A495-2A4DFEB9019A}.AppStore|ARM.ActiveCfg = Release|Any CPU
		{30306E03-1F0F-43DD-A495-2A4DFEB9019A}.AppStore|ARM.Build.0 = Release|Any CPU
		{30306E03-1F0F-43DD-A495-2A4DFEB9019A}.AppStore|ARM.Deploy.0 = Release|Any CPU
		{30306E03-1F0F-43DD-A495-2A4DFEB9019A}.AppStore|iPhone.ActiveCfg = Release|Any CPU
		{30306E03-1F0F-43DD-A495-2A4DFEB9019A}.AppStore|iPhone.Build.0 = Release|Any CPU
		{30306E03-1F0F-43DD-A495-2A4DFEB9019A}.AppStore|iPhone.Deploy.0 = Release|Any CPU
		{30306E03-1F0F-43DD-A495-2A4DFEB9019A}.AppStore|iPhoneSimulator.ActiveCfg = Release|Any CPU
		{30306E03-1F0F-43DD-A495-2A4DFEB9019A}.AppStore|iPhoneSimulator.Build.0 = Release|Any CPU
		{30306E03-1F0F-43DD-A495-2A4DFEB9019A}.AppStore|iPhoneSimulator.Deploy.0 = Release|Any CPU
		{30306E03-1F0F-43DD-A495-2A4DFEB9019A}.AppStore|x64.ActiveCfg = Release|Any CPU
		{30306E03-1F0F-43DD-A495-2A4DFEB9019A}.AppStore|x64.Build.0 = Release|Any CPU
		{30306E03-1F0F-43DD-A495-2A4DFEB9019A}.AppStore|x64.Deploy.0 = Release|Any CPU
		{30306E03-1F0F-43DD-A495-2A4DFEB9019A}.AppStore|x86.ActiveCfg = Release|Any CPU
		{30306E03-1F0F-43DD-A495-2A4DFEB9019A}.AppStore|x86.Build.0 = Release|Any CPU
		{30306E03-1F0F-43DD-A495-2A4DFEB9019A}.AppStore|x86.Deploy.0 = Release|Any CPU
		{30306E03-1F0F-43DD-A495-2A4DFEB9019A}.Debug|Any CPU.ActiveCfg = Debug|Any CPU
		{30306E03-1F0F-43DD-A495-2A4DFEB9019A}.Debug|Any CPU.Build.0 = Debug|Any CPU
		{30306E03-1F0F-43DD-A495-2A4DFEB9019A}.Debug|Any CPU.Deploy.0 = Debug|Any CPU
		{30306E03-1F0F-43DD-A495-2A4DFEB9019A}.Debug|ARM.ActiveCfg = Debug|Any CPU
		{30306E03-1F0F-43DD-A495-2A4DFEB9019A}.Debug|ARM.Build.0 = Debug|Any CPU
		{30306E03-1F0F-43DD-A495-2A4DFEB9019A}.Debug|ARM.Deploy.0 = Debug|Any CPU
		{30306E03-1F0F-43DD-A495-2A4DFEB9019A}.Debug|iPhone.ActiveCfg = Debug|Any CPU
		{30306E03-1F0F-43DD-A495-2A4DFEB9019A}.Debug|iPhone.Build.0 = Debug|Any CPU
		{30306E03-1F0F-43DD-A495-2A4DFEB9019A}.Debug|iPhone.Deploy.0 = Debug|Any CPU
		{30306E03-1F0F-43DD-A495-2A4DFEB9019A}.Debug|iPhoneSimulator.ActiveCfg = Debug|Any CPU
		{30306E03-1F0F-43DD-A495-2A4DFEB9019A}.Debug|iPhoneSimulator.Build.0 = Debug|Any CPU
		{30306E03-1F0F-43DD-A495-2A4DFEB9019A}.Debug|iPhoneSimulator.Deploy.0 = Debug|Any CPU
		{30306E03-1F0F-43DD-A495-2A4DFEB9019A}.Debug|x64.ActiveCfg = Debug|Any CPU
		{30306E03-1F0F-43DD-A495-2A4DFEB9019A}.Debug|x64.Build.0 = Debug|Any CPU
		{30306E03-1F0F-43DD-A495-2A4DFEB9019A}.Debug|x64.Deploy.0 = Debug|Any CPU
		{30306E03-1F0F-43DD-A495-2A4DFEB9019A}.Debug|x86.ActiveCfg = Debug|Any CPU
		{30306E03-1F0F-43DD-A495-2A4DFEB9019A}.Debug|x86.Build.0 = Debug|Any CPU
		{30306E03-1F0F-43DD-A495-2A4DFEB9019A}.Debug|x86.Deploy.0 = Debug|Any CPU
		{30306E03-1F0F-43DD-A495-2A4DFEB9019A}.Release|Any CPU.ActiveCfg = Release|Any CPU
		{30306E03-1F0F-43DD-A495-2A4DFEB9019A}.Release|Any CPU.Build.0 = Release|Any CPU
		{30306E03-1F0F-43DD-A495-2A4DFEB9019A}.Release|Any CPU.Deploy.0 = Release|Any CPU
		{30306E03-1F0F-43DD-A495-2A4DFEB9019A}.Release|ARM.ActiveCfg = Release|Any CPU
		{30306E03-1F0F-43DD-A495-2A4DFEB9019A}.Release|ARM.Build.0 = Release|Any CPU
		{30306E03-1F0F-43DD-A495-2A4DFEB9019A}.Release|ARM.Deploy.0 = Release|Any CPU
		{30306E03-1F0F-43DD-A495-2A4DFEB9019A}.Release|iPhone.ActiveCfg = Release|Any CPU
		{30306E03-1F0F-43DD-A495-2A4DFEB9019A}.Release|iPhone.Build.0 = Release|Any CPU
		{30306E03-1F0F-43DD-A495-2A4DFEB9019A}.Release|iPhone.Deploy.0 = Release|Any CPU
		{30306E03-1F0F-43DD-A495-2A4DFEB9019A}.Release|iPhoneSimulator.ActiveCfg = Release|Any CPU
		{30306E03-1F0F-43DD-A495-2A4DFEB9019A}.Release|iPhoneSimulator.Build.0 = Release|Any CPU
		{30306E03-1F0F-43DD-A495-2A4DFEB9019A}.Release|iPhoneSimulator.Deploy.0 = Release|Any CPU
		{30306E03-1F0F-43DD-A495-2A4DFEB9019A}.Release|x64.ActiveCfg = Release|Any CPU
		{30306E03-1F0F-43DD-A495-2A4DFEB9019A}.Release|x64.Build.0 = Release|Any CPU
		{30306E03-1F0F-43DD-A495-2A4DFEB9019A}.Release|x64.Deploy.0 = Release|Any CPU
		{30306E03-1F0F-43DD-A495-2A4DFEB9019A}.Release|x86.ActiveCfg = Release|Any CPU
		{30306E03-1F0F-43DD-A495-2A4DFEB9019A}.Release|x86.Build.0 = Release|Any CPU
		{30306E03-1F0F-43DD-A495-2A4DFEB9019A}.Release|x86.Deploy.0 = Release|Any CPU
		{C1538865-414E-44ED-8E32-5EB814761A70}.Ad-Hoc|Any CPU.ActiveCfg = Ad-Hoc|iPhone
		{C1538865-414E-44ED-8E32-5EB814761A70}.Ad-Hoc|Any CPU.Build.0 = Ad-Hoc|iPhone
		{C1538865-414E-44ED-8E32-5EB814761A70}.Ad-Hoc|Any CPU.Deploy.0 = Ad-Hoc|iPhone
		{C1538865-414E-44ED-8E32-5EB814761A70}.Ad-Hoc|ARM.ActiveCfg = Ad-Hoc|iPhone
		{C1538865-414E-44ED-8E32-5EB814761A70}.Ad-Hoc|ARM.Build.0 = Ad-Hoc|iPhone
		{C1538865-414E-44ED-8E32-5EB814761A70}.Ad-Hoc|ARM.Deploy.0 = Ad-Hoc|iPhone
		{C1538865-414E-44ED-8E32-5EB814761A70}.Ad-Hoc|iPhone.ActiveCfg = Ad-Hoc|iPhone
		{C1538865-414E-44ED-8E32-5EB814761A70}.Ad-Hoc|iPhone.Build.0 = Ad-Hoc|iPhone
		{C1538865-414E-44ED-8E32-5EB814761A70}.Ad-Hoc|iPhone.Deploy.0 = Ad-Hoc|iPhone
		{C1538865-414E-44ED-8E32-5EB814761A70}.Ad-Hoc|iPhoneSimulator.ActiveCfg = Ad-Hoc|iPhoneSimulator
		{C1538865-414E-44ED-8E32-5EB814761A70}.Ad-Hoc|iPhoneSimulator.Build.0 = Ad-Hoc|iPhoneSimulator
		{C1538865-414E-44ED-8E32-5EB814761A70}.Ad-Hoc|iPhoneSimulator.Deploy.0 = Ad-Hoc|iPhoneSimulator
		{C1538865-414E-44ED-8E32-5EB814761A70}.Ad-Hoc|x64.ActiveCfg = Ad-Hoc|iPhone
		{C1538865-414E-44ED-8E32-5EB814761A70}.Ad-Hoc|x64.Build.0 = Ad-Hoc|iPhone
		{C1538865-414E-44ED-8E32-5EB814761A70}.Ad-Hoc|x64.Deploy.0 = Ad-Hoc|iPhone
		{C1538865-414E-44ED-8E32-5EB814761A70}.Ad-Hoc|x86.ActiveCfg = Ad-Hoc|iPhone
		{C1538865-414E-44ED-8E32-5EB814761A70}.Ad-Hoc|x86.Build.0 = Ad-Hoc|iPhone
		{C1538865-414E-44ED-8E32-5EB814761A70}.Ad-Hoc|x86.Deploy.0 = Ad-Hoc|iPhone
		{C1538865-414E-44ED-8E32-5EB814761A70}.AppStore|Any CPU.ActiveCfg = AppStore|iPhone
		{C1538865-414E-44ED-8E32-5EB814761A70}.AppStore|Any CPU.Build.0 = AppStore|iPhone
		{C1538865-414E-44ED-8E32-5EB814761A70}.AppStore|Any CPU.Deploy.0 = AppStore|iPhone
		{C1538865-414E-44ED-8E32-5EB814761A70}.AppStore|ARM.ActiveCfg = AppStore|iPhone
		{C1538865-414E-44ED-8E32-5EB814761A70}.AppStore|ARM.Build.0 = AppStore|iPhone
		{C1538865-414E-44ED-8E32-5EB814761A70}.AppStore|ARM.Deploy.0 = AppStore|iPhone
		{C1538865-414E-44ED-8E32-5EB814761A70}.AppStore|iPhone.ActiveCfg = AppStore|iPhone
		{C1538865-414E-44ED-8E32-5EB814761A70}.AppStore|iPhone.Build.0 = AppStore|iPhone
		{C1538865-414E-44ED-8E32-5EB814761A70}.AppStore|iPhone.Deploy.0 = AppStore|iPhone
		{C1538865-414E-44ED-8E32-5EB814761A70}.AppStore|iPhoneSimulator.ActiveCfg = AppStore|iPhoneSimulator
		{C1538865-414E-44ED-8E32-5EB814761A70}.AppStore|iPhoneSimulator.Build.0 = AppStore|iPhoneSimulator
		{C1538865-414E-44ED-8E32-5EB814761A70}.AppStore|iPhoneSimulator.Deploy.0 = AppStore|iPhoneSimulator
		{C1538865-414E-44ED-8E32-5EB814761A70}.AppStore|x64.ActiveCfg = AppStore|iPhone
		{C1538865-414E-44ED-8E32-5EB814761A70}.AppStore|x64.Build.0 = AppStore|iPhone
		{C1538865-414E-44ED-8E32-5EB814761A70}.AppStore|x64.Deploy.0 = AppStore|iPhone
		{C1538865-414E-44ED-8E32-5EB814761A70}.AppStore|x86.ActiveCfg = AppStore|iPhone
		{C1538865-414E-44ED-8E32-5EB814761A70}.AppStore|x86.Build.0 = AppStore|iPhone
		{C1538865-414E-44ED-8E32-5EB814761A70}.AppStore|x86.Deploy.0 = AppStore|iPhone
		{C1538865-414E-44ED-8E32-5EB814761A70}.Debug|Any CPU.ActiveCfg = Debug|iPhoneSimulator
		{C1538865-414E-44ED-8E32-5EB814761A70}.Debug|Any CPU.Build.0 = Debug|iPhoneSimulator
		{C1538865-414E-44ED-8E32-5EB814761A70}.Debug|Any CPU.Deploy.0 = Debug|iPhoneSimulator
		{C1538865-414E-44ED-8E32-5EB814761A70}.Debug|ARM.ActiveCfg = Debug|iPhone
		{C1538865-414E-44ED-8E32-5EB814761A70}.Debug|ARM.Build.0 = Debug|iPhone
		{C1538865-414E-44ED-8E32-5EB814761A70}.Debug|ARM.Deploy.0 = Debug|iPhone
		{C1538865-414E-44ED-8E32-5EB814761A70}.Debug|iPhone.ActiveCfg = Debug|iPhone
		{C1538865-414E-44ED-8E32-5EB814761A70}.Debug|iPhone.Build.0 = Debug|iPhone
		{C1538865-414E-44ED-8E32-5EB814761A70}.Debug|iPhone.Deploy.0 = Debug|iPhone
		{C1538865-414E-44ED-8E32-5EB814761A70}.Debug|iPhoneSimulator.ActiveCfg = Debug|iPhoneSimulator
		{C1538865-414E-44ED-8E32-5EB814761A70}.Debug|iPhoneSimulator.Build.0 = Debug|iPhoneSimulator
		{C1538865-414E-44ED-8E32-5EB814761A70}.Debug|iPhoneSimulator.Deploy.0 = Debug|iPhoneSimulator
		{C1538865-414E-44ED-8E32-5EB814761A70}.Debug|x64.ActiveCfg = Debug|iPhone
		{C1538865-414E-44ED-8E32-5EB814761A70}.Debug|x64.Build.0 = Debug|iPhone
		{C1538865-414E-44ED-8E32-5EB814761A70}.Debug|x64.Deploy.0 = Debug|iPhone
		{C1538865-414E-44ED-8E32-5EB814761A70}.Debug|x86.ActiveCfg = Debug|iPhone
		{C1538865-414E-44ED-8E32-5EB814761A70}.Debug|x86.Build.0 = Debug|iPhone
		{C1538865-414E-44ED-8E32-5EB814761A70}.Debug|x86.Deploy.0 = Debug|iPhone
		{C1538865-414E-44ED-8E32-5EB814761A70}.Release|Any CPU.ActiveCfg = Release|iPhone
		{C1538865-414E-44ED-8E32-5EB814761A70}.Release|Any CPU.Build.0 = Release|iPhone
		{C1538865-414E-44ED-8E32-5EB814761A70}.Release|Any CPU.Deploy.0 = Release|iPhone
		{C1538865-414E-44ED-8E32-5EB814761A70}.Release|ARM.ActiveCfg = Release|iPhone
		{C1538865-414E-44ED-8E32-5EB814761A70}.Release|ARM.Build.0 = Release|iPhone
		{C1538865-414E-44ED-8E32-5EB814761A70}.Release|ARM.Deploy.0 = Release|iPhone
		{C1538865-414E-44ED-8E32-5EB814761A70}.Release|iPhone.ActiveCfg = Release|iPhone
		{C1538865-414E-44ED-8E32-5EB814761A70}.Release|iPhone.Build.0 = Release|iPhone
		{C1538865-414E-44ED-8E32-5EB814761A70}.Release|iPhone.Deploy.0 = Release|iPhone
		{C1538865-414E-44ED-8E32-5EB814761A70}.Release|iPhoneSimulator.ActiveCfg = Release|iPhoneSimulator
		{C1538865-414E-44ED-8E32-5EB814761A70}.Release|iPhoneSimulator.Build.0 = Release|iPhoneSimulator
		{C1538865-414E-44ED-8E32-5EB814761A70}.Release|iPhoneSimulator.Deploy.0 = Release|iPhoneSimulator
		{C1538865-414E-44ED-8E32-5EB814761A70}.Release|x64.ActiveCfg = Release|iPhone
		{C1538865-414E-44ED-8E32-5EB814761A70}.Release|x64.Build.0 = Release|iPhone
		{C1538865-414E-44ED-8E32-5EB814761A70}.Release|x64.Deploy.0 = Release|iPhone
		{C1538865-414E-44ED-8E32-5EB814761A70}.Release|x86.ActiveCfg = Release|iPhone
		{C1538865-414E-44ED-8E32-5EB814761A70}.Release|x86.Build.0 = Release|iPhone
		{C1538865-414E-44ED-8E32-5EB814761A70}.Release|x86.Deploy.0 = Release|iPhone
		{40FE3ED1-4007-4B21-87D8-4076AAD032EA}.Ad-Hoc|Any CPU.ActiveCfg = Release|x86
		{40FE3ED1-4007-4B21-87D8-4076AAD032EA}.Ad-Hoc|Any CPU.Build.0 = Release|x86
		{40FE3ED1-4007-4B21-87D8-4076AAD032EA}.Ad-Hoc|Any CPU.Deploy.0 = Release|x86
		{40FE3ED1-4007-4B21-87D8-4076AAD032EA}.Ad-Hoc|ARM.ActiveCfg = Release|ARM
		{40FE3ED1-4007-4B21-87D8-4076AAD032EA}.Ad-Hoc|ARM.Build.0 = Release|ARM
		{40FE3ED1-4007-4B21-87D8-4076AAD032EA}.Ad-Hoc|ARM.Deploy.0 = Release|ARM
		{40FE3ED1-4007-4B21-87D8-4076AAD032EA}.Ad-Hoc|iPhone.ActiveCfg = Release|x86
		{40FE3ED1-4007-4B21-87D8-4076AAD032EA}.Ad-Hoc|iPhone.Build.0 = Release|x86
		{40FE3ED1-4007-4B21-87D8-4076AAD032EA}.Ad-Hoc|iPhone.Deploy.0 = Release|x86
		{40FE3ED1-4007-4B21-87D8-4076AAD032EA}.Ad-Hoc|iPhoneSimulator.ActiveCfg = Release|x86
		{40FE3ED1-4007-4B21-87D8-4076AAD032EA}.Ad-Hoc|iPhoneSimulator.Build.0 = Release|x86
		{40FE3ED1-4007-4B21-87D8-4076AAD032EA}.Ad-Hoc|iPhoneSimulator.Deploy.0 = Release|x86
		{40FE3ED1-4007-4B21-87D8-4076AAD032EA}.Ad-Hoc|x64.ActiveCfg = Release|x64
		{40FE3ED1-4007-4B21-87D8-4076AAD032EA}.Ad-Hoc|x64.Build.0 = Release|x64
		{40FE3ED1-4007-4B21-87D8-4076AAD032EA}.Ad-Hoc|x64.Deploy.0 = Release|x64
		{40FE3ED1-4007-4B21-87D8-4076AAD032EA}.Ad-Hoc|x86.ActiveCfg = Release|x86
		{40FE3ED1-4007-4B21-87D8-4076AAD032EA}.Ad-Hoc|x86.Build.0 = Release|x86
		{40FE3ED1-4007-4B21-87D8-4076AAD032EA}.Ad-Hoc|x86.Deploy.0 = Release|x86
		{40FE3ED1-4007-4B21-87D8-4076AAD032EA}.AppStore|Any CPU.ActiveCfg = Release|x86
		{40FE3ED1-4007-4B21-87D8-4076AAD032EA}.AppStore|Any CPU.Build.0 = Release|x86
		{40FE3ED1-4007-4B21-87D8-4076AAD032EA}.AppStore|Any CPU.Deploy.0 = Release|x86
		{40FE3ED1-4007-4B21-87D8-4076AAD032EA}.AppStore|ARM.ActiveCfg = Release|ARM
		{40FE3ED1-4007-4B21-87D8-4076AAD032EA}.AppStore|ARM.Build.0 = Release|ARM
		{40FE3ED1-4007-4B21-87D8-4076AAD032EA}.AppStore|ARM.Deploy.0 = Release|ARM
		{40FE3ED1-4007-4B21-87D8-4076AAD032EA}.AppStore|iPhone.ActiveCfg = Release|x86
		{40FE3ED1-4007-4B21-87D8-4076AAD032EA}.AppStore|iPhone.Build.0 = Release|x86
		{40FE3ED1-4007-4B21-87D8-4076AAD032EA}.AppStore|iPhone.Deploy.0 = Release|x86
		{40FE3ED1-4007-4B21-87D8-4076AAD032EA}.AppStore|iPhoneSimulator.ActiveCfg = Release|x86
		{40FE3ED1-4007-4B21-87D8-4076AAD032EA}.AppStore|iPhoneSimulator.Build.0 = Release|x86
		{40FE3ED1-4007-4B21-87D8-4076AAD032EA}.AppStore|iPhoneSimulator.Deploy.0 = Release|x86
		{40FE3ED1-4007-4B21-87D8-4076AAD032EA}.AppStore|x64.ActiveCfg = Release|x64
		{40FE3ED1-4007-4B21-87D8-4076AAD032EA}.AppStore|x64.Build.0 = Release|x64
		{40FE3ED1-4007-4B21-87D8-4076AAD032EA}.AppStore|x64.Deploy.0 = Release|x64
		{40FE3ED1-4007-4B21-87D8-4076AAD032EA}.AppStore|x86.ActiveCfg = Release|x86
		{40FE3ED1-4007-4B21-87D8-4076AAD032EA}.AppStore|x86.Build.0 = Release|x86
		{40FE3ED1-4007-4B21-87D8-4076AAD032EA}.AppStore|x86.Deploy.0 = Release|x86
		{40FE3ED1-4007-4B21-87D8-4076AAD032EA}.Debug|Any CPU.ActiveCfg = Debug|x86
		{40FE3ED1-4007-4B21-87D8-4076AAD032EA}.Debug|Any CPU.Build.0 = Debug|x86
		{40FE3ED1-4007-4B21-87D8-4076AAD032EA}.Debug|Any CPU.Deploy.0 = Debug|x86
		{40FE3ED1-4007-4B21-87D8-4076AAD032EA}.Debug|ARM.ActiveCfg = Debug|ARM
		{40FE3ED1-4007-4B21-87D8-4076AAD032EA}.Debug|ARM.Build.0 = Debug|ARM
		{40FE3ED1-4007-4B21-87D8-4076AAD032EA}.Debug|ARM.Deploy.0 = Debug|ARM
		{40FE3ED1-4007-4B21-87D8-4076AAD032EA}.Debug|iPhone.ActiveCfg = Debug|x86
		{40FE3ED1-4007-4B21-87D8-4076AAD032EA}.Debug|iPhone.Build.0 = Debug|x86
		{40FE3ED1-4007-4B21-87D8-4076AAD032EA}.Debug|iPhone.Deploy.0 = Debug|x86
		{40FE3ED1-4007-4B21-87D8-4076AAD032EA}.Debug|iPhoneSimulator.ActiveCfg = Debug|x86
		{40FE3ED1-4007-4B21-87D8-4076AAD032EA}.Debug|iPhoneSimulator.Build.0 = Debug|x86
		{40FE3ED1-4007-4B21-87D8-4076AAD032EA}.Debug|iPhoneSimulator.Deploy.0 = Debug|x86
		{40FE3ED1-4007-4B21-87D8-4076AAD032EA}.Debug|x64.ActiveCfg = Debug|x64
		{40FE3ED1-4007-4B21-87D8-4076AAD032EA}.Debug|x64.Build.0 = Debug|x64
		{40FE3ED1-4007-4B21-87D8-4076AAD032EA}.Debug|x64.Deploy.0 = Debug|x64
		{40FE3ED1-4007-4B21-87D8-4076AAD032EA}.Debug|x86.ActiveCfg = Debug|x86
		{40FE3ED1-4007-4B21-87D8-4076AAD032EA}.Debug|x86.Build.0 = Debug|x86
		{40FE3ED1-4007-4B21-87D8-4076AAD032EA}.Debug|x86.Deploy.0 = Debug|x86
		{40FE3ED1-4007-4B21-87D8-4076AAD032EA}.Release|Any CPU.ActiveCfg = Release|x86
		{40FE3ED1-4007-4B21-87D8-4076AAD032EA}.Release|Any CPU.Build.0 = Release|x86
		{40FE3ED1-4007-4B21-87D8-4076AAD032EA}.Release|Any CPU.Deploy.0 = Release|x86
		{40FE3ED1-4007-4B21-87D8-4076AAD032EA}.Release|ARM.ActiveCfg = Release|ARM
		{40FE3ED1-4007-4B21-87D8-4076AAD032EA}.Release|ARM.Build.0 = Release|ARM
		{40FE3ED1-4007-4B21-87D8-4076AAD032EA}.Release|ARM.Deploy.0 = Release|ARM
		{40FE3ED1-4007-4B21-87D8-4076AAD032EA}.Release|iPhone.ActiveCfg = Release|x86
		{40FE3ED1-4007-4B21-87D8-4076AAD032EA}.Release|iPhone.Build.0 = Release|x86
		{40FE3ED1-4007-4B21-87D8-4076AAD032EA}.Release|iPhone.Deploy.0 = Release|x86
		{40FE3ED1-4007-4B21-87D8-4076AAD032EA}.Release|iPhoneSimulator.ActiveCfg = Release|x86
		{40FE3ED1-4007-4B21-87D8-4076AAD032EA}.Release|iPhoneSimulator.Build.0 = Release|x86
		{40FE3ED1-4007-4B21-87D8-4076AAD032EA}.Release|iPhoneSimulator.Deploy.0 = Release|x86
		{40FE3ED1-4007-4B21-87D8-4076AAD032EA}.Release|x64.ActiveCfg = Release|x64
		{40FE3ED1-4007-4B21-87D8-4076AAD032EA}.Release|x64.Build.0 = Release|x64
		{40FE3ED1-4007-4B21-87D8-4076AAD032EA}.Release|x64.Deploy.0 = Release|x64
		{40FE3ED1-4007-4B21-87D8-4076AAD032EA}.Release|x86.ActiveCfg = Release|x86
		{40FE3ED1-4007-4B21-87D8-4076AAD032EA}.Release|x86.Build.0 = Release|x86
		{40FE3ED1-4007-4B21-87D8-4076AAD032EA}.Release|x86.Deploy.0 = Release|x86
		{4E7775F6-4CA6-4F92-BED9-1FB449CF2C73}.Ad-Hoc|Any CPU.ActiveCfg = Debug|Any CPU
		{4E7775F6-4CA6-4F92-BED9-1FB449CF2C73}.Ad-Hoc|Any CPU.Build.0 = Debug|Any CPU
		{4E7775F6-4CA6-4F92-BED9-1FB449CF2C73}.Ad-Hoc|Any CPU.Deploy.0 = Debug|Any CPU
		{4E7775F6-4CA6-4F92-BED9-1FB449CF2C73}.Ad-Hoc|ARM.ActiveCfg = Debug|Any CPU
		{4E7775F6-4CA6-4F92-BED9-1FB449CF2C73}.Ad-Hoc|ARM.Build.0 = Debug|Any CPU
		{4E7775F6-4CA6-4F92-BED9-1FB449CF2C73}.Ad-Hoc|ARM.Deploy.0 = Debug|Any CPU
		{4E7775F6-4CA6-4F92-BED9-1FB449CF2C73}.Ad-Hoc|iPhone.ActiveCfg = Debug|Any CPU
		{4E7775F6-4CA6-4F92-BED9-1FB449CF2C73}.Ad-Hoc|iPhone.Build.0 = Debug|Any CPU
		{4E7775F6-4CA6-4F92-BED9-1FB449CF2C73}.Ad-Hoc|iPhone.Deploy.0 = Debug|Any CPU
		{4E7775F6-4CA6-4F92-BED9-1FB449CF2C73}.Ad-Hoc|iPhoneSimulator.ActiveCfg = Debug|Any CPU
		{4E7775F6-4CA6-4F92-BED9-1FB449CF2C73}.Ad-Hoc|iPhoneSimulator.Build.0 = Debug|Any CPU
		{4E7775F6-4CA6-4F92-BED9-1FB449CF2C73}.Ad-Hoc|iPhoneSimulator.Deploy.0 = Debug|Any CPU
		{4E7775F6-4CA6-4F92-BED9-1FB449CF2C73}.Ad-Hoc|x64.ActiveCfg = Debug|Any CPU
		{4E7775F6-4CA6-4F92-BED9-1FB449CF2C73}.Ad-Hoc|x64.Build.0 = Debug|Any CPU
		{4E7775F6-4CA6-4F92-BED9-1FB449CF2C73}.Ad-Hoc|x64.Deploy.0 = Debug|Any CPU
		{4E7775F6-4CA6-4F92-BED9-1FB449CF2C73}.Ad-Hoc|x86.ActiveCfg = Debug|Any CPU
		{4E7775F6-4CA6-4F92-BED9-1FB449CF2C73}.Ad-Hoc|x86.Build.0 = Debug|Any CPU
		{4E7775F6-4CA6-4F92-BED9-1FB449CF2C73}.Ad-Hoc|x86.Deploy.0 = Debug|Any CPU
		{4E7775F6-4CA6-4F92-BED9-1FB449CF2C73}.AppStore|Any CPU.ActiveCfg = Debug|Any CPU
		{4E7775F6-4CA6-4F92-BED9-1FB449CF2C73}.AppStore|Any CPU.Build.0 = Debug|Any CPU
		{4E7775F6-4CA6-4F92-BED9-1FB449CF2C73}.AppStore|Any CPU.Deploy.0 = Debug|Any CPU
		{4E7775F6-4CA6-4F92-BED9-1FB449CF2C73}.AppStore|ARM.ActiveCfg = Debug|Any CPU
		{4E7775F6-4CA6-4F92-BED9-1FB449CF2C73}.AppStore|ARM.Build.0 = Debug|Any CPU
		{4E7775F6-4CA6-4F92-BED9-1FB449CF2C73}.AppStore|ARM.Deploy.0 = Debug|Any CPU
		{4E7775F6-4CA6-4F92-BED9-1FB449CF2C73}.AppStore|iPhone.ActiveCfg = Debug|Any CPU
		{4E7775F6-4CA6-4F92-BED9-1FB449CF2C73}.AppStore|iPhone.Build.0 = Debug|Any CPU
		{4E7775F6-4CA6-4F92-BED9-1FB449CF2C73}.AppStore|iPhone.Deploy.0 = Debug|Any CPU
		{4E7775F6-4CA6-4F92-BED9-1FB449CF2C73}.AppStore|iPhoneSimulator.ActiveCfg = Debug|Any CPU
		{4E7775F6-4CA6-4F92-BED9-1FB449CF2C73}.AppStore|iPhoneSimulator.Build.0 = Debug|Any CPU
		{4E7775F6-4CA6-4F92-BED9-1FB449CF2C73}.AppStore|iPhoneSimulator.Deploy.0 = Debug|Any CPU
		{4E7775F6-4CA6-4F92-BED9-1FB449CF2C73}.AppStore|x64.ActiveCfg = Debug|Any CPU
		{4E7775F6-4CA6-4F92-BED9-1FB449CF2C73}.AppStore|x64.Build.0 = Debug|Any CPU
		{4E7775F6-4CA6-4F92-BED9-1FB449CF2C73}.AppStore|x64.Deploy.0 = Debug|Any CPU
		{4E7775F6-4CA6-4F92-BED9-1FB449CF2C73}.AppStore|x86.ActiveCfg = Debug|Any CPU
		{4E7775F6-4CA6-4F92-BED9-1FB449CF2C73}.AppStore|x86.Build.0 = Debug|Any CPU
		{4E7775F6-4CA6-4F92-BED9-1FB449CF2C73}.AppStore|x86.Deploy.0 = Debug|Any CPU
		{4E7775F6-4CA6-4F92-BED9-1FB449CF2C73}.Debug|Any CPU.ActiveCfg = Debug|Any CPU
		{4E7775F6-4CA6-4F92-BED9-1FB449CF2C73}.Debug|Any CPU.Build.0 = Debug|Any CPU
		{4E7775F6-4CA6-4F92-BED9-1FB449CF2C73}.Debug|Any CPU.Deploy.0 = Debug|Any CPU
		{4E7775F6-4CA6-4F92-BED9-1FB449CF2C73}.Debug|ARM.ActiveCfg = Debug|Any CPU
		{4E7775F6-4CA6-4F92-BED9-1FB449CF2C73}.Debug|ARM.Build.0 = Debug|Any CPU
		{4E7775F6-4CA6-4F92-BED9-1FB449CF2C73}.Debug|ARM.Deploy.0 = Debug|Any CPU
		{4E7775F6-4CA6-4F92-BED9-1FB449CF2C73}.Debug|iPhone.ActiveCfg = Debug|Any CPU
		{4E7775F6-4CA6-4F92-BED9-1FB449CF2C73}.Debug|iPhone.Build.0 = Debug|Any CPU
		{4E7775F6-4CA6-4F92-BED9-1FB449CF2C73}.Debug|iPhone.Deploy.0 = Debug|Any CPU
		{4E7775F6-4CA6-4F92-BED9-1FB449CF2C73}.Debug|iPhoneSimulator.ActiveCfg = Debug|Any CPU
		{4E7775F6-4CA6-4F92-BED9-1FB449CF2C73}.Debug|iPhoneSimulator.Build.0 = Debug|Any CPU
		{4E7775F6-4CA6-4F92-BED9-1FB449CF2C73}.Debug|iPhoneSimulator.Deploy.0 = Debug|Any CPU
		{4E7775F6-4CA6-4F92-BED9-1FB449CF2C73}.Debug|x64.ActiveCfg = Debug|Any CPU
		{4E7775F6-4CA6-4F92-BED9-1FB449CF2C73}.Debug|x64.Build.0 = Debug|Any CPU
		{4E7775F6-4CA6-4F92-BED9-1FB449CF2C73}.Debug|x64.Deploy.0 = Debug|Any CPU
		{4E7775F6-4CA6-4F92-BED9-1FB449CF2C73}.Debug|x86.ActiveCfg = Debug|Any CPU
		{4E7775F6-4CA6-4F92-BED9-1FB449CF2C73}.Debug|x86.Build.0 = Debug|Any CPU
		{4E7775F6-4CA6-4F92-BED9-1FB449CF2C73}.Debug|x86.Deploy.0 = Debug|Any CPU
		{4E7775F6-4CA6-4F92-BED9-1FB449CF2C73}.Release|Any CPU.ActiveCfg = Release|Any CPU
		{4E7775F6-4CA6-4F92-BED9-1FB449CF2C73}.Release|Any CPU.Build.0 = Release|Any CPU
		{4E7775F6-4CA6-4F92-BED9-1FB449CF2C73}.Release|Any CPU.Deploy.0 = Release|Any CPU
		{4E7775F6-4CA6-4F92-BED9-1FB449CF2C73}.Release|ARM.ActiveCfg = Release|Any CPU
		{4E7775F6-4CA6-4F92-BED9-1FB449CF2C73}.Release|ARM.Build.0 = Release|Any CPU
		{4E7775F6-4CA6-4F92-BED9-1FB449CF2C73}.Release|ARM.Deploy.0 = Release|Any CPU
		{4E7775F6-4CA6-4F92-BED9-1FB449CF2C73}.Release|iPhone.ActiveCfg = Release|Any CPU
		{4E7775F6-4CA6-4F92-BED9-1FB449CF2C73}.Release|iPhone.Build.0 = Release|Any CPU
		{4E7775F6-4CA6-4F92-BED9-1FB449CF2C73}.Release|iPhone.Deploy.0 = Release|Any CPU
		{4E7775F6-4CA6-4F92-BED9-1FB449CF2C73}.Release|iPhoneSimulator.ActiveCfg = Release|Any CPU
		{4E7775F6-4CA6-4F92-BED9-1FB449CF2C73}.Release|iPhoneSimulator.Build.0 = Release|Any CPU
		{4E7775F6-4CA6-4F92-BED9-1FB449CF2C73}.Release|iPhoneSimulator.Deploy.0 = Release|Any CPU
		{4E7775F6-4CA6-4F92-BED9-1FB449CF2C73}.Release|x64.ActiveCfg = Release|Any CPU
		{4E7775F6-4CA6-4F92-BED9-1FB449CF2C73}.Release|x64.Build.0 = Release|Any CPU
		{4E7775F6-4CA6-4F92-BED9-1FB449CF2C73}.Release|x64.Deploy.0 = Release|Any CPU
		{4E7775F6-4CA6-4F92-BED9-1FB449CF2C73}.Release|x86.ActiveCfg = Release|Any CPU
		{4E7775F6-4CA6-4F92-BED9-1FB449CF2C73}.Release|x86.Build.0 = Release|Any CPU
		{4E7775F6-4CA6-4F92-BED9-1FB449CF2C73}.Release|x86.Deploy.0 = Release|Any CPU
	EndGlobalSection
	GlobalSection(SolutionProperties) = preSolution
		HideSolutionNode = FALSE
	EndGlobalSection
	GlobalSection(ExtensibilityGlobals) = postSolution
		SolutionGuid = {310D91D2-E602-4CBD-8723-6006D886AB1F}
	EndGlobalSection
EndGlobal
