
Microsoft Visual Studio Solution File, Format Version 12.00
# Visual Studio 15
VisualStudioVersion = 15.0.27428.2015
MinimumVisualStudioVersion = 10.0.40219.1
Project("{FAE04EC0-301F-11D3-BF4B-00C04F79EFBC}") = "XFHacks.Android", "XFHacks\XFHacks.Android\XFHacks.Android.csproj", "{4E3D5F8D-3C8A-45F8-AC60-E5B126066341}"
EndProject
Project("{FAE04EC0-301F-11D3-BF4B-00C04F79EFBC}") = "XFHacks.iOS", "XFHacks\XFHacks.iOS\XFHacks.iOS.csproj", "{8CEA5AC4-00BC-4C0C-9B7D-FFE71EE97CAD}"
EndProject
Project("{FAE04EC0-301F-11D3-BF4B-00C04F79EFBC}") = "XFHacks.UWP", "XFHacks\XFHacks.UWP\XFHacks.UWP.csproj", "{9F4B1192-4960-4A12-867E-F955B7A71B2B}"
EndProject
Project("{9A19103F-16F7-4668-BE54-9A1E7A4F7556}") = "XFHacks", "XFHacks\XFHacks\XFHacks.csproj", "{6D170208-A418-47A0-B130-85C1985CE7DD}"
EndProject
Global
	GlobalSection(SolutionConfigurationPlatforms) = preSolution
		Ad-Hoc|Any CPU = Ad-Hoc|Any CPU
		Ad-Hoc|ARM = Ad-Hoc|ARM
		Ad-Hoc|iPhone = Ad-Hoc|iPhone
		Ad-Hoc|iPhoneSimulator = Ad-Hoc|iPhoneSimulator
		Ad-Hoc|x64 = Ad-Hoc|x64
		Ad-Hoc|x86 = Ad-Hoc|x86
		AppStore|Any CPU = AppStore|Any CPU
		AppStore|ARM = AppStore|ARM
		AppStore|iPhone = AppStore|iPhone
		AppStore|iPhoneSimulator = AppStore|iPhoneSimulator
		AppStore|x64 = AppStore|x64
		AppStore|x86 = AppStore|x86
		Debug|Any CPU = Debug|Any CPU
		Debug|ARM = Debug|ARM
		Debug|iPhone = Debug|iPhone
		Debug|iPhoneSimulator = Debug|iPhoneSimulator
		Debug|x64 = Debug|x64
		Debug|x86 = Debug|x86
		Release|Any CPU = Release|Any CPU
		Release|ARM = Release|ARM
		Release|iPhone = Release|iPhone
		Release|iPhoneSimulator = Release|iPhoneSimulator
		Release|x64 = Release|x64
		Release|x86 = Release|x86
	EndGlobalSection
	GlobalSection(ProjectConfigurationPlatforms) = postSolution
		{4E3D5F8D-3C8A-45F8-AC60-E5B126066341}.Ad-Hoc|Any CPU.ActiveCfg = Release|Any CPU
		{4E3D5F8D-3C8A-45F8-AC60-E5B126066341}.Ad-Hoc|Any CPU.Build.0 = Release|Any CPU
		{4E3D5F8D-3C8A-45F8-AC60-E5B126066341}.Ad-Hoc|Any CPU.Deploy.0 = Release|Any CPU
		{4E3D5F8D-3C8A-45F8-AC60-E5B126066341}.Ad-Hoc|ARM.ActiveCfg = Release|Any CPU
		{4E3D5F8D-3C8A-45F8-AC60-E5B126066341}.Ad-Hoc|ARM.Build.0 = Release|Any CPU
		{4E3D5F8D-3C8A-45F8-AC60-E5B126066341}.Ad-Hoc|ARM.Deploy.0 = Release|Any CPU
		{4E3D5F8D-3C8A-45F8-AC60-E5B126066341}.Ad-Hoc|iPhone.ActiveCfg = Release|Any CPU
		{4E3D5F8D-3C8A-45F8-AC60-E5B126066341}.Ad-Hoc|iPhone.Build.0 = Release|Any CPU
		{4E3D5F8D-3C8A-45F8-AC60-E5B126066341}.Ad-Hoc|iPhone.Deploy.0 = Release|Any CPU
		{4E3D5F8D-3C8A-45F8-AC60-E5B126066341}.Ad-Hoc|iPhoneSimulator.ActiveCfg = Release|Any CPU
		{4E3D5F8D-3C8A-45F8-AC60-E5B126066341}.Ad-Hoc|iPhoneSimulator.Build.0 = Release|Any CPU
		{4E3D5F8D-3C8A-45F8-AC60-E5B126066341}.Ad-Hoc|iPhoneSimulator.Deploy.0 = Release|Any CPU
		{4E3D5F8D-3C8A-45F8-AC60-E5B126066341}.Ad-Hoc|x64.ActiveCfg = Release|Any CPU
		{4E3D5F8D-3C8A-45F8-AC60-E5B126066341}.Ad-Hoc|x64.Build.0 = Release|Any CPU
		{4E3D5F8D-3C8A-45F8-AC60-E5B126066341}.Ad-Hoc|x64.Deploy.0 = Release|Any CPU
		{4E3D5F8D-3C8A-45F8-AC60-E5B126066341}.Ad-Hoc|x86.ActiveCfg = Release|Any CPU
		{4E3D5F8D-3C8A-45F8-AC60-E5B126066341}.Ad-Hoc|x86.Build.0 = Release|Any CPU
		{4E3D5F8D-3C8A-45F8-AC60-E5B126066341}.Ad-Hoc|x86.Deploy.0 = Release|Any CPU
		{4E3D5F8D-3C8A-45F8-AC60-E5B126066341}.AppStore|Any CPU.ActiveCfg = Release|Any CPU
		{4E3D5F8D-3C8A-45F8-AC60-E5B126066341}.AppStore|Any CPU.Build.0 = Release|Any CPU
		{4E3D5F8D-3C8A-45F8-AC60-E5B126066341}.AppStore|Any CPU.Deploy.0 = Release|Any CPU
		{4E3D5F8D-3C8A-45F8-AC60-E5B126066341}.AppStore|ARM.ActiveCfg = Release|Any CPU
		{4E3D5F8D-3C8A-45F8-AC60-E5B126066341}.AppStore|ARM.Build.0 = Release|Any CPU
		{4E3D5F8D-3C8A-45F8-AC60-E5B126066341}.AppStore|ARM.Deploy.0 = Release|Any CPU
		{4E3D5F8D-3C8A-45F8-AC60-E5B126066341}.AppStore|iPhone.ActiveCfg = Release|Any CPU
		{4E3D5F8D-3C8A-45F8-AC60-E5B126066341}.AppStore|iPhone.Build.0 = Release|Any CPU
		{4E3D5F8D-3C8A-45F8-AC60-E5B126066341}.AppStore|iPhone.Deploy.0 = Release|Any CPU
		{4E3D5F8D-3C8A-45F8-AC60-E5B126066341}.AppStore|iPhoneSimulator.ActiveCfg = Release|Any CPU
		{4E3D5F8D-3C8A-45F8-AC60-E5B126066341}.AppStore|iPhoneSimulator.Build.0 = Release|Any CPU
		{4E3D5F8D-3C8A-45F8-AC60-E5B126066341}.AppStore|iPhoneSimulator.Deploy.0 = Release|Any CPU
		{4E3D5F8D-3C8A-45F8-AC60-E5B126066341}.AppStore|x64.ActiveCfg = Release|Any CPU
		{4E3D5F8D-3C8A-45F8-AC60-E5B126066341}.AppStore|x64.Build.0 = Release|Any CPU
		{4E3D5F8D-3C8A-45F8-AC60-E5B126066341}.AppStore|x64.Deploy.0 = Release|Any CPU
		{4E3D5F8D-3C8A-45F8-AC60-E5B126066341}.AppStore|x86.ActiveCfg = Release|Any CPU
		{4E3D5F8D-3C8A-45F8-AC60-E5B126066341}.AppStore|x86.Build.0 = Release|Any CPU
		{4E3D5F8D-3C8A-45F8-AC60-E5B126066341}.AppStore|x86.Deploy.0 = Release|Any CPU
		{4E3D5F8D-3C8A-45F8-AC60-E5B126066341}.Debug|Any CPU.ActiveCfg = Debug|Any CPU
		{4E3D5F8D-3C8A-45F8-AC60-E5B126066341}.Debug|Any CPU.Build.0 = Debug|Any CPU
		{4E3D5F8D-3C8A-45F8-AC60-E5B126066341}.Debug|Any CPU.Deploy.0 = Debug|Any CPU
		{4E3D5F8D-3C8A-45F8-AC60-E5B126066341}.Debug|ARM.ActiveCfg = Debug|Any CPU
		{4E3D5F8D-3C8A-45F8-AC60-E5B126066341}.Debug|ARM.Build.0 = Debug|Any CPU
		{4E3D5F8D-3C8A-45F8-AC60-E5B126066341}.Debug|ARM.Deploy.0 = Debug|Any CPU
		{4E3D5F8D-3C8A-45F8-AC60-E5B126066341}.Debug|iPhone.ActiveCfg = Debug|Any CPU
		{4E3D5F8D-3C8A-45F8-AC60-E5B126066341}.Debug|iPhone.Build.0 = Debug|Any CPU
		{4E3D5F8D-3C8A-45F8-AC60-E5B126066341}.Debug|iPhone.Deploy.0 = Debug|Any CPU
		{4E3D5F8D-3C8A-45F8-AC60-E5B126066341}.Debug|iPhoneSimulator.ActiveCfg = Debug|Any CPU
		{4E3D5F8D-3C8A-45F8-AC60-E5B126066341}.Debug|iPhoneSimulator.Build.0 = Debug|Any CPU
		{4E3D5F8D-3C8A-45F8-AC60-E5B126066341}.Debug|iPhoneSimulator.Deploy.0 = Debug|Any CPU
		{4E3D5F8D-3C8A-45F8-AC60-E5B126066341}.Debug|x64.ActiveCfg = Debug|Any CPU
		{4E3D5F8D-3C8A-45F8-AC60-E5B126066341}.Debug|x64.Build.0 = Debug|Any CPU
		{4E3D5F8D-3C8A-45F8-AC60-E5B126066341}.Debug|x64.Deploy.0 = Debug|Any CPU
		{4E3D5F8D-3C8A-45F8-AC60-E5B126066341}.Debug|x86.ActiveCfg = Debug|Any CPU
		{4E3D5F8D-3C8A-45F8-AC60-E5B126066341}.Debug|x86.Build.0 = Debug|Any CPU
		{4E3D5F8D-3C8A-45F8-AC60-E5B126066341}.Debug|x86.Deploy.0 = Debug|Any CPU
		{4E3D5F8D-3C8A-45F8-AC60-E5B126066341}.Release|Any CPU.ActiveCfg = Release|Any CPU
		{4E3D5F8D-3C8A-45F8-AC60-E5B126066341}.Release|Any CPU.Build.0 = Release|Any CPU
		{4E3D5F8D-3C8A-45F8-AC60-E5B126066341}.Release|Any CPU.Deploy.0 = Release|Any CPU
		{4E3D5F8D-3C8A-45F8-AC60-E5B126066341}.Release|ARM.ActiveCfg = Release|Any CPU
		{4E3D5F8D-3C8A-45F8-AC60-E5B126066341}.Release|ARM.Build.0 = Release|Any CPU
		{4E3D5F8D-3C8A-45F8-AC60-E5B126066341}.Release|ARM.Deploy.0 = Release|Any CPU
		{4E3D5F8D-3C8A-45F8-AC60-E5B126066341}.Release|iPhone.ActiveCfg = Release|Any CPU
		{4E3D5F8D-3C8A-45F8-AC60-E5B126066341}.Release|iPhone.Build.0 = Release|Any CPU
		{4E3D5F8D-3C8A-45F8-AC60-E5B126066341}.Release|iPhone.Deploy.0 = Release|Any CPU
		{4E3D5F8D-3C8A-45F8-AC60-E5B126066341}.Release|iPhoneSimulator.ActiveCfg = Release|Any CPU
		{4E3D5F8D-3C8A-45F8-AC60-E5B126066341}.Release|iPhoneSimulator.Build.0 = Release|Any CPU
		{4E3D5F8D-3C8A-45F8-AC60-E5B126066341}.Release|iPhoneSimulator.Deploy.0 = Release|Any CPU
		{4E3D5F8D-3C8A-45F8-AC60-E5B126066341}.Release|x64.ActiveCfg = Release|Any CPU
		{4E3D5F8D-3C8A-45F8-AC60-E5B126066341}.Release|x64.Build.0 = Release|Any CPU
		{4E3D5F8D-3C8A-45F8-AC60-E5B126066341}.Release|x64.Deploy.0 = Release|Any CPU
		{4E3D5F8D-3C8A-45F8-AC60-E5B126066341}.Release|x86.ActiveCfg = Release|Any CPU
		{4E3D5F8D-3C8A-45F8-AC60-E5B126066341}.Release|x86.Build.0 = Release|Any CPU
		{4E3D5F8D-3C8A-45F8-AC60-E5B126066341}.Release|x86.Deploy.0 = Release|Any CPU
		{8CEA5AC4-00BC-4C0C-9B7D-FFE71EE97CAD}.Ad-Hoc|Any CPU.ActiveCfg = Ad-Hoc|iPhone
		{8CEA5AC4-00BC-4C0C-9B7D-FFE71EE97CAD}.Ad-Hoc|ARM.ActiveCfg = Ad-Hoc|iPhone
		{8CEA5AC4-00BC-4C0C-9B7D-FFE71EE97CAD}.Ad-Hoc|iPhone.ActiveCfg = Ad-Hoc|iPhone
		{8CEA5AC4-00BC-4C0C-9B7D-FFE71EE97CAD}.Ad-Hoc|iPhone.Build.0 = Ad-Hoc|iPhone
		{8CEA5AC4-00BC-4C0C-9B7D-FFE71EE97CAD}.Ad-Hoc|iPhoneSimulator.ActiveCfg = Ad-Hoc|iPhoneSimulator
		{8CEA5AC4-00BC-4C0C-9B7D-FFE71EE97CAD}.Ad-Hoc|iPhoneSimulator.Build.0 = Ad-Hoc|iPhoneSimulator
		{8CEA5AC4-00BC-4C0C-9B7D-FFE71EE97CAD}.Ad-Hoc|x64.ActiveCfg = Ad-Hoc|iPhone
		{8CEA5AC4-00BC-4C0C-9B7D-FFE71EE97CAD}.Ad-Hoc|x86.ActiveCfg = Ad-Hoc|iPhone
		{8CEA5AC4-00BC-4C0C-9B7D-FFE71EE97CAD}.AppStore|Any CPU.ActiveCfg = AppStore|iPhone
		{8CEA5AC4-00BC-4C0C-9B7D-FFE71EE97CAD}.AppStore|ARM.ActiveCfg = AppStore|iPhone
		{8CEA5AC4-00BC-4C0C-9B7D-FFE71EE97CAD}.AppStore|iPhone.ActiveCfg = AppStore|iPhone
		{8CEA5AC4-00BC-4C0C-9B7D-FFE71EE97CAD}.AppStore|iPhone.Build.0 = AppStore|iPhone
		{8CEA5AC4-00BC-4C0C-9B7D-FFE71EE97CAD}.AppStore|iPhoneSimulator.ActiveCfg = AppStore|iPhoneSimulator
		{8CEA5AC4-00BC-4C0C-9B7D-FFE71EE97CAD}.AppStore|iPhoneSimulator.Build.0 = AppStore|iPhoneSimulator
		{8CEA5AC4-00BC-4C0C-9B7D-FFE71EE97CAD}.AppStore|x64.ActiveCfg = AppStore|iPhone
		{8CEA5AC4-00BC-4C0C-9B7D-FFE71EE97CAD}.AppStore|x86.ActiveCfg = AppStore|iPhone
		{8CEA5AC4-00BC-4C0C-9B7D-FFE71EE97CAD}.Debug|Any CPU.ActiveCfg = Debug|iPhone
		{8CEA5AC4-00BC-4C0C-9B7D-FFE71EE97CAD}.Debug|ARM.ActiveCfg = Debug|iPhone
		{8CEA5AC4-00BC-4C0C-9B7D-FFE71EE97CAD}.Debug|iPhone.ActiveCfg = Debug|iPhone
		{8CEA5AC4-00BC-4C0C-9B7D-FFE71EE97CAD}.Debug|iPhone.Build.0 = Debug|iPhone
		{8CEA5AC4-00BC-4C0C-9B7D-FFE71EE97CAD}.Debug|iPhoneSimulator.ActiveCfg = Debug|iPhoneSimulator
		{8CEA5AC4-00BC-4C0C-9B7D-FFE71EE97CAD}.Debug|iPhoneSimulator.Build.0 = Debug|iPhoneSimulator
		{8CEA5AC4-00BC-4C0C-9B7D-FFE71EE97CAD}.Debug|x64.ActiveCfg = Debug|iPhone
		{8CEA5AC4-00BC-4C0C-9B7D-FFE71EE97CAD}.Debug|x86.ActiveCfg = Debug|iPhone
		{8CEA5AC4-00BC-4C0C-9B7D-FFE71EE97CAD}.Release|Any CPU.ActiveCfg = Release|iPhone
		{8CEA5AC4-00BC-4C0C-9B7D-FFE71EE97CAD}.Release|ARM.ActiveCfg = Release|iPhone
		{8CEA5AC4-00BC-4C0C-9B7D-FFE71EE97CAD}.Release|iPhone.ActiveCfg = Release|iPhone
		{8CEA5AC4-00BC-4C0C-9B7D-FFE71EE97CAD}.Release|iPhone.Build.0 = Release|iPhone
		{8CEA5AC4-00BC-4C0C-9B7D-FFE71EE97CAD}.Release|iPhoneSimulator.ActiveCfg = Release|iPhoneSimulator
		{8CEA5AC4-00BC-4C0C-9B7D-FFE71EE97CAD}.Release|iPhoneSimulator.Build.0 = Release|iPhoneSimulator
		{8CEA5AC4-00BC-4C0C-9B7D-FFE71EE97CAD}.Release|x64.ActiveCfg = Release|iPhone
		{8CEA5AC4-00BC-4C0C-9B7D-FFE71EE97CAD}.Release|x86.ActiveCfg = Release|iPhone
		{9F4B1192-4960-4A12-867E-F955B7A71B2B}.Ad-Hoc|Any CPU.ActiveCfg = Release|x86
		{9F4B1192-4960-4A12-867E-F955B7A71B2B}.Ad-Hoc|Any CPU.Build.0 = Release|x86
		{9F4B1192-4960-4A12-867E-F955B7A71B2B}.Ad-Hoc|Any CPU.Deploy.0 = Release|x86
		{9F4B1192-4960-4A12-867E-F955B7A71B2B}.Ad-Hoc|ARM.ActiveCfg = Release|ARM
		{9F4B1192-4960-4A12-867E-F955B7A71B2B}.Ad-Hoc|ARM.Build.0 = Release|ARM
		{9F4B1192-4960-4A12-867E-F955B7A71B2B}.Ad-Hoc|ARM.Deploy.0 = Release|ARM
		{9F4B1192-4960-4A12-867E-F955B7A71B2B}.Ad-Hoc|iPhone.ActiveCfg = Release|x86
		{9F4B1192-4960-4A12-867E-F955B7A71B2B}.Ad-Hoc|iPhone.Build.0 = Release|x86
		{9F4B1192-4960-4A12-867E-F955B7A71B2B}.Ad-Hoc|iPhone.Deploy.0 = Release|x86
		{9F4B1192-4960-4A12-867E-F955B7A71B2B}.Ad-Hoc|iPhoneSimulator.ActiveCfg = Release|x86
		{9F4B1192-4960-4A12-867E-F955B7A71B2B}.Ad-Hoc|iPhoneSimulator.Build.0 = Release|x86
		{9F4B1192-4960-4A12-867E-F955B7A71B2B}.Ad-Hoc|iPhoneSimulator.Deploy.0 = Release|x86
		{9F4B1192-4960-4A12-867E-F955B7A71B2B}.Ad-Hoc|x64.ActiveCfg = Release|x64
		{9F4B1192-4960-4A12-867E-F955B7A71B2B}.Ad-Hoc|x64.Build.0 = Release|x64
		{9F4B1192-4960-4A12-867E-F955B7A71B2B}.Ad-Hoc|x64.Deploy.0 = Release|x64
		{9F4B1192-4960-4A12-867E-F955B7A71B2B}.Ad-Hoc|x86.ActiveCfg = Release|x86
		{9F4B1192-4960-4A12-867E-F955B7A71B2B}.Ad-Hoc|x86.Build.0 = Release|x86
		{9F4B1192-4960-4A12-867E-F955B7A71B2B}.Ad-Hoc|x86.Deploy.0 = Release|x86
		{9F4B1192-4960-4A12-867E-F955B7A71B2B}.AppStore|Any CPU.ActiveCfg = Release|x86
		{9F4B1192-4960-4A12-867E-F955B7A71B2B}.AppStore|Any CPU.Build.0 = Release|x86
		{9F4B1192-4960-4A12-867E-F955B7A71B2B}.AppStore|Any CPU.Deploy.0 = Release|x86
		{9F4B1192-4960-4A12-867E-F955B7A71B2B}.AppStore|ARM.ActiveCfg = Release|ARM
		{9F4B1192-4960-4A12-867E-F955B7A71B2B}.AppStore|ARM.Build.0 = Release|ARM
		{9F4B1192-4960-4A12-867E-F955B7A71B2B}.AppStore|ARM.Deploy.0 = Release|ARM
		{9F4B1192-4960-4A12-867E-F955B7A71B2B}.AppStore|iPhone.ActiveCfg = Release|x86
		{9F4B1192-4960-4A12-867E-F955B7A71B2B}.AppStore|iPhone.Build.0 = Release|x86
		{9F4B1192-4960-4A12-867E-F955B7A71B2B}.AppStore|iPhone.Deploy.0 = Release|x86
		{9F4B1192-4960-4A12-867E-F955B7A71B2B}.AppStore|iPhoneSimulator.ActiveCfg = Release|x86
		{9F4B1192-4960-4A12-867E-F955B7A71B2B}.AppStore|iPhoneSimulator.Build.0 = Release|x86
		{9F4B1192-4960-4A12-867E-F955B7A71B2B}.AppStore|iPhoneSimulator.Deploy.0 = Release|x86
		{9F4B1192-4960-4A12-867E-F955B7A71B2B}.AppStore|x64.ActiveCfg = Release|x64
		{9F4B1192-4960-4A12-867E-F955B7A71B2B}.AppStore|x64.Build.0 = Release|x64
		{9F4B1192-4960-4A12-867E-F955B7A71B2B}.AppStore|x64.Deploy.0 = Release|x64
		{9F4B1192-4960-4A12-867E-F955B7A71B2B}.AppStore|x86.ActiveCfg = Release|x86
		{9F4B1192-4960-4A12-867E-F955B7A71B2B}.AppStore|x86.Build.0 = Release|x86
		{9F4B1192-4960-4A12-867E-F955B7A71B2B}.AppStore|x86.Deploy.0 = Release|x86
		{9F4B1192-4960-4A12-867E-F955B7A71B2B}.Debug|Any CPU.ActiveCfg = Debug|x86
		{9F4B1192-4960-4A12-867E-F955B7A71B2B}.Debug|ARM.ActiveCfg = Debug|ARM
		{9F4B1192-4960-4A12-867E-F955B7A71B2B}.Debug|ARM.Build.0 = Debug|ARM
		{9F4B1192-4960-4A12-867E-F955B7A71B2B}.Debug|ARM.Deploy.0 = Debug|ARM
		{9F4B1192-4960-4A12-867E-F955B7A71B2B}.Debug|iPhone.ActiveCfg = Debug|x86
		{9F4B1192-4960-4A12-867E-F955B7A71B2B}.Debug|iPhoneSimulator.ActiveCfg = Debug|x86
		{9F4B1192-4960-4A12-867E-F955B7A71B2B}.Debug|x64.ActiveCfg = Debug|x64
		{9F4B1192-4960-4A12-867E-F955B7A71B2B}.Debug|x64.Build.0 = Debug|x64
		{9F4B1192-4960-4A12-867E-F955B7A71B2B}.Debug|x64.Deploy.0 = Debug|x64
		{9F4B1192-4960-4A12-867E-F955B7A71B2B}.Debug|x86.ActiveCfg = Debug|x86
		{9F4B1192-4960-4A12-867E-F955B7A71B2B}.Debug|x86.Build.0 = Debug|x86
		{9F4B1192-4960-4A12-867E-F955B7A71B2B}.Debug|x86.Deploy.0 = Debug|x86
		{9F4B1192-4960-4A12-867E-F955B7A71B2B}.Release|Any CPU.ActiveCfg = Release|x86
		{9F4B1192-4960-4A12-867E-F955B7A71B2B}.Release|ARM.ActiveCfg = Release|ARM
		{9F4B1192-4960-4A12-867E-F955B7A71B2B}.Release|ARM.Build.0 = Release|ARM
		{9F4B1192-4960-4A12-867E-F955B7A71B2B}.Release|ARM.Deploy.0 = Release|ARM
		{9F4B1192-4960-4A12-867E-F955B7A71B2B}.Release|iPhone.ActiveCfg = Release|x86
		{9F4B1192-4960-4A12-867E-F955B7A71B2B}.Release|iPhoneSimulator.ActiveCfg = Release|x86
		{9F4B1192-4960-4A12-867E-F955B7A71B2B}.Release|x64.ActiveCfg = Release|x64
		{9F4B1192-4960-4A12-867E-F955B7A71B2B}.Release|x64.Build.0 = Release|x64
		{9F4B1192-4960-4A12-867E-F955B7A71B2B}.Release|x64.Deploy.0 = Release|x64
		{9F4B1192-4960-4A12-867E-F955B7A71B2B}.Release|x86.ActiveCfg = Release|x86
		{9F4B1192-4960-4A12-867E-F955B7A71B2B}.Release|x86.Build.0 = Release|x86
		{9F4B1192-4960-4A12-867E-F955B7A71B2B}.Release|x86.Deploy.0 = Release|x86
		{6D170208-A418-47A0-B130-85C1985CE7DD}.Ad-Hoc|Any CPU.ActiveCfg = Debug|Any CPU
		{6D170208-A418-47A0-B130-85C1985CE7DD}.Ad-Hoc|Any CPU.Build.0 = Debug|Any CPU
		{6D170208-A418-47A0-B130-85C1985CE7DD}.Ad-Hoc|ARM.ActiveCfg = Debug|Any CPU
		{6D170208-A418-47A0-B130-85C1985CE7DD}.Ad-Hoc|ARM.Build.0 = Debug|Any CPU
		{6D170208-A418-47A0-B130-85C1985CE7DD}.Ad-Hoc|iPhone.ActiveCfg = Debug|Any CPU
		{6D170208-A418-47A0-B130-85C1985CE7DD}.Ad-Hoc|iPhone.Build.0 = Debug|Any CPU
		{6D170208-A418-47A0-B130-85C1985CE7DD}.Ad-Hoc|iPhoneSimulator.ActiveCfg = Debug|Any CPU
		{6D170208-A418-47A0-B130-85C1985CE7DD}.Ad-Hoc|iPhoneSimulator.Build.0 = Debug|Any CPU
		{6D170208-A418-47A0-B130-85C1985CE7DD}.Ad-Hoc|x64.ActiveCfg = Debug|Any CPU
		{6D170208-A418-47A0-B130-85C1985CE7DD}.Ad-Hoc|x64.Build.0 = Debug|Any CPU
		{6D170208-A418-47A0-B130-85C1985CE7DD}.Ad-Hoc|x86.ActiveCfg = Debug|Any CPU
		{6D170208-A418-47A0-B130-85C1985CE7DD}.Ad-Hoc|x86.Build.0 = Debug|Any CPU
		{6D170208-A418-47A0-B130-85C1985CE7DD}.AppStore|Any CPU.ActiveCfg = Debug|Any CPU
		{6D170208-A418-47A0-B130-85C1985CE7DD}.AppStore|Any CPU.Build.0 = Debug|Any CPU
		{6D170208-A418-47A0-B130-85C1985CE7DD}.AppStore|ARM.ActiveCfg = Debug|Any CPU
		{6D170208-A418-47A0-B130-85C1985CE7DD}.AppStore|ARM.Build.0 = Debug|Any CPU
		{6D170208-A418-47A0-B130-85C1985CE7DD}.AppStore|iPhone.ActiveCfg = Debug|Any CPU
		{6D170208-A418-47A0-B130-85C1985CE7DD}.AppStore|iPhone.Build.0 = Debug|Any CPU
		{6D170208-A418-47A0-B130-85C1985CE7DD}.AppStore|iPhoneSimulator.ActiveCfg = Debug|Any CPU
		{6D170208-A418-47A0-B130-85C1985CE7DD}.AppStore|iPhoneSimulator.Build.0 = Debug|Any CPU
		{6D170208-A418-47A0-B130-85C1985CE7DD}.AppStore|x64.ActiveCfg = Debug|Any CPU
		{6D170208-A418-47A0-B130-85C1985CE7DD}.AppStore|x64.Build.0 = Debug|Any CPU
		{6D170208-A418-47A0-B130-85C1985CE7DD}.AppStore|x86.ActiveCfg = Debug|Any CPU
		{6D170208-A418-47A0-B130-85C1985CE7DD}.AppStore|x86.Build.0 = Debug|Any CPU
		{6D170208-A418-47A0-B130-85C1985CE7DD}.Debug|Any CPU.ActiveCfg = Debug|Any CPU
		{6D170208-A418-47A0-B130-85C1985CE7DD}.Debug|Any CPU.Build.0 = Debug|Any CPU
		{6D170208-A418-47A0-B130-85C1985CE7DD}.Debug|ARM.ActiveCfg = Debug|Any CPU
		{6D170208-A418-47A0-B130-85C1985CE7DD}.Debug|ARM.Build.0 = Debug|Any CPU
		{6D170208-A418-47A0-B130-85C1985CE7DD}.Debug|iPhone.ActiveCfg = Debug|Any CPU
		{6D170208-A418-47A0-B130-85C1985CE7DD}.Debug|iPhone.Build.0 = Debug|Any CPU
		{6D170208-A418-47A0-B130-85C1985CE7DD}.Debug|iPhoneSimulator.ActiveCfg = Debug|Any CPU
		{6D170208-A418-47A0-B130-85C1985CE7DD}.Debug|iPhoneSimulator.Build.0 = Debug|Any CPU
		{6D170208-A418-47A0-B130-85C1985CE7DD}.Debug|x64.ActiveCfg = Debug|Any CPU
		{6D170208-A418-47A0-B130-85C1985CE7DD}.Debug|x64.Build.0 = Debug|Any CPU
		{6D170208-A418-47A0-B130-85C1985CE7DD}.Debug|x86.ActiveCfg = Debug|Any CPU
		{6D170208-A418-47A0-B130-85C1985CE7DD}.Debug|x86.Build.0 = Debug|Any CPU
		{6D170208-A418-47A0-B130-85C1985CE7DD}.Release|Any CPU.ActiveCfg = Release|Any CPU
		{6D170208-A418-47A0-B130-85C1985CE7DD}.Release|Any CPU.Build.0 = Release|Any CPU
		{6D170208-A418-47A0-B130-85C1985CE7DD}.Release|ARM.ActiveCfg = Release|Any CPU
		{6D170208-A418-47A0-B130-85C1985CE7DD}.Release|ARM.Build.0 = Release|Any CPU
		{6D170208-A418-47A0-B130-85C1985CE7DD}.Release|iPhone.ActiveCfg = Release|Any CPU
		{6D170208-A418-47A0-B130-85C1985CE7DD}.Release|iPhone.Build.0 = Release|Any CPU
		{6D170208-A418-47A0-B130-85C1985CE7DD}.Release|iPhoneSimulator.ActiveCfg = Release|Any CPU
		{6D170208-A418-47A0-B130-85C1985CE7DD}.Release|iPhoneSimulator.Build.0 = Release|Any CPU
		{6D170208-A418-47A0-B130-85C1985CE7DD}.Release|x64.ActiveCfg = Release|Any CPU
		{6D170208-A418-47A0-B130-85C1985CE7DD}.Release|x64.Build.0 = Release|Any CPU
		{6D170208-A418-47A0-B130-85C1985CE7DD}.Release|x86.ActiveCfg = Release|Any CPU
		{6D170208-A418-47A0-B130-85C1985CE7DD}.Release|x86.Build.0 = Release|Any CPU
	EndGlobalSection
	GlobalSection(SolutionProperties) = preSolution
		HideSolutionNode = FALSE
	EndGlobalSection
	GlobalSection(ExtensibilityGlobals) = postSolution
		SolutionGuid = {E10CBF0C-28C4-4D31-B95E-67B98AFFD0C0}
	EndGlobalSection
EndGlobal
