
Microsoft Visual Studio Solution File, Format Version 12.00
# Visual Studio 14
VisualStudioVersion = 14.0.25123.0
MinimumVisualStudioVersion = 10.0.40219.1
Project("{FAE04EC0-301F-11D3-BF4B-00C04F79EFBC}") = "XFBehaviorsTryout.Droid", "XFBehaviorsTryout\XFBehaviorsTryout.Droid\XFBehaviorsTryout.Droid.csproj", "{C0093CFD-04CB-472A-B344-5E10280D48FC}"
EndProject
Project("{FAE04EC0-301F-11D3-BF4B-00C04F79EFBC}") = "XFBehaviorsTryout.iOS", "XFBehaviorsTryout\XFBehaviorsTryout.iOS\XFBehaviorsTryout.iOS.csproj", "{CA2F7EA8-606D-41A5-8C7C-7BDE7C9D3690}"
EndProject
Project("{FAE04EC0-301F-11D3-BF4B-00C04F79EFBC}") = "XFBehaviorsTryout", "XFBehaviorsTryout\XFBehaviorsTryout\XFBehaviorsTryout.csproj", "{862A1E1B-3A49-4BA6-91E5-76FB19C4FCA8}"
EndProject
Global
	GlobalSection(SolutionConfigurationPlatforms) = preSolution
		Ad-Hoc|Any CPU = Ad-Hoc|Any CPU
		Ad-Hoc|iPhone = Ad-Hoc|iPhone
		Ad-Hoc|iPhoneSimulator = Ad-Hoc|iPhoneSimulator
		AppStore|Any CPU = AppStore|Any CPU
		AppStore|iPhone = AppStore|iPhone
		AppStore|iPhoneSimulator = AppStore|iPhoneSimulator
		Debug|Any CPU = Debug|Any CPU
		Debug|iPhone = Debug|iPhone
		Debug|iPhoneSimulator = Debug|iPhoneSimulator
		Release|Any CPU = Release|Any CPU
		Release|iPhone = Release|iPhone
		Release|iPhoneSimulator = Release|iPhoneSimulator
	EndGlobalSection
	GlobalSection(ProjectConfigurationPlatforms) = postSolution
		{C0093CFD-04CB-472A-B344-5E10280D48FC}.Ad-Hoc|Any CPU.ActiveCfg = Release|Any CPU
		{C0093CFD-04CB-472A-B344-5E10280D48FC}.Ad-Hoc|Any CPU.Build.0 = Release|Any CPU
		{C0093CFD-04CB-472A-B344-5E10280D48FC}.Ad-Hoc|Any CPU.Deploy.0 = Release|Any CPU
		{C0093CFD-04CB-472A-B344-5E10280D48FC}.Ad-Hoc|iPhone.ActiveCfg = Release|Any CPU
		{C0093CFD-04CB-472A-B344-5E10280D48FC}.Ad-Hoc|iPhone.Build.0 = Release|Any CPU
		{C0093CFD-04CB-472A-B344-5E10280D48FC}.Ad-Hoc|iPhone.Deploy.0 = Release|Any CPU
		{C0093CFD-04CB-472A-B344-5E10280D48FC}.Ad-Hoc|iPhoneSimulator.ActiveCfg = Release|Any CPU
		{C0093CFD-04CB-472A-B344-5E10280D48FC}.Ad-Hoc|iPhoneSimulator.Build.0 = Release|Any CPU
		{C0093CFD-04CB-472A-B344-5E10280D48FC}.Ad-Hoc|iPhoneSimulator.Deploy.0 = Release|Any CPU
		{C0093CFD-04CB-472A-B344-5E10280D48FC}.AppStore|Any CPU.ActiveCfg = Release|Any CPU
		{C0093CFD-04CB-472A-B344-5E10280D48FC}.AppStore|Any CPU.Build.0 = Release|Any CPU
		{C0093CFD-04CB-472A-B344-5E10280D48FC}.AppStore|Any CPU.Deploy.0 = Release|Any CPU
		{C0093CFD-04CB-472A-B344-5E10280D48FC}.AppStore|iPhone.ActiveCfg = Release|Any CPU
		{C0093CFD-04CB-472A-B344-5E10280D48FC}.AppStore|iPhone.Build.0 = Release|Any CPU
		{C0093CFD-04CB-472A-B344-5E10280D48FC}.AppStore|iPhone.Deploy.0 = Release|Any CPU
		{C0093CFD-04CB-472A-B344-5E10280D48FC}.AppStore|iPhoneSimulator.ActiveCfg = Release|Any CPU
		{C0093CFD-04CB-472A-B344-5E10280D48FC}.AppStore|iPhoneSimulator.Build.0 = Release|Any CPU
		{C0093CFD-04CB-472A-B344-5E10280D48FC}.AppStore|iPhoneSimulator.Deploy.0 = Release|Any CPU
		{C0093CFD-04CB-472A-B344-5E10280D48FC}.Debug|Any CPU.ActiveCfg = Debug|Any CPU
		{C0093CFD-04CB-472A-B344-5E10280D48FC}.Debug|Any CPU.Build.0 = Debug|Any CPU
		{C0093CFD-04CB-472A-B344-5E10280D48FC}.Debug|Any CPU.Deploy.0 = Debug|Any CPU
		{C0093CFD-04CB-472A-B344-5E10280D48FC}.Debug|iPhone.ActiveCfg = Debug|Any CPU
		{C0093CFD-04CB-472A-B344-5E10280D48FC}.Debug|iPhone.Build.0 = Debug|Any CPU
		{C0093CFD-04CB-472A-B344-5E10280D48FC}.Debug|iPhone.Deploy.0 = Debug|Any CPU
		{C0093CFD-04CB-472A-B344-5E10280D48FC}.Debug|iPhoneSimulator.ActiveCfg = Debug|Any CPU
		{C0093CFD-04CB-472A-B344-5E10280D48FC}.Debug|iPhoneSimulator.Build.0 = Debug|Any CPU
		{C0093CFD-04CB-472A-B344-5E10280D48FC}.Debug|iPhoneSimulator.Deploy.0 = Debug|Any CPU
		{C0093CFD-04CB-472A-B344-5E10280D48FC}.Release|Any CPU.ActiveCfg = Release|Any CPU
		{C0093CFD-04CB-472A-B344-5E10280D48FC}.Release|Any CPU.Build.0 = Release|Any CPU
		{C0093CFD-04CB-472A-B344-5E10280D48FC}.Release|Any CPU.Deploy.0 = Release|Any CPU
		{C0093CFD-04CB-472A-B344-5E10280D48FC}.Release|iPhone.ActiveCfg = Release|Any CPU
		{C0093CFD-04CB-472A-B344-5E10280D48FC}.Release|iPhone.Build.0 = Release|Any CPU
		{C0093CFD-04CB-472A-B344-5E10280D48FC}.Release|iPhone.Deploy.0 = Release|Any CPU
		{C0093CFD-04CB-472A-B344-5E10280D48FC}.Release|iPhoneSimulator.ActiveCfg = Release|Any CPU
		{C0093CFD-04CB-472A-B344-5E10280D48FC}.Release|iPhoneSimulator.Build.0 = Release|Any CPU
		{C0093CFD-04CB-472A-B344-5E10280D48FC}.Release|iPhoneSimulator.Deploy.0 = Release|Any CPU
		{CA2F7EA8-606D-41A5-8C7C-7BDE7C9D3690}.Ad-Hoc|Any CPU.ActiveCfg = Ad-Hoc|iPhone
		{CA2F7EA8-606D-41A5-8C7C-7BDE7C9D3690}.Ad-Hoc|iPhone.ActiveCfg = Ad-Hoc|iPhone
		{CA2F7EA8-606D-41A5-8C7C-7BDE7C9D3690}.Ad-Hoc|iPhone.Build.0 = Ad-Hoc|iPhone
		{CA2F7EA8-606D-41A5-8C7C-7BDE7C9D3690}.Ad-Hoc|iPhoneSimulator.ActiveCfg = Ad-Hoc|iPhoneSimulator
		{CA2F7EA8-606D-41A5-8C7C-7BDE7C9D3690}.Ad-Hoc|iPhoneSimulator.Build.0 = Ad-Hoc|iPhoneSimulator
		{CA2F7EA8-606D-41A5-8C7C-7BDE7C9D3690}.AppStore|Any CPU.ActiveCfg = AppStore|iPhone
		{CA2F7EA8-606D-41A5-8C7C-7BDE7C9D3690}.AppStore|iPhone.ActiveCfg = AppStore|iPhone
		{CA2F7EA8-606D-41A5-8C7C-7BDE7C9D3690}.AppStore|iPhone.Build.0 = AppStore|iPhone
		{CA2F7EA8-606D-41A5-8C7C-7BDE7C9D3690}.AppStore|iPhoneSimulator.ActiveCfg = AppStore|iPhoneSimulator
		{CA2F7EA8-606D-41A5-8C7C-7BDE7C9D3690}.AppStore|iPhoneSimulator.Build.0 = AppStore|iPhoneSimulator
		{CA2F7EA8-606D-41A5-8C7C-7BDE7C9D3690}.Debug|Any CPU.ActiveCfg = Debug|iPhone
		{CA2F7EA8-606D-41A5-8C7C-7BDE7C9D3690}.Debug|iPhone.ActiveCfg = Debug|iPhone
		{CA2F7EA8-606D-41A5-8C7C-7BDE7C9D3690}.Debug|iPhone.Build.0 = Debug|iPhone
		{CA2F7EA8-606D-41A5-8C7C-7BDE7C9D3690}.Debug|iPhoneSimulator.ActiveCfg = Debug|iPhoneSimulator
		{CA2F7EA8-606D-41A5-8C7C-7BDE7C9D3690}.Debug|iPhoneSimulator.Build.0 = Debug|iPhoneSimulator
		{CA2F7EA8-606D-41A5-8C7C-7BDE7C9D3690}.Release|Any CPU.ActiveCfg = Release|iPhone
		{CA2F7EA8-606D-41A5-8C7C-7BDE7C9D3690}.Release|iPhone.ActiveCfg = Release|iPhone
		{CA2F7EA8-606D-41A5-8C7C-7BDE7C9D3690}.Release|iPhone.Build.0 = Release|iPhone
		{CA2F7EA8-606D-41A5-8C7C-7BDE7C9D3690}.Release|iPhoneSimulator.ActiveCfg = Release|iPhoneSimulator
		{CA2F7EA8-606D-41A5-8C7C-7BDE7C9D3690}.Release|iPhoneSimulator.Build.0 = Release|iPhoneSimulator
		{862A1E1B-3A49-4BA6-91E5-76FB19C4FCA8}.Ad-Hoc|Any CPU.ActiveCfg = Release|Any CPU
		{862A1E1B-3A49-4BA6-91E5-76FB19C4FCA8}.Ad-Hoc|Any CPU.Build.0 = Release|Any CPU
		{862A1E1B-3A49-4BA6-91E5-76FB19C4FCA8}.Ad-Hoc|iPhone.ActiveCfg = Release|Any CPU
		{862A1E1B-3A49-4BA6-91E5-76FB19C4FCA8}.Ad-Hoc|iPhone.Build.0 = Release|Any CPU
		{862A1E1B-3A49-4BA6-91E5-76FB19C4FCA8}.Ad-Hoc|iPhoneSimulator.ActiveCfg = Release|Any CPU
		{862A1E1B-3A49-4BA6-91E5-76FB19C4FCA8}.Ad-Hoc|iPhoneSimulator.Build.0 = Release|Any CPU
		{862A1E1B-3A49-4BA6-91E5-76FB19C4FCA8}.AppStore|Any CPU.ActiveCfg = Release|Any CPU
		{862A1E1B-3A49-4BA6-91E5-76FB19C4FCA8}.AppStore|Any CPU.Build.0 = Release|Any CPU
		{862A1E1B-3A49-4BA6-91E5-76FB19C4FCA8}.AppStore|iPhone.ActiveCfg = Release|Any CPU
		{862A1E1B-3A49-4BA6-91E5-76FB19C4FCA8}.AppStore|iPhone.Build.0 = Release|Any CPU
		{862A1E1B-3A49-4BA6-91E5-76FB19C4FCA8}.AppStore|iPhoneSimulator.ActiveCfg = Release|Any CPU
		{862A1E1B-3A49-4BA6-91E5-76FB19C4FCA8}.AppStore|iPhoneSimulator.Build.0 = Release|Any CPU
		{862A1E1B-3A49-4BA6-91E5-76FB19C4FCA8}.Debug|Any CPU.ActiveCfg = Debug|Any CPU
		{862A1E1B-3A49-4BA6-91E5-76FB19C4FCA8}.Debug|Any CPU.Build.0 = Debug|Any CPU
		{862A1E1B-3A49-4BA6-91E5-76FB19C4FCA8}.Debug|iPhone.ActiveCfg = Debug|Any CPU
		{862A1E1B-3A49-4BA6-91E5-76FB19C4FCA8}.Debug|iPhone.Build.0 = Debug|Any CPU
		{862A1E1B-3A49-4BA6-91E5-76FB19C4FCA8}.Debug|iPhoneSimulator.ActiveCfg = Debug|Any CPU
		{862A1E1B-3A49-4BA6-91E5-76FB19C4FCA8}.Debug|iPhoneSimulator.Build.0 = Debug|Any CPU
		{862A1E1B-3A49-4BA6-91E5-76FB19C4FCA8}.Release|Any CPU.ActiveCfg = Release|Any CPU
		{862A1E1B-3A49-4BA6-91E5-76FB19C4FCA8}.Release|Any CPU.Build.0 = Release|Any CPU
		{862A1E1B-3A49-4BA6-91E5-76FB19C4FCA8}.Release|iPhone.ActiveCfg = Release|Any CPU
		{862A1E1B-3A49-4BA6-91E5-76FB19C4FCA8}.Release|iPhone.Build.0 = Release|Any CPU
		{862A1E1B-3A49-4BA6-91E5-76FB19C4FCA8}.Release|iPhoneSimulator.ActiveCfg = Release|Any CPU
		{862A1E1B-3A49-4BA6-91E5-76FB19C4FCA8}.Release|iPhoneSimulator.Build.0 = Release|Any CPU
	EndGlobalSection
	GlobalSection(SolutionProperties) = preSolution
		HideSolutionNode = FALSE
	EndGlobalSection
EndGlobal
