
Microsoft Visual Studio Solution File, Format Version 12.00
# Visual Studio Version 16
VisualStudioVersion = 16.0.29709.97
MinimumVisualStudioVersion = 10.0.40219.1
Project("{FAE04EC0-301F-11D3-BF4B-00C04F79EFBC}") = "XFMediaPluginDemo.UWP", "XFMediaPluginDemo.UWP\XFMediaPluginDemo.UWP.csproj", "{1429D1E2-9DBD-45FB-8FAC-832AA6CCBF54}"
EndProject
Project("{FAE04EC0-301F-11D3-BF4B-00C04F79EFBC}") = "XFMediaPluginDemo.Android", "XFMediaPluginDemo.Android\XFMediaPluginDemo.Android.csproj", "{93B63296-FE7C-4A4E-ACFF-C773C6B66FDC}"
EndProject
Project("{FAE04EC0-301F-11D3-BF4B-00C04F79EFBC}") = "XFMediaPluginDemo.iOS", "XFMediaPluginDemo.iOS\XFMediaPluginDemo.iOS.csproj", "{1675BFB2-0AA6-41F2-92CD-FA0753E6FFFF}"
EndProject
Project("{FAE04EC0-301F-11D3-BF4B-00C04F79EFBC}") = "XFMediaPluginDemo", "XFMediaPluginDemo\XFMediaPluginDemo.csproj", "{7AC62B8A-731A-4A2B-892D-E65EF48DB89E}"
EndProject
Global
	GlobalSection(SolutionConfigurationPlatforms) = preSolution
		Debug|Any CPU = Debug|Any CPU
		Debug|ARM = Debug|ARM
		Debug|iPhone = Debug|iPhone
		Debug|iPhoneSimulator = Debug|iPhoneSimulator
		Debug|x64 = Debug|x64
		Debug|x86 = Debug|x86
		Release|Any CPU = Release|Any CPU
		Release|ARM = Release|ARM
		Release|iPhone = Release|iPhone
		Release|iPhoneSimulator = Release|iPhoneSimulator
		Release|x64 = Release|x64
		Release|x86 = Release|x86
	EndGlobalSection
	GlobalSection(ProjectConfigurationPlatforms) = postSolution
		{1429D1E2-9DBD-45FB-8FAC-832AA6CCBF54}.Debug|Any CPU.ActiveCfg = Debug|x86
		{1429D1E2-9DBD-45FB-8FAC-832AA6CCBF54}.Debug|Any CPU.Build.0 = Debug|x86
		{1429D1E2-9DBD-45FB-8FAC-832AA6CCBF54}.Debug|Any CPU.Deploy.0 = Debug|x86
		{1429D1E2-9DBD-45FB-8FAC-832AA6CCBF54}.Debug|ARM.ActiveCfg = Debug|ARM
		{1429D1E2-9DBD-45FB-8FAC-832AA6CCBF54}.Debug|ARM.Build.0 = Debug|ARM
		{1429D1E2-9DBD-45FB-8FAC-832AA6CCBF54}.Debug|ARM.Deploy.0 = Debug|ARM
		{1429D1E2-9DBD-45FB-8FAC-832AA6CCBF54}.Debug|iPhone.ActiveCfg = Debug|x86
		{1429D1E2-9DBD-45FB-8FAC-832AA6CCBF54}.Debug|iPhone.Build.0 = Debug|x86
		{1429D1E2-9DBD-45FB-8FAC-832AA6CCBF54}.Debug|iPhone.Deploy.0 = Debug|x86
		{1429D1E2-9DBD-45FB-8FAC-832AA6CCBF54}.Debug|iPhoneSimulator.ActiveCfg = Debug|x86
		{1429D1E2-9DBD-45FB-8FAC-832AA6CCBF54}.Debug|iPhoneSimulator.Build.0 = Debug|x86
		{1429D1E2-9DBD-45FB-8FAC-832AA6CCBF54}.Debug|iPhoneSimulator.Deploy.0 = Debug|x86
		{1429D1E2-9DBD-45FB-8FAC-832AA6CCBF54}.Debug|x64.ActiveCfg = Debug|x64
		{1429D1E2-9DBD-45FB-8FAC-832AA6CCBF54}.Debug|x64.Build.0 = Debug|x64
		{1429D1E2-9DBD-45FB-8FAC-832AA6CCBF54}.Debug|x64.Deploy.0 = Debug|x64
		{1429D1E2-9DBD-45FB-8FAC-832AA6CCBF54}.Debug|x86.ActiveCfg = Debug|x86
		{1429D1E2-9DBD-45FB-8FAC-832AA6CCBF54}.Debug|x86.Build.0 = Debug|x86
		{1429D1E2-9DBD-45FB-8FAC-832AA6CCBF54}.Debug|x86.Deploy.0 = Debug|x86
		{1429D1E2-9DBD-45FB-8FAC-832AA6CCBF54}.Release|Any CPU.ActiveCfg = Release|x86
		{1429D1E2-9DBD-45FB-8FAC-832AA6CCBF54}.Release|Any CPU.Build.0 = Release|x86
		{1429D1E2-9DBD-45FB-8FAC-832AA6CCBF54}.Release|Any CPU.Deploy.0 = Release|x86
		{1429D1E2-9DBD-45FB-8FAC-832AA6CCBF54}.Release|ARM.ActiveCfg = Release|ARM
		{1429D1E2-9DBD-45FB-8FAC-832AA6CCBF54}.Release|ARM.Build.0 = Release|ARM
		{1429D1E2-9DBD-45FB-8FAC-832AA6CCBF54}.Release|ARM.Deploy.0 = Release|ARM
		{1429D1E2-9DBD-45FB-8FAC-832AA6CCBF54}.Release|iPhone.ActiveCfg = Release|x86
		{1429D1E2-9DBD-45FB-8FAC-832AA6CCBF54}.Release|iPhone.Build.0 = Release|x86
		{1429D1E2-9DBD-45FB-8FAC-832AA6CCBF54}.Release|iPhone.Deploy.0 = Release|x86
		{1429D1E2-9DBD-45FB-8FAC-832AA6CCBF54}.Release|iPhoneSimulator.ActiveCfg = Release|x86
		{1429D1E2-9DBD-45FB-8FAC-832AA6CCBF54}.Release|iPhoneSimulator.Build.0 = Release|x86
		{1429D1E2-9DBD-45FB-8FAC-832AA6CCBF54}.Release|iPhoneSimulator.Deploy.0 = Release|x86
		{1429D1E2-9DBD-45FB-8FAC-832AA6CCBF54}.Release|x64.ActiveCfg = Release|x64
		{1429D1E2-9DBD-45FB-8FAC-832AA6CCBF54}.Release|x64.Build.0 = Release|x64
		{1429D1E2-9DBD-45FB-8FAC-832AA6CCBF54}.Release|x64.Deploy.0 = Release|x64
		{1429D1E2-9DBD-45FB-8FAC-832AA6CCBF54}.Release|x86.ActiveCfg = Release|x86
		{1429D1E2-9DBD-45FB-8FAC-832AA6CCBF54}.Release|x86.Build.0 = Release|x86
		{1429D1E2-9DBD-45FB-8FAC-832AA6CCBF54}.Release|x86.Deploy.0 = Release|x86
		{93B63296-FE7C-4A4E-ACFF-C773C6B66FDC}.Debug|Any CPU.ActiveCfg = Debug|Any CPU
		{93B63296-FE7C-4A4E-ACFF-C773C6B66FDC}.Debug|Any CPU.Build.0 = Debug|Any CPU
		{93B63296-FE7C-4A4E-ACFF-C773C6B66FDC}.Debug|Any CPU.Deploy.0 = Debug|Any CPU
		{93B63296-FE7C-4A4E-ACFF-C773C6B66FDC}.Debug|ARM.ActiveCfg = Debug|Any CPU
		{93B63296-FE7C-4A4E-ACFF-C773C6B66FDC}.Debug|ARM.Build.0 = Debug|Any CPU
		{93B63296-FE7C-4A4E-ACFF-C773C6B66FDC}.Debug|ARM.Deploy.0 = Debug|Any CPU
		{93B63296-FE7C-4A4E-ACFF-C773C6B66FDC}.Debug|iPhone.ActiveCfg = Debug|Any CPU
		{93B63296-FE7C-4A4E-ACFF-C773C6B66FDC}.Debug|iPhone.Build.0 = Debug|Any CPU
		{93B63296-FE7C-4A4E-ACFF-C773C6B66FDC}.Debug|iPhone.Deploy.0 = Debug|Any CPU
		{93B63296-FE7C-4A4E-ACFF-C773C6B66FDC}.Debug|iPhoneSimulator.ActiveCfg = Debug|Any CPU
		{93B63296-FE7C-4A4E-ACFF-C773C6B66FDC}.Debug|iPhoneSimulator.Build.0 = Debug|Any CPU
		{93B63296-FE7C-4A4E-ACFF-C773C6B66FDC}.Debug|iPhoneSimulator.Deploy.0 = Debug|Any CPU
		{93B63296-FE7C-4A4E-ACFF-C773C6B66FDC}.Debug|x64.ActiveCfg = Debug|Any CPU
		{93B63296-FE7C-4A4E-ACFF-C773C6B66FDC}.Debug|x64.Build.0 = Debug|Any CPU
		{93B63296-FE7C-4A4E-ACFF-C773C6B66FDC}.Debug|x64.Deploy.0 = Debug|Any CPU
		{93B63296-FE7C-4A4E-ACFF-C773C6B66FDC}.Debug|x86.ActiveCfg = Debug|Any CPU
		{93B63296-FE7C-4A4E-ACFF-C773C6B66FDC}.Debug|x86.Build.0 = Debug|Any CPU
		{93B63296-FE7C-4A4E-ACFF-C773C6B66FDC}.Debug|x86.Deploy.0 = Debug|Any CPU
		{93B63296-FE7C-4A4E-ACFF-C773C6B66FDC}.Release|Any CPU.ActiveCfg = Release|Any CPU
		{93B63296-FE7C-4A4E-ACFF-C773C6B66FDC}.Release|Any CPU.Build.0 = Release|Any CPU
		{93B63296-FE7C-4A4E-ACFF-C773C6B66FDC}.Release|Any CPU.Deploy.0 = Release|Any CPU
		{93B63296-FE7C-4A4E-ACFF-C773C6B66FDC}.Release|ARM.ActiveCfg = Release|Any CPU
		{93B63296-FE7C-4A4E-ACFF-C773C6B66FDC}.Release|ARM.Build.0 = Release|Any CPU
		{93B63296-FE7C-4A4E-ACFF-C773C6B66FDC}.Release|ARM.Deploy.0 = Release|Any CPU
		{93B63296-FE7C-4A4E-ACFF-C773C6B66FDC}.Release|iPhone.ActiveCfg = Release|Any CPU
		{93B63296-FE7C-4A4E-ACFF-C773C6B66FDC}.Release|iPhone.Build.0 = Release|Any CPU
		{93B63296-FE7C-4A4E-ACFF-C773C6B66FDC}.Release|iPhone.Deploy.0 = Release|Any CPU
		{93B63296-FE7C-4A4E-ACFF-C773C6B66FDC}.Release|iPhoneSimulator.ActiveCfg = Release|Any CPU
		{93B63296-FE7C-4A4E-ACFF-C773C6B66FDC}.Release|iPhoneSimulator.Build.0 = Release|Any CPU
		{93B63296-FE7C-4A4E-ACFF-C773C6B66FDC}.Release|iPhoneSimulator.Deploy.0 = Release|Any CPU
		{93B63296-FE7C-4A4E-ACFF-C773C6B66FDC}.Release|x64.ActiveCfg = Release|Any CPU
		{93B63296-FE7C-4A4E-ACFF-C773C6B66FDC}.Release|x64.Build.0 = Release|Any CPU
		{93B63296-FE7C-4A4E-ACFF-C773C6B66FDC}.Release|x64.Deploy.0 = Release|Any CPU
		{93B63296-FE7C-4A4E-ACFF-C773C6B66FDC}.Release|x86.ActiveCfg = Release|Any CPU
		{93B63296-FE7C-4A4E-ACFF-C773C6B66FDC}.Release|x86.Build.0 = Release|Any CPU
		{93B63296-FE7C-4A4E-ACFF-C773C6B66FDC}.Release|x86.Deploy.0 = Release|Any CPU
		{1675BFB2-0AA6-41F2-92CD-FA0753E6FFFF}.Debug|Any CPU.ActiveCfg = Debug|iPhone
		{1675BFB2-0AA6-41F2-92CD-FA0753E6FFFF}.Debug|Any CPU.Build.0 = Debug|iPhone
		{1675BFB2-0AA6-41F2-92CD-FA0753E6FFFF}.Debug|Any CPU.Deploy.0 = Debug|iPhone
		{1675BFB2-0AA6-41F2-92CD-FA0753E6FFFF}.Debug|ARM.ActiveCfg = Debug|iPhoneSimulator
		{1675BFB2-0AA6-41F2-92CD-FA0753E6FFFF}.Debug|ARM.Build.0 = Debug|iPhoneSimulator
		{1675BFB2-0AA6-41F2-92CD-FA0753E6FFFF}.Debug|ARM.Deploy.0 = Debug|iPhoneSimulator
		{1675BFB2-0AA6-41F2-92CD-FA0753E6FFFF}.Debug|iPhone.ActiveCfg = Debug|iPhone
		{1675BFB2-0AA6-41F2-92CD-FA0753E6FFFF}.Debug|iPhone.Build.0 = Debug|iPhone
		{1675BFB2-0AA6-41F2-92CD-FA0753E6FFFF}.Debug|iPhone.Deploy.0 = Debug|iPhone
		{1675BFB2-0AA6-41F2-92CD-FA0753E6FFFF}.Debug|iPhoneSimulator.ActiveCfg = Debug|iPhoneSimulator
		{1675BFB2-0AA6-41F2-92CD-FA0753E6FFFF}.Debug|iPhoneSimulator.Build.0 = Debug|iPhoneSimulator
		{1675BFB2-0AA6-41F2-92CD-FA0753E6FFFF}.Debug|iPhoneSimulator.Deploy.0 = Debug|iPhoneSimulator
		{1675BFB2-0AA6-41F2-92CD-FA0753E6FFFF}.Debug|x64.ActiveCfg = Debug|iPhone
		{1675BFB2-0AA6-41F2-92CD-FA0753E6FFFF}.Debug|x64.Build.0 = Debug|iPhone
		{1675BFB2-0AA6-41F2-92CD-FA0753E6FFFF}.Debug|x64.Deploy.0 = Debug|iPhone
		{1675BFB2-0AA6-41F2-92CD-FA0753E6FFFF}.Debug|x86.ActiveCfg = Debug|iPhone
		{1675BFB2-0AA6-41F2-92CD-FA0753E6FFFF}.Debug|x86.Build.0 = Debug|iPhone
		{1675BFB2-0AA6-41F2-92CD-FA0753E6FFFF}.Debug|x86.Deploy.0 = Debug|iPhone
		{1675BFB2-0AA6-41F2-92CD-FA0753E6FFFF}.Release|Any CPU.ActiveCfg = Release|iPhone
		{1675BFB2-0AA6-41F2-92CD-FA0753E6FFFF}.Release|Any CPU.Build.0 = Release|iPhone
		{1675BFB2-0AA6-41F2-92CD-FA0753E6FFFF}.Release|Any CPU.Deploy.0 = Release|iPhone
		{1675BFB2-0AA6-41F2-92CD-FA0753E6FFFF}.Release|ARM.ActiveCfg = Release|iPhone
		{1675BFB2-0AA6-41F2-92CD-FA0753E6FFFF}.Release|ARM.Build.0 = Release|iPhone
		{1675BFB2-0AA6-41F2-92CD-FA0753E6FFFF}.Release|ARM.Deploy.0 = Release|iPhone
		{1675BFB2-0AA6-41F2-92CD-FA0753E6FFFF}.Release|iPhone.ActiveCfg = Release|iPhone
		{1675BFB2-0AA6-41F2-92CD-FA0753E6FFFF}.Release|iPhone.Build.0 = Release|iPhone
		{1675BFB2-0AA6-41F2-92CD-FA0753E6FFFF}.Release|iPhone.Deploy.0 = Release|iPhone
		{1675BFB2-0AA6-41F2-92CD-FA0753E6FFFF}.Release|iPhoneSimulator.ActiveCfg = Release|iPhoneSimulator
		{1675BFB2-0AA6-41F2-92CD-FA0753E6FFFF}.Release|iPhoneSimulator.Build.0 = Release|iPhoneSimulator
		{1675BFB2-0AA6-41F2-92CD-FA0753E6FFFF}.Release|iPhoneSimulator.Deploy.0 = Release|iPhoneSimulator
		{1675BFB2-0AA6-41F2-92CD-FA0753E6FFFF}.Release|x64.ActiveCfg = Release|iPhone
		{1675BFB2-0AA6-41F2-92CD-FA0753E6FFFF}.Release|x64.Build.0 = Release|iPhone
		{1675BFB2-0AA6-41F2-92CD-FA0753E6FFFF}.Release|x64.Deploy.0 = Release|iPhone
		{1675BFB2-0AA6-41F2-92CD-FA0753E6FFFF}.Release|x86.ActiveCfg = Release|iPhone
		{1675BFB2-0AA6-41F2-92CD-FA0753E6FFFF}.Release|x86.Build.0 = Release|iPhone
		{1675BFB2-0AA6-41F2-92CD-FA0753E6FFFF}.Release|x86.Deploy.0 = Release|iPhone
		{7AC62B8A-731A-4A2B-892D-E65EF48DB89E}.Debug|Any CPU.ActiveCfg = Debug|Any CPU
		{7AC62B8A-731A-4A2B-892D-E65EF48DB89E}.Debug|Any CPU.Build.0 = Debug|Any CPU
		{7AC62B8A-731A-4A2B-892D-E65EF48DB89E}.Debug|Any CPU.Deploy.0 = Debug|Any CPU
		{7AC62B8A-731A-4A2B-892D-E65EF48DB89E}.Debug|ARM.ActiveCfg = Debug|Any CPU
		{7AC62B8A-731A-4A2B-892D-E65EF48DB89E}.Debug|ARM.Build.0 = Debug|Any CPU
		{7AC62B8A-731A-4A2B-892D-E65EF48DB89E}.Debug|ARM.Deploy.0 = Debug|Any CPU
		{7AC62B8A-731A-4A2B-892D-E65EF48DB89E}.Debug|iPhone.ActiveCfg = Debug|Any CPU
		{7AC62B8A-731A-4A2B-892D-E65EF48DB89E}.Debug|iPhone.Build.0 = Debug|Any CPU
		{7AC62B8A-731A-4A2B-892D-E65EF48DB89E}.Debug|iPhone.Deploy.0 = Debug|Any CPU
		{7AC62B8A-731A-4A2B-892D-E65EF48DB89E}.Debug|iPhoneSimulator.ActiveCfg = Debug|Any CPU
		{7AC62B8A-731A-4A2B-892D-E65EF48DB89E}.Debug|iPhoneSimulator.Build.0 = Debug|Any CPU
		{7AC62B8A-731A-4A2B-892D-E65EF48DB89E}.Debug|iPhoneSimulator.Deploy.0 = Debug|Any CPU
		{7AC62B8A-731A-4A2B-892D-E65EF48DB89E}.Debug|x64.ActiveCfg = Debug|Any CPU
		{7AC62B8A-731A-4A2B-892D-E65EF48DB89E}.Debug|x64.Build.0 = Debug|Any CPU
		{7AC62B8A-731A-4A2B-892D-E65EF48DB89E}.Debug|x64.Deploy.0 = Debug|Any CPU
		{7AC62B8A-731A-4A2B-892D-E65EF48DB89E}.Debug|x86.ActiveCfg = Debug|Any CPU
		{7AC62B8A-731A-4A2B-892D-E65EF48DB89E}.Debug|x86.Build.0 = Debug|Any CPU
		{7AC62B8A-731A-4A2B-892D-E65EF48DB89E}.Debug|x86.Deploy.0 = Debug|Any CPU
		{7AC62B8A-731A-4A2B-892D-E65EF48DB89E}.Release|Any CPU.ActiveCfg = Release|Any CPU
		{7AC62B8A-731A-4A2B-892D-E65EF48DB89E}.Release|Any CPU.Build.0 = Release|Any CPU
		{7AC62B8A-731A-4A2B-892D-E65EF48DB89E}.Release|Any CPU.Deploy.0 = Release|Any CPU
		{7AC62B8A-731A-4A2B-892D-E65EF48DB89E}.Release|ARM.ActiveCfg = Release|Any CPU
		{7AC62B8A-731A-4A2B-892D-E65EF48DB89E}.Release|ARM.Build.0 = Release|Any CPU
		{7AC62B8A-731A-4A2B-892D-E65EF48DB89E}.Release|ARM.Deploy.0 = Release|Any CPU
		{7AC62B8A-731A-4A2B-892D-E65EF48DB89E}.Release|iPhone.ActiveCfg = Release|Any CPU
		{7AC62B8A-731A-4A2B-892D-E65EF48DB89E}.Release|iPhone.Build.0 = Release|Any CPU
		{7AC62B8A-731A-4A2B-892D-E65EF48DB89E}.Release|iPhone.Deploy.0 = Release|Any CPU
		{7AC62B8A-731A-4A2B-892D-E65EF48DB89E}.Release|iPhoneSimulator.ActiveCfg = Release|Any CPU
		{7AC62B8A-731A-4A2B-892D-E65EF48DB89E}.Release|iPhoneSimulator.Build.0 = Release|Any CPU
		{7AC62B8A-731A-4A2B-892D-E65EF48DB89E}.Release|iPhoneSimulator.Deploy.0 = Release|Any CPU
		{7AC62B8A-731A-4A2B-892D-E65EF48DB89E}.Release|x64.ActiveCfg = Release|Any CPU
		{7AC62B8A-731A-4A2B-892D-E65EF48DB89E}.Release|x64.Build.0 = Release|Any CPU
		{7AC62B8A-731A-4A2B-892D-E65EF48DB89E}.Release|x64.Deploy.0 = Release|Any CPU
		{7AC62B8A-731A-4A2B-892D-E65EF48DB89E}.Release|x86.ActiveCfg = Release|Any CPU
		{7AC62B8A-731A-4A2B-892D-E65EF48DB89E}.Release|x86.Build.0 = Release|Any CPU
		{7AC62B8A-731A-4A2B-892D-E65EF48DB89E}.Release|x86.Deploy.0 = Release|Any CPU
	EndGlobalSection
	GlobalSection(SolutionProperties) = preSolution
		HideSolutionNode = FALSE
	EndGlobalSection
	GlobalSection(ExtensibilityGlobals) = postSolution
		SolutionGuid = {55256547-E6E9-4D13-BFD8-E63058AB3CFF}
	EndGlobalSection
EndGlobal
