
Microsoft Visual Studio Solution File, Format Version 12.00
# Visual Studio Version 16
VisualStudioVersion = 16.0.30128.74
MinimumVisualStudioVersion = 10.0.40219.1
Project("{FAE04EC0-301F-11D3-BF4B-00C04F79EFBC}") = "XFAudioPlayer.UWP", "XFAudioPlayer.UWP\XFAudioPlayer.UWP.csproj", "{2F43F014-2A2B-430A-A87C-AE7944EAB31F}"
EndProject
Project("{FAE04EC0-301F-11D3-BF4B-00C04F79EFBC}") = "XFAudioPlayer.Android", "XFAudioPlayer.Android\XFAudioPlayer.Android.csproj", "{D260ABA9-910A-4758-A1EE-863F3FF061D9}"
EndProject
Project("{FAE04EC0-301F-11D3-BF4B-00C04F79EFBC}") = "XFAudioPlayer.iOS", "XFAudioPlayer.iOS\XFAudioPlayer.iOS.csproj", "{5DFF22B3-B5C3-4AF8-A117-B1A02C1B98C8}"
EndProject
Project("{FAE04EC0-301F-11D3-BF4B-00C04F79EFBC}") = "XFAudioPlayer", "XFAudioPlayer\XFAudioPlayer.csproj", "{FFE4BECD-F5F6-4554-9DF3-58D9073D44E4}"
EndProject
Global
	GlobalSection(SolutionConfigurationPlatforms) = preSolution
		Debug|Any CPU = Debug|Any CPU
		Debug|ARM = Debug|ARM
		Debug|iPhone = Debug|iPhone
		Debug|iPhoneSimulator = Debug|iPhoneSimulator
		Debug|x64 = Debug|x64
		Debug|x86 = Debug|x86
		Release|Any CPU = Release|Any CPU
		Release|ARM = Release|ARM
		Release|iPhone = Release|iPhone
		Release|iPhoneSimulator = Release|iPhoneSimulator
		Release|x64 = Release|x64
		Release|x86 = Release|x86
	EndGlobalSection
	GlobalSection(ProjectConfigurationPlatforms) = postSolution
		{2F43F014-2A2B-430A-A87C-AE7944EAB31F}.Debug|Any CPU.ActiveCfg = Debug|x86
		{2F43F014-2A2B-430A-A87C-AE7944EAB31F}.Debug|Any CPU.Build.0 = Debug|x86
		{2F43F014-2A2B-430A-A87C-AE7944EAB31F}.Debug|Any CPU.Deploy.0 = Debug|x86
		{2F43F014-2A2B-430A-A87C-AE7944EAB31F}.Debug|ARM.ActiveCfg = Debug|ARM
		{2F43F014-2A2B-430A-A87C-AE7944EAB31F}.Debug|ARM.Build.0 = Debug|ARM
		{2F43F014-2A2B-430A-A87C-AE7944EAB31F}.Debug|ARM.Deploy.0 = Debug|ARM
		{2F43F014-2A2B-430A-A87C-AE7944EAB31F}.Debug|iPhone.ActiveCfg = Debug|x86
		{2F43F014-2A2B-430A-A87C-AE7944EAB31F}.Debug|iPhone.Build.0 = Debug|x86
		{2F43F014-2A2B-430A-A87C-AE7944EAB31F}.Debug|iPhone.Deploy.0 = Debug|x86
		{2F43F014-2A2B-430A-A87C-AE7944EAB31F}.Debug|iPhoneSimulator.ActiveCfg = Debug|x86
		{2F43F014-2A2B-430A-A87C-AE7944EAB31F}.Debug|iPhoneSimulator.Build.0 = Debug|x86
		{2F43F014-2A2B-430A-A87C-AE7944EAB31F}.Debug|iPhoneSimulator.Deploy.0 = Debug|x86
		{2F43F014-2A2B-430A-A87C-AE7944EAB31F}.Debug|x64.ActiveCfg = Debug|x64
		{2F43F014-2A2B-430A-A87C-AE7944EAB31F}.Debug|x64.Build.0 = Debug|x64
		{2F43F014-2A2B-430A-A87C-AE7944EAB31F}.Debug|x64.Deploy.0 = Debug|x64
		{2F43F014-2A2B-430A-A87C-AE7944EAB31F}.Debug|x86.ActiveCfg = Debug|x86
		{2F43F014-2A2B-430A-A87C-AE7944EAB31F}.Debug|x86.Build.0 = Debug|x86
		{2F43F014-2A2B-430A-A87C-AE7944EAB31F}.Debug|x86.Deploy.0 = Debug|x86
		{2F43F014-2A2B-430A-A87C-AE7944EAB31F}.Release|Any CPU.ActiveCfg = Release|x86
		{2F43F014-2A2B-430A-A87C-AE7944EAB31F}.Release|Any CPU.Build.0 = Release|x86
		{2F43F014-2A2B-430A-A87C-AE7944EAB31F}.Release|Any CPU.Deploy.0 = Release|x86
		{2F43F014-2A2B-430A-A87C-AE7944EAB31F}.Release|ARM.ActiveCfg = Release|ARM
		{2F43F014-2A2B-430A-A87C-AE7944EAB31F}.Release|ARM.Build.0 = Release|ARM
		{2F43F014-2A2B-430A-A87C-AE7944EAB31F}.Release|ARM.Deploy.0 = Release|ARM
		{2F43F014-2A2B-430A-A87C-AE7944EAB31F}.Release|iPhone.ActiveCfg = Release|x86
		{2F43F014-2A2B-430A-A87C-AE7944EAB31F}.Release|iPhone.Build.0 = Release|x86
		{2F43F014-2A2B-430A-A87C-AE7944EAB31F}.Release|iPhone.Deploy.0 = Release|x86
		{2F43F014-2A2B-430A-A87C-AE7944EAB31F}.Release|iPhoneSimulator.ActiveCfg = Release|x86
		{2F43F014-2A2B-430A-A87C-AE7944EAB31F}.Release|iPhoneSimulator.Build.0 = Release|x86
		{2F43F014-2A2B-430A-A87C-AE7944EAB31F}.Release|iPhoneSimulator.Deploy.0 = Release|x86
		{2F43F014-2A2B-430A-A87C-AE7944EAB31F}.Release|x64.ActiveCfg = Release|x64
		{2F43F014-2A2B-430A-A87C-AE7944EAB31F}.Release|x64.Build.0 = Release|x64
		{2F43F014-2A2B-430A-A87C-AE7944EAB31F}.Release|x64.Deploy.0 = Release|x64
		{2F43F014-2A2B-430A-A87C-AE7944EAB31F}.Release|x86.ActiveCfg = Release|x86
		{2F43F014-2A2B-430A-A87C-AE7944EAB31F}.Release|x86.Build.0 = Release|x86
		{2F43F014-2A2B-430A-A87C-AE7944EAB31F}.Release|x86.Deploy.0 = Release|x86
		{D260ABA9-910A-4758-A1EE-863F3FF061D9}.Debug|Any CPU.ActiveCfg = Debug|Any CPU
		{D260ABA9-910A-4758-A1EE-863F3FF061D9}.Debug|Any CPU.Build.0 = Debug|Any CPU
		{D260ABA9-910A-4758-A1EE-863F3FF061D9}.Debug|Any CPU.Deploy.0 = Debug|Any CPU
		{D260ABA9-910A-4758-A1EE-863F3FF061D9}.Debug|ARM.ActiveCfg = Debug|Any CPU
		{D260ABA9-910A-4758-A1EE-863F3FF061D9}.Debug|ARM.Build.0 = Debug|Any CPU
		{D260ABA9-910A-4758-A1EE-863F3FF061D9}.Debug|ARM.Deploy.0 = Debug|Any CPU
		{D260ABA9-910A-4758-A1EE-863F3FF061D9}.Debug|iPhone.ActiveCfg = Debug|Any CPU
		{D260ABA9-910A-4758-A1EE-863F3FF061D9}.Debug|iPhone.Build.0 = Debug|Any CPU
		{D260ABA9-910A-4758-A1EE-863F3FF061D9}.Debug|iPhone.Deploy.0 = Debug|Any CPU
		{D260ABA9-910A-4758-A1EE-863F3FF061D9}.Debug|iPhoneSimulator.ActiveCfg = Debug|Any CPU
		{D260ABA9-910A-4758-A1EE-863F3FF061D9}.Debug|iPhoneSimulator.Build.0 = Debug|Any CPU
		{D260ABA9-910A-4758-A1EE-863F3FF061D9}.Debug|iPhoneSimulator.Deploy.0 = Debug|Any CPU
		{D260ABA9-910A-4758-A1EE-863F3FF061D9}.Debug|x64.ActiveCfg = Debug|Any CPU
		{D260ABA9-910A-4758-A1EE-863F3FF061D9}.Debug|x64.Build.0 = Debug|Any CPU
		{D260ABA9-910A-4758-A1EE-863F3FF061D9}.Debug|x64.Deploy.0 = Debug|Any CPU
		{D260ABA9-910A-4758-A1EE-863F3FF061D9}.Debug|x86.ActiveCfg = Debug|Any CPU
		{D260ABA9-910A-4758-A1EE-863F3FF061D9}.Debug|x86.Build.0 = Debug|Any CPU
		{D260ABA9-910A-4758-A1EE-863F3FF061D9}.Debug|x86.Deploy.0 = Debug|Any CPU
		{D260ABA9-910A-4758-A1EE-863F3FF061D9}.Release|Any CPU.ActiveCfg = Release|Any CPU
		{D260ABA9-910A-4758-A1EE-863F3FF061D9}.Release|Any CPU.Build.0 = Release|Any CPU
		{D260ABA9-910A-4758-A1EE-863F3FF061D9}.Release|Any CPU.Deploy.0 = Release|Any CPU
		{D260ABA9-910A-4758-A1EE-863F3FF061D9}.Release|ARM.ActiveCfg = Release|Any CPU
		{D260ABA9-910A-4758-A1EE-863F3FF061D9}.Release|ARM.Build.0 = Release|Any CPU
		{D260ABA9-910A-4758-A1EE-863F3FF061D9}.Release|ARM.Deploy.0 = Release|Any CPU
		{D260ABA9-910A-4758-A1EE-863F3FF061D9}.Release|iPhone.ActiveCfg = Release|Any CPU
		{D260ABA9-910A-4758-A1EE-863F3FF061D9}.Release|iPhone.Build.0 = Release|Any CPU
		{D260ABA9-910A-4758-A1EE-863F3FF061D9}.Release|iPhone.Deploy.0 = Release|Any CPU
		{D260ABA9-910A-4758-A1EE-863F3FF061D9}.Release|iPhoneSimulator.ActiveCfg = Release|Any CPU
		{D260ABA9-910A-4758-A1EE-863F3FF061D9}.Release|iPhoneSimulator.Build.0 = Release|Any CPU
		{D260ABA9-910A-4758-A1EE-863F3FF061D9}.Release|iPhoneSimulator.Deploy.0 = Release|Any CPU
		{D260ABA9-910A-4758-A1EE-863F3FF061D9}.Release|x64.ActiveCfg = Release|Any CPU
		{D260ABA9-910A-4758-A1EE-863F3FF061D9}.Release|x64.Build.0 = Release|Any CPU
		{D260ABA9-910A-4758-A1EE-863F3FF061D9}.Release|x64.Deploy.0 = Release|Any CPU
		{D260ABA9-910A-4758-A1EE-863F3FF061D9}.Release|x86.ActiveCfg = Release|Any CPU
		{D260ABA9-910A-4758-A1EE-863F3FF061D9}.Release|x86.Build.0 = Release|Any CPU
		{D260ABA9-910A-4758-A1EE-863F3FF061D9}.Release|x86.Deploy.0 = Release|Any CPU
		{5DFF22B3-B5C3-4AF8-A117-B1A02C1B98C8}.Debug|Any CPU.ActiveCfg = Debug|iPhone
		{5DFF22B3-B5C3-4AF8-A117-B1A02C1B98C8}.Debug|Any CPU.Build.0 = Debug|iPhone
		{5DFF22B3-B5C3-4AF8-A117-B1A02C1B98C8}.Debug|Any CPU.Deploy.0 = Debug|iPhone
		{5DFF22B3-B5C3-4AF8-A117-B1A02C1B98C8}.Debug|ARM.ActiveCfg = Debug|iPhone
		{5DFF22B3-B5C3-4AF8-A117-B1A02C1B98C8}.Debug|ARM.Build.0 = Debug|iPhone
		{5DFF22B3-B5C3-4AF8-A117-B1A02C1B98C8}.Debug|ARM.Deploy.0 = Debug|iPhone
		{5DFF22B3-B5C3-4AF8-A117-B1A02C1B98C8}.Debug|iPhone.ActiveCfg = Debug|iPhone
		{5DFF22B3-B5C3-4AF8-A117-B1A02C1B98C8}.Debug|iPhone.Build.0 = Debug|iPhone
		{5DFF22B3-B5C3-4AF8-A117-B1A02C1B98C8}.Debug|iPhone.Deploy.0 = Debug|iPhone
		{5DFF22B3-B5C3-4AF8-A117-B1A02C1B98C8}.Debug|iPhoneSimulator.ActiveCfg = Debug|iPhoneSimulator
		{5DFF22B3-B5C3-4AF8-A117-B1A02C1B98C8}.Debug|iPhoneSimulator.Build.0 = Debug|iPhoneSimulator
		{5DFF22B3-B5C3-4AF8-A117-B1A02C1B98C8}.Debug|iPhoneSimulator.Deploy.0 = Debug|iPhoneSimulator
		{5DFF22B3-B5C3-4AF8-A117-B1A02C1B98C8}.Debug|x64.ActiveCfg = Debug|iPhone
		{5DFF22B3-B5C3-4AF8-A117-B1A02C1B98C8}.Debug|x64.Build.0 = Debug|iPhone
		{5DFF22B3-B5C3-4AF8-A117-B1A02C1B98C8}.Debug|x64.Deploy.0 = Debug|iPhone
		{5DFF22B3-B5C3-4AF8-A117-B1A02C1B98C8}.Debug|x86.ActiveCfg = Debug|iPhone
		{5DFF22B3-B5C3-4AF8-A117-B1A02C1B98C8}.Debug|x86.Build.0 = Debug|iPhone
		{5DFF22B3-B5C3-4AF8-A117-B1A02C1B98C8}.Debug|x86.Deploy.0 = Debug|iPhone
		{5DFF22B3-B5C3-4AF8-A117-B1A02C1B98C8}.Release|Any CPU.ActiveCfg = Release|iPhone
		{5DFF22B3-B5C3-4AF8-A117-B1A02C1B98C8}.Release|Any CPU.Build.0 = Release|iPhone
		{5DFF22B3-B5C3-4AF8-A117-B1A02C1B98C8}.Release|Any CPU.Deploy.0 = Release|iPhone
		{5DFF22B3-B5C3-4AF8-A117-B1A02C1B98C8}.Release|ARM.ActiveCfg = Release|iPhone
		{5DFF22B3-B5C3-4AF8-A117-B1A02C1B98C8}.Release|ARM.Build.0 = Release|iPhone
		{5DFF22B3-B5C3-4AF8-A117-B1A02C1B98C8}.Release|ARM.Deploy.0 = Release|iPhone
		{5DFF22B3-B5C3-4AF8-A117-B1A02C1B98C8}.Release|iPhone.ActiveCfg = Release|iPhone
		{5DFF22B3-B5C3-4AF8-A117-B1A02C1B98C8}.Release|iPhone.Build.0 = Release|iPhone
		{5DFF22B3-B5C3-4AF8-A117-B1A02C1B98C8}.Release|iPhone.Deploy.0 = Release|iPhone
		{5DFF22B3-B5C3-4AF8-A117-B1A02C1B98C8}.Release|iPhoneSimulator.ActiveCfg = Release|iPhoneSimulator
		{5DFF22B3-B5C3-4AF8-A117-B1A02C1B98C8}.Release|iPhoneSimulator.Build.0 = Release|iPhoneSimulator
		{5DFF22B3-B5C3-4AF8-A117-B1A02C1B98C8}.Release|iPhoneSimulator.Deploy.0 = Release|iPhoneSimulator
		{5DFF22B3-B5C3-4AF8-A117-B1A02C1B98C8}.Release|x64.ActiveCfg = Release|iPhone
		{5DFF22B3-B5C3-4AF8-A117-B1A02C1B98C8}.Release|x64.Build.0 = Release|iPhone
		{5DFF22B3-B5C3-4AF8-A117-B1A02C1B98C8}.Release|x64.Deploy.0 = Release|iPhone
		{5DFF22B3-B5C3-4AF8-A117-B1A02C1B98C8}.Release|x86.ActiveCfg = Release|iPhone
		{5DFF22B3-B5C3-4AF8-A117-B1A02C1B98C8}.Release|x86.Build.0 = Release|iPhone
		{5DFF22B3-B5C3-4AF8-A117-B1A02C1B98C8}.Release|x86.Deploy.0 = Release|iPhone
		{FFE4BECD-F5F6-4554-9DF3-58D9073D44E4}.Debug|Any CPU.ActiveCfg = Debug|Any CPU
		{FFE4BECD-F5F6-4554-9DF3-58D9073D44E4}.Debug|Any CPU.Build.0 = Debug|Any CPU
		{FFE4BECD-F5F6-4554-9DF3-58D9073D44E4}.Debug|Any CPU.Deploy.0 = Debug|Any CPU
		{FFE4BECD-F5F6-4554-9DF3-58D9073D44E4}.Debug|ARM.ActiveCfg = Debug|Any CPU
		{FFE4BECD-F5F6-4554-9DF3-58D9073D44E4}.Debug|ARM.Build.0 = Debug|Any CPU
		{FFE4BECD-F5F6-4554-9DF3-58D9073D44E4}.Debug|ARM.Deploy.0 = Debug|Any CPU
		{FFE4BECD-F5F6-4554-9DF3-58D9073D44E4}.Debug|iPhone.ActiveCfg = Debug|Any CPU
		{FFE4BECD-F5F6-4554-9DF3-58D9073D44E4}.Debug|iPhone.Build.0 = Debug|Any CPU
		{FFE4BECD-F5F6-4554-9DF3-58D9073D44E4}.Debug|iPhone.Deploy.0 = Debug|Any CPU
		{FFE4BECD-F5F6-4554-9DF3-58D9073D44E4}.Debug|iPhoneSimulator.ActiveCfg = Debug|Any CPU
		{FFE4BECD-F5F6-4554-9DF3-58D9073D44E4}.Debug|iPhoneSimulator.Build.0 = Debug|Any CPU
		{FFE4BECD-F5F6-4554-9DF3-58D9073D44E4}.Debug|iPhoneSimulator.Deploy.0 = Debug|Any CPU
		{FFE4BECD-F5F6-4554-9DF3-58D9073D44E4}.Debug|x64.ActiveCfg = Debug|Any CPU
		{FFE4BECD-F5F6-4554-9DF3-58D9073D44E4}.Debug|x64.Build.0 = Debug|Any CPU
		{FFE4BECD-F5F6-4554-9DF3-58D9073D44E4}.Debug|x64.Deploy.0 = Debug|Any CPU
		{FFE4BECD-F5F6-4554-9DF3-58D9073D44E4}.Debug|x86.ActiveCfg = Debug|Any CPU
		{FFE4BECD-F5F6-4554-9DF3-58D9073D44E4}.Debug|x86.Build.0 = Debug|Any CPU
		{FFE4BECD-F5F6-4554-9DF3-58D9073D44E4}.Debug|x86.Deploy.0 = Debug|Any CPU
		{FFE4BECD-F5F6-4554-9DF3-58D9073D44E4}.Release|Any CPU.ActiveCfg = Release|Any CPU
		{FFE4BECD-F5F6-4554-9DF3-58D9073D44E4}.Release|Any CPU.Build.0 = Release|Any CPU
		{FFE4BECD-F5F6-4554-9DF3-58D9073D44E4}.Release|Any CPU.Deploy.0 = Release|Any CPU
		{FFE4BECD-F5F6-4554-9DF3-58D9073D44E4}.Release|ARM.ActiveCfg = Release|Any CPU
		{FFE4BECD-F5F6-4554-9DF3-58D9073D44E4}.Release|ARM.Build.0 = Release|Any CPU
		{FFE4BECD-F5F6-4554-9DF3-58D9073D44E4}.Release|ARM.Deploy.0 = Release|Any CPU
		{FFE4BECD-F5F6-4554-9DF3-58D9073D44E4}.Release|iPhone.ActiveCfg = Release|Any CPU
		{FFE4BECD-F5F6-4554-9DF3-58D9073D44E4}.Release|iPhone.Build.0 = Release|Any CPU
		{FFE4BECD-F5F6-4554-9DF3-58D9073D44E4}.Release|iPhone.Deploy.0 = Release|Any CPU
		{FFE4BECD-F5F6-4554-9DF3-58D9073D44E4}.Release|iPhoneSimulator.ActiveCfg = Release|Any CPU
		{FFE4BECD-F5F6-4554-9DF3-58D9073D44E4}.Release|iPhoneSimulator.Build.0 = Release|Any CPU
		{FFE4BECD-F5F6-4554-9DF3-58D9073D44E4}.Release|iPhoneSimulator.Deploy.0 = Release|Any CPU
		{FFE4BECD-F5F6-4554-9DF3-58D9073D44E4}.Release|x64.ActiveCfg = Release|Any CPU
		{FFE4BECD-F5F6-4554-9DF3-58D9073D44E4}.Release|x64.Build.0 = Release|Any CPU
		{FFE4BECD-F5F6-4554-9DF3-58D9073D44E4}.Release|x64.Deploy.0 = Release|Any CPU
		{FFE4BECD-F5F6-4554-9DF3-58D9073D44E4}.Release|x86.ActiveCfg = Release|Any CPU
		{FFE4BECD-F5F6-4554-9DF3-58D9073D44E4}.Release|x86.Build.0 = Release|Any CPU
		{FFE4BECD-F5F6-4554-9DF3-58D9073D44E4}.Release|x86.Deploy.0 = Release|Any CPU
	EndGlobalSection
	GlobalSection(SolutionProperties) = preSolution
		HideSolutionNode = FALSE
	EndGlobalSection
	GlobalSection(ExtensibilityGlobals) = postSolution
		SolutionGuid = {2776D8E7-040C-4510-9B17-94422E1F681B}
	EndGlobalSection
EndGlobal
