
Microsoft Visual Studio Solution File, Format Version 12.00
# Visual Studio 14
VisualStudioVersion = 14.0.25420.1
MinimumVisualStudioVersion = 10.0.40219.1
Project("{FAE04EC0-301F-11D3-BF4B-00C04F79EFBC}") = "XFEntryWithInternalLabelsControl", "XFEntryWithInternalLabelsControl\XFEntryWithInternalLabelsControl\XFEntryWithInternalLabelsControl.csproj", "{C305D71D-7119-48D3-8FBA-8B5BA7DC3BD8}"
EndProject
Project("{FAE04EC0-301F-11D3-BF4B-00C04F79EFBC}") = "XFEntryWithInternalLabelsControl.Droid", "XFEntryWithInternalLabelsControl\XFEntryWithInternalLabelsControl.Droid\XFEntryWithInternalLabelsControl.Droid.csproj", "{D5CD8BB6-7FC9-4238-AD8C-F8468BF22BE8}"
EndProject
Project("{FAE04EC0-301F-11D3-BF4B-00C04F79EFBC}") = "XFEntryWithInternalLabelsControl.iOS", "XFEntryWithInternalLabelsControl\XFEntryWithInternalLabelsControl.iOS\XFEntryWithInternalLabelsControl.iOS.csproj", "{B9C0BDF1-DEE1-4AEC-9357-F23ADA1F02D0}"
EndProject
Global
	GlobalSection(SolutionConfigurationPlatforms) = preSolution
		Ad-Hoc|Any CPU = Ad-Hoc|Any CPU
		Ad-Hoc|ARM = Ad-Hoc|ARM
		Ad-Hoc|iPhone = Ad-Hoc|iPhone
		Ad-Hoc|iPhoneSimulator = Ad-Hoc|iPhoneSimulator
		Ad-Hoc|x64 = Ad-Hoc|x64
		Ad-Hoc|x86 = Ad-Hoc|x86
		AppStore|Any CPU = AppStore|Any CPU
		AppStore|ARM = AppStore|ARM
		AppStore|iPhone = AppStore|iPhone
		AppStore|iPhoneSimulator = AppStore|iPhoneSimulator
		AppStore|x64 = AppStore|x64
		AppStore|x86 = AppStore|x86
		Debug|Any CPU = Debug|Any CPU
		Debug|ARM = Debug|ARM
		Debug|iPhone = Debug|iPhone
		Debug|iPhoneSimulator = Debug|iPhoneSimulator
		Debug|x64 = Debug|x64
		Debug|x86 = Debug|x86
		Release|Any CPU = Release|Any CPU
		Release|ARM = Release|ARM
		Release|iPhone = Release|iPhone
		Release|iPhoneSimulator = Release|iPhoneSimulator
		Release|x64 = Release|x64
		Release|x86 = Release|x86
	EndGlobalSection
	GlobalSection(ProjectConfigurationPlatforms) = postSolution
		{C305D71D-7119-48D3-8FBA-8B5BA7DC3BD8}.Ad-Hoc|Any CPU.ActiveCfg = Release|Any CPU
		{C305D71D-7119-48D3-8FBA-8B5BA7DC3BD8}.Ad-Hoc|Any CPU.Build.0 = Release|Any CPU
		{C305D71D-7119-48D3-8FBA-8B5BA7DC3BD8}.Ad-Hoc|ARM.ActiveCfg = Release|Any CPU
		{C305D71D-7119-48D3-8FBA-8B5BA7DC3BD8}.Ad-Hoc|ARM.Build.0 = Release|Any CPU
		{C305D71D-7119-48D3-8FBA-8B5BA7DC3BD8}.Ad-Hoc|iPhone.ActiveCfg = Release|Any CPU
		{C305D71D-7119-48D3-8FBA-8B5BA7DC3BD8}.Ad-Hoc|iPhone.Build.0 = Release|Any CPU
		{C305D71D-7119-48D3-8FBA-8B5BA7DC3BD8}.Ad-Hoc|iPhoneSimulator.ActiveCfg = Release|Any CPU
		{C305D71D-7119-48D3-8FBA-8B5BA7DC3BD8}.Ad-Hoc|iPhoneSimulator.Build.0 = Release|Any CPU
		{C305D71D-7119-48D3-8FBA-8B5BA7DC3BD8}.Ad-Hoc|x64.ActiveCfg = Release|Any CPU
		{C305D71D-7119-48D3-8FBA-8B5BA7DC3BD8}.Ad-Hoc|x64.Build.0 = Release|Any CPU
		{C305D71D-7119-48D3-8FBA-8B5BA7DC3BD8}.Ad-Hoc|x86.ActiveCfg = Release|Any CPU
		{C305D71D-7119-48D3-8FBA-8B5BA7DC3BD8}.Ad-Hoc|x86.Build.0 = Release|Any CPU
		{C305D71D-7119-48D3-8FBA-8B5BA7DC3BD8}.AppStore|Any CPU.ActiveCfg = Release|Any CPU
		{C305D71D-7119-48D3-8FBA-8B5BA7DC3BD8}.AppStore|Any CPU.Build.0 = Release|Any CPU
		{C305D71D-7119-48D3-8FBA-8B5BA7DC3BD8}.AppStore|ARM.ActiveCfg = Release|Any CPU
		{C305D71D-7119-48D3-8FBA-8B5BA7DC3BD8}.AppStore|ARM.Build.0 = Release|Any CPU
		{C305D71D-7119-48D3-8FBA-8B5BA7DC3BD8}.AppStore|iPhone.ActiveCfg = Release|Any CPU
		{C305D71D-7119-48D3-8FBA-8B5BA7DC3BD8}.AppStore|iPhone.Build.0 = Release|Any CPU
		{C305D71D-7119-48D3-8FBA-8B5BA7DC3BD8}.AppStore|iPhoneSimulator.ActiveCfg = Release|Any CPU
		{C305D71D-7119-48D3-8FBA-8B5BA7DC3BD8}.AppStore|iPhoneSimulator.Build.0 = Release|Any CPU
		{C305D71D-7119-48D3-8FBA-8B5BA7DC3BD8}.AppStore|x64.ActiveCfg = Release|Any CPU
		{C305D71D-7119-48D3-8FBA-8B5BA7DC3BD8}.AppStore|x64.Build.0 = Release|Any CPU
		{C305D71D-7119-48D3-8FBA-8B5BA7DC3BD8}.AppStore|x86.ActiveCfg = Release|Any CPU
		{C305D71D-7119-48D3-8FBA-8B5BA7DC3BD8}.AppStore|x86.Build.0 = Release|Any CPU
		{C305D71D-7119-48D3-8FBA-8B5BA7DC3BD8}.Debug|Any CPU.ActiveCfg = Debug|Any CPU
		{C305D71D-7119-48D3-8FBA-8B5BA7DC3BD8}.Debug|Any CPU.Build.0 = Debug|Any CPU
		{C305D71D-7119-48D3-8FBA-8B5BA7DC3BD8}.Debug|ARM.ActiveCfg = Debug|Any CPU
		{C305D71D-7119-48D3-8FBA-8B5BA7DC3BD8}.Debug|ARM.Build.0 = Debug|Any CPU
		{C305D71D-7119-48D3-8FBA-8B5BA7DC3BD8}.Debug|iPhone.ActiveCfg = Debug|Any CPU
		{C305D71D-7119-48D3-8FBA-8B5BA7DC3BD8}.Debug|iPhone.Build.0 = Debug|Any CPU
		{C305D71D-7119-48D3-8FBA-8B5BA7DC3BD8}.Debug|iPhoneSimulator.ActiveCfg = Debug|Any CPU
		{C305D71D-7119-48D3-8FBA-8B5BA7DC3BD8}.Debug|iPhoneSimulator.Build.0 = Debug|Any CPU
		{C305D71D-7119-48D3-8FBA-8B5BA7DC3BD8}.Debug|x64.ActiveCfg = Debug|Any CPU
		{C305D71D-7119-48D3-8FBA-8B5BA7DC3BD8}.Debug|x64.Build.0 = Debug|Any CPU
		{C305D71D-7119-48D3-8FBA-8B5BA7DC3BD8}.Debug|x86.ActiveCfg = Debug|Any CPU
		{C305D71D-7119-48D3-8FBA-8B5BA7DC3BD8}.Debug|x86.Build.0 = Debug|Any CPU
		{C305D71D-7119-48D3-8FBA-8B5BA7DC3BD8}.Release|Any CPU.ActiveCfg = Release|Any CPU
		{C305D71D-7119-48D3-8FBA-8B5BA7DC3BD8}.Release|Any CPU.Build.0 = Release|Any CPU
		{C305D71D-7119-48D3-8FBA-8B5BA7DC3BD8}.Release|ARM.ActiveCfg = Release|Any CPU
		{C305D71D-7119-48D3-8FBA-8B5BA7DC3BD8}.Release|ARM.Build.0 = Release|Any CPU
		{C305D71D-7119-48D3-8FBA-8B5BA7DC3BD8}.Release|iPhone.ActiveCfg = Release|Any CPU
		{C305D71D-7119-48D3-8FBA-8B5BA7DC3BD8}.Release|iPhone.Build.0 = Release|Any CPU
		{C305D71D-7119-48D3-8FBA-8B5BA7DC3BD8}.Release|iPhoneSimulator.ActiveCfg = Release|Any CPU
		{C305D71D-7119-48D3-8FBA-8B5BA7DC3BD8}.Release|iPhoneSimulator.Build.0 = Release|Any CPU
		{C305D71D-7119-48D3-8FBA-8B5BA7DC3BD8}.Release|x64.ActiveCfg = Release|Any CPU
		{C305D71D-7119-48D3-8FBA-8B5BA7DC3BD8}.Release|x64.Build.0 = Release|Any CPU
		{C305D71D-7119-48D3-8FBA-8B5BA7DC3BD8}.Release|x86.ActiveCfg = Release|Any CPU
		{C305D71D-7119-48D3-8FBA-8B5BA7DC3BD8}.Release|x86.Build.0 = Release|Any CPU
		{D5CD8BB6-7FC9-4238-AD8C-F8468BF22BE8}.Ad-Hoc|Any CPU.ActiveCfg = Release|Any CPU
		{D5CD8BB6-7FC9-4238-AD8C-F8468BF22BE8}.Ad-Hoc|Any CPU.Build.0 = Release|Any CPU
		{D5CD8BB6-7FC9-4238-AD8C-F8468BF22BE8}.Ad-Hoc|Any CPU.Deploy.0 = Release|Any CPU
		{D5CD8BB6-7FC9-4238-AD8C-F8468BF22BE8}.Ad-Hoc|ARM.ActiveCfg = Release|Any CPU
		{D5CD8BB6-7FC9-4238-AD8C-F8468BF22BE8}.Ad-Hoc|ARM.Build.0 = Release|Any CPU
		{D5CD8BB6-7FC9-4238-AD8C-F8468BF22BE8}.Ad-Hoc|ARM.Deploy.0 = Release|Any CPU
		{D5CD8BB6-7FC9-4238-AD8C-F8468BF22BE8}.Ad-Hoc|iPhone.ActiveCfg = Release|Any CPU
		{D5CD8BB6-7FC9-4238-AD8C-F8468BF22BE8}.Ad-Hoc|iPhone.Build.0 = Release|Any CPU
		{D5CD8BB6-7FC9-4238-AD8C-F8468BF22BE8}.Ad-Hoc|iPhone.Deploy.0 = Release|Any CPU
		{D5CD8BB6-7FC9-4238-AD8C-F8468BF22BE8}.Ad-Hoc|iPhoneSimulator.ActiveCfg = Release|Any CPU
		{D5CD8BB6-7FC9-4238-AD8C-F8468BF22BE8}.Ad-Hoc|iPhoneSimulator.Build.0 = Release|Any CPU
		{D5CD8BB6-7FC9-4238-AD8C-F8468BF22BE8}.Ad-Hoc|iPhoneSimulator.Deploy.0 = Release|Any CPU
		{D5CD8BB6-7FC9-4238-AD8C-F8468BF22BE8}.Ad-Hoc|x64.ActiveCfg = Release|Any CPU
		{D5CD8BB6-7FC9-4238-AD8C-F8468BF22BE8}.Ad-Hoc|x64.Build.0 = Release|Any CPU
		{D5CD8BB6-7FC9-4238-AD8C-F8468BF22BE8}.Ad-Hoc|x64.Deploy.0 = Release|Any CPU
		{D5CD8BB6-7FC9-4238-AD8C-F8468BF22BE8}.Ad-Hoc|x86.ActiveCfg = Release|Any CPU
		{D5CD8BB6-7FC9-4238-AD8C-F8468BF22BE8}.Ad-Hoc|x86.Build.0 = Release|Any CPU
		{D5CD8BB6-7FC9-4238-AD8C-F8468BF22BE8}.Ad-Hoc|x86.Deploy.0 = Release|Any CPU
		{D5CD8BB6-7FC9-4238-AD8C-F8468BF22BE8}.AppStore|Any CPU.ActiveCfg = Release|Any CPU
		{D5CD8BB6-7FC9-4238-AD8C-F8468BF22BE8}.AppStore|Any CPU.Build.0 = Release|Any CPU
		{D5CD8BB6-7FC9-4238-AD8C-F8468BF22BE8}.AppStore|Any CPU.Deploy.0 = Release|Any CPU
		{D5CD8BB6-7FC9-4238-AD8C-F8468BF22BE8}.AppStore|ARM.ActiveCfg = Release|Any CPU
		{D5CD8BB6-7FC9-4238-AD8C-F8468BF22BE8}.AppStore|ARM.Build.0 = Release|Any CPU
		{D5CD8BB6-7FC9-4238-AD8C-F8468BF22BE8}.AppStore|ARM.Deploy.0 = Release|Any CPU
		{D5CD8BB6-7FC9-4238-AD8C-F8468BF22BE8}.AppStore|iPhone.ActiveCfg = Release|Any CPU
		{D5CD8BB6-7FC9-4238-AD8C-F8468BF22BE8}.AppStore|iPhone.Build.0 = Release|Any CPU
		{D5CD8BB6-7FC9-4238-AD8C-F8468BF22BE8}.AppStore|iPhone.Deploy.0 = Release|Any CPU
		{D5CD8BB6-7FC9-4238-AD8C-F8468BF22BE8}.AppStore|iPhoneSimulator.ActiveCfg = Release|Any CPU
		{D5CD8BB6-7FC9-4238-AD8C-F8468BF22BE8}.AppStore|iPhoneSimulator.Build.0 = Release|Any CPU
		{D5CD8BB6-7FC9-4238-AD8C-F8468BF22BE8}.AppStore|iPhoneSimulator.Deploy.0 = Release|Any CPU
		{D5CD8BB6-7FC9-4238-AD8C-F8468BF22BE8}.AppStore|x64.ActiveCfg = Release|Any CPU
		{D5CD8BB6-7FC9-4238-AD8C-F8468BF22BE8}.AppStore|x64.Build.0 = Release|Any CPU
		{D5CD8BB6-7FC9-4238-AD8C-F8468BF22BE8}.AppStore|x64.Deploy.0 = Release|Any CPU
		{D5CD8BB6-7FC9-4238-AD8C-F8468BF22BE8}.AppStore|x86.ActiveCfg = Release|Any CPU
		{D5CD8BB6-7FC9-4238-AD8C-F8468BF22BE8}.AppStore|x86.Build.0 = Release|Any CPU
		{D5CD8BB6-7FC9-4238-AD8C-F8468BF22BE8}.AppStore|x86.Deploy.0 = Release|Any CPU
		{D5CD8BB6-7FC9-4238-AD8C-F8468BF22BE8}.Debug|Any CPU.ActiveCfg = Debug|Any CPU
		{D5CD8BB6-7FC9-4238-AD8C-F8468BF22BE8}.Debug|Any CPU.Build.0 = Debug|Any CPU
		{D5CD8BB6-7FC9-4238-AD8C-F8468BF22BE8}.Debug|Any CPU.Deploy.0 = Debug|Any CPU
		{D5CD8BB6-7FC9-4238-AD8C-F8468BF22BE8}.Debug|ARM.ActiveCfg = Debug|Any CPU
		{D5CD8BB6-7FC9-4238-AD8C-F8468BF22BE8}.Debug|ARM.Build.0 = Debug|Any CPU
		{D5CD8BB6-7FC9-4238-AD8C-F8468BF22BE8}.Debug|ARM.Deploy.0 = Debug|Any CPU
		{D5CD8BB6-7FC9-4238-AD8C-F8468BF22BE8}.Debug|iPhone.ActiveCfg = Debug|Any CPU
		{D5CD8BB6-7FC9-4238-AD8C-F8468BF22BE8}.Debug|iPhone.Build.0 = Debug|Any CPU
		{D5CD8BB6-7FC9-4238-AD8C-F8468BF22BE8}.Debug|iPhone.Deploy.0 = Debug|Any CPU
		{D5CD8BB6-7FC9-4238-AD8C-F8468BF22BE8}.Debug|iPhoneSimulator.ActiveCfg = Debug|Any CPU
		{D5CD8BB6-7FC9-4238-AD8C-F8468BF22BE8}.Debug|iPhoneSimulator.Build.0 = Debug|Any CPU
		{D5CD8BB6-7FC9-4238-AD8C-F8468BF22BE8}.Debug|iPhoneSimulator.Deploy.0 = Debug|Any CPU
		{D5CD8BB6-7FC9-4238-AD8C-F8468BF22BE8}.Debug|x64.ActiveCfg = Debug|Any CPU
		{D5CD8BB6-7FC9-4238-AD8C-F8468BF22BE8}.Debug|x64.Build.0 = Debug|Any CPU
		{D5CD8BB6-7FC9-4238-AD8C-F8468BF22BE8}.Debug|x64.Deploy.0 = Debug|Any CPU
		{D5CD8BB6-7FC9-4238-AD8C-F8468BF22BE8}.Debug|x86.ActiveCfg = Debug|Any CPU
		{D5CD8BB6-7FC9-4238-AD8C-F8468BF22BE8}.Debug|x86.Build.0 = Debug|Any CPU
		{D5CD8BB6-7FC9-4238-AD8C-F8468BF22BE8}.Debug|x86.Deploy.0 = Debug|Any CPU
		{D5CD8BB6-7FC9-4238-AD8C-F8468BF22BE8}.Release|Any CPU.ActiveCfg = Release|Any CPU
		{D5CD8BB6-7FC9-4238-AD8C-F8468BF22BE8}.Release|Any CPU.Build.0 = Release|Any CPU
		{D5CD8BB6-7FC9-4238-AD8C-F8468BF22BE8}.Release|Any CPU.Deploy.0 = Release|Any CPU
		{D5CD8BB6-7FC9-4238-AD8C-F8468BF22BE8}.Release|ARM.ActiveCfg = Release|Any CPU
		{D5CD8BB6-7FC9-4238-AD8C-F8468BF22BE8}.Release|ARM.Build.0 = Release|Any CPU
		{D5CD8BB6-7FC9-4238-AD8C-F8468BF22BE8}.Release|ARM.Deploy.0 = Release|Any CPU
		{D5CD8BB6-7FC9-4238-AD8C-F8468BF22BE8}.Release|iPhone.ActiveCfg = Release|Any CPU
		{D5CD8BB6-7FC9-4238-AD8C-F8468BF22BE8}.Release|iPhone.Build.0 = Release|Any CPU
		{D5CD8BB6-7FC9-4238-AD8C-F8468BF22BE8}.Release|iPhone.Deploy.0 = Release|Any CPU
		{D5CD8BB6-7FC9-4238-AD8C-F8468BF22BE8}.Release|iPhoneSimulator.ActiveCfg = Release|Any CPU
		{D5CD8BB6-7FC9-4238-AD8C-F8468BF22BE8}.Release|iPhoneSimulator.Build.0 = Release|Any CPU
		{D5CD8BB6-7FC9-4238-AD8C-F8468BF22BE8}.Release|iPhoneSimulator.Deploy.0 = Release|Any CPU
		{D5CD8BB6-7FC9-4238-AD8C-F8468BF22BE8}.Release|x64.ActiveCfg = Release|Any CPU
		{D5CD8BB6-7FC9-4238-AD8C-F8468BF22BE8}.Release|x64.Build.0 = Release|Any CPU
		{D5CD8BB6-7FC9-4238-AD8C-F8468BF22BE8}.Release|x64.Deploy.0 = Release|Any CPU
		{D5CD8BB6-7FC9-4238-AD8C-F8468BF22BE8}.Release|x86.ActiveCfg = Release|Any CPU
		{D5CD8BB6-7FC9-4238-AD8C-F8468BF22BE8}.Release|x86.Build.0 = Release|Any CPU
		{D5CD8BB6-7FC9-4238-AD8C-F8468BF22BE8}.Release|x86.Deploy.0 = Release|Any CPU
		{B9C0BDF1-DEE1-4AEC-9357-F23ADA1F02D0}.Ad-Hoc|Any CPU.ActiveCfg = Ad-Hoc|iPhone
		{B9C0BDF1-DEE1-4AEC-9357-F23ADA1F02D0}.Ad-Hoc|ARM.ActiveCfg = Ad-Hoc|iPhone
		{B9C0BDF1-DEE1-4AEC-9357-F23ADA1F02D0}.Ad-Hoc|iPhone.ActiveCfg = Ad-Hoc|iPhone
		{B9C0BDF1-DEE1-4AEC-9357-F23ADA1F02D0}.Ad-Hoc|iPhone.Build.0 = Ad-Hoc|iPhone
		{B9C0BDF1-DEE1-4AEC-9357-F23ADA1F02D0}.Ad-Hoc|iPhoneSimulator.ActiveCfg = Ad-Hoc|iPhoneSimulator
		{B9C0BDF1-DEE1-4AEC-9357-F23ADA1F02D0}.Ad-Hoc|iPhoneSimulator.Build.0 = Ad-Hoc|iPhoneSimulator
		{B9C0BDF1-DEE1-4AEC-9357-F23ADA1F02D0}.Ad-Hoc|x64.ActiveCfg = Ad-Hoc|iPhone
		{B9C0BDF1-DEE1-4AEC-9357-F23ADA1F02D0}.Ad-Hoc|x86.ActiveCfg = Ad-Hoc|iPhone
		{B9C0BDF1-DEE1-4AEC-9357-F23ADA1F02D0}.AppStore|Any CPU.ActiveCfg = AppStore|iPhone
		{B9C0BDF1-DEE1-4AEC-9357-F23ADA1F02D0}.AppStore|ARM.ActiveCfg = AppStore|iPhone
		{B9C0BDF1-DEE1-4AEC-9357-F23ADA1F02D0}.AppStore|iPhone.ActiveCfg = AppStore|iPhone
		{B9C0BDF1-DEE1-4AEC-9357-F23ADA1F02D0}.AppStore|iPhone.Build.0 = AppStore|iPhone
		{B9C0BDF1-DEE1-4AEC-9357-F23ADA1F02D0}.AppStore|iPhoneSimulator.ActiveCfg = AppStore|iPhoneSimulator
		{B9C0BDF1-DEE1-4AEC-9357-F23ADA1F02D0}.AppStore|iPhoneSimulator.Build.0 = AppStore|iPhoneSimulator
		{B9C0BDF1-DEE1-4AEC-9357-F23ADA1F02D0}.AppStore|x64.ActiveCfg = AppStore|iPhone
		{B9C0BDF1-DEE1-4AEC-9357-F23ADA1F02D0}.AppStore|x86.ActiveCfg = AppStore|iPhone
		{B9C0BDF1-DEE1-4AEC-9357-F23ADA1F02D0}.Debug|Any CPU.ActiveCfg = Debug|iPhone
		{B9C0BDF1-DEE1-4AEC-9357-F23ADA1F02D0}.Debug|ARM.ActiveCfg = Debug|iPhone
		{B9C0BDF1-DEE1-4AEC-9357-F23ADA1F02D0}.Debug|iPhone.ActiveCfg = Debug|iPhone
		{B9C0BDF1-DEE1-4AEC-9357-F23ADA1F02D0}.Debug|iPhone.Build.0 = Debug|iPhone
		{B9C0BDF1-DEE1-4AEC-9357-F23ADA1F02D0}.Debug|iPhoneSimulator.ActiveCfg = Debug|iPhoneSimulator
		{B9C0BDF1-DEE1-4AEC-9357-F23ADA1F02D0}.Debug|iPhoneSimulator.Build.0 = Debug|iPhoneSimulator
		{B9C0BDF1-DEE1-4AEC-9357-F23ADA1F02D0}.Debug|x64.ActiveCfg = Debug|iPhone
		{B9C0BDF1-DEE1-4AEC-9357-F23ADA1F02D0}.Debug|x86.ActiveCfg = Debug|iPhone
		{B9C0BDF1-DEE1-4AEC-9357-F23ADA1F02D0}.Release|Any CPU.ActiveCfg = Release|iPhone
		{B9C0BDF1-DEE1-4AEC-9357-F23ADA1F02D0}.Release|ARM.ActiveCfg = Release|iPhone
		{B9C0BDF1-DEE1-4AEC-9357-F23ADA1F02D0}.Release|iPhone.ActiveCfg = Release|iPhone
		{B9C0BDF1-DEE1-4AEC-9357-F23ADA1F02D0}.Release|iPhone.Build.0 = Release|iPhone
		{B9C0BDF1-DEE1-4AEC-9357-F23ADA1F02D0}.Release|iPhoneSimulator.ActiveCfg = Release|iPhoneSimulator
		{B9C0BDF1-DEE1-4AEC-9357-F23ADA1F02D0}.Release|iPhoneSimulator.Build.0 = Release|iPhoneSimulator
		{B9C0BDF1-DEE1-4AEC-9357-F23ADA1F02D0}.Release|x64.ActiveCfg = Release|iPhone
		{B9C0BDF1-DEE1-4AEC-9357-F23ADA1F02D0}.Release|x86.ActiveCfg = Release|iPhone
	EndGlobalSection
	GlobalSection(SolutionProperties) = preSolution
		HideSolutionNode = FALSE
	EndGlobalSection
EndGlobal
