
Microsoft Visual Studio Solution File, Format Version 12.00
# Visual Studio 15
VisualStudioVersion = 15.0.27703.2018
MinimumVisualStudioVersion = 10.0.40219.1
Project("{FAE04EC0-301F-11D3-BF4B-00C04F79EFBC}") = "XFSegmentedControl.Android", "XFSegmentedControl\XFSegmentedControl.Android\XFSegmentedControl.Android.csproj", "{12730636-FFA0-481D-89EE-322A69EC1F9F}"
EndProject
Project("{FAE04EC0-301F-11D3-BF4B-00C04F79EFBC}") = "XFSegmentedControl.iOS", "XFSegmentedControl\XFSegmentedControl.iOS\XFSegmentedControl.iOS.csproj", "{2560ED8A-5CE7-4442-838D-9A195DC62A46}"
EndProject
Project("{FAE04EC0-301F-11D3-BF4B-00C04F79EFBC}") = "XFSegmentedControl.UWP", "XFSegmentedControl\XFSegmentedControl.UWP\XFSegmentedControl.UWP.csproj", "{8C1DAAA9-EC42-4669-8C7E-776C3A1844C9}"
EndProject
Project("{FAE04EC0-301F-11D3-BF4B-00C04F79EFBC}") = "XFSegmentedControl", "XFSegmentedControl\XFSegmentedControl\XFSegmentedControl.csproj", "{44509EF7-00BD-48E6-A9D5-22C417377A80}"
EndProject
Global
	GlobalSection(SolutionConfigurationPlatforms) = preSolution
		Ad-Hoc|Any CPU = Ad-Hoc|Any CPU
		Ad-Hoc|ARM = Ad-Hoc|ARM
		Ad-Hoc|iPhone = Ad-Hoc|iPhone
		Ad-Hoc|iPhoneSimulator = Ad-Hoc|iPhoneSimulator
		Ad-Hoc|x64 = Ad-Hoc|x64
		Ad-Hoc|x86 = Ad-Hoc|x86
		AppStore|Any CPU = AppStore|Any CPU
		AppStore|ARM = AppStore|ARM
		AppStore|iPhone = AppStore|iPhone
		AppStore|iPhoneSimulator = AppStore|iPhoneSimulator
		AppStore|x64 = AppStore|x64
		AppStore|x86 = AppStore|x86
		Debug|Any CPU = Debug|Any CPU
		Debug|ARM = Debug|ARM
		Debug|iPhone = Debug|iPhone
		Debug|iPhoneSimulator = Debug|iPhoneSimulator
		Debug|x64 = Debug|x64
		Debug|x86 = Debug|x86
		Release|Any CPU = Release|Any CPU
		Release|ARM = Release|ARM
		Release|iPhone = Release|iPhone
		Release|iPhoneSimulator = Release|iPhoneSimulator
		Release|x64 = Release|x64
		Release|x86 = Release|x86
	EndGlobalSection
	GlobalSection(ProjectConfigurationPlatforms) = postSolution
		{12730636-FFA0-481D-89EE-322A69EC1F9F}.Ad-Hoc|Any CPU.ActiveCfg = Release|Any CPU
		{12730636-FFA0-481D-89EE-322A69EC1F9F}.Ad-Hoc|Any CPU.Build.0 = Release|Any CPU
		{12730636-FFA0-481D-89EE-322A69EC1F9F}.Ad-Hoc|Any CPU.Deploy.0 = Release|Any CPU
		{12730636-FFA0-481D-89EE-322A69EC1F9F}.Ad-Hoc|ARM.ActiveCfg = Release|Any CPU
		{12730636-FFA0-481D-89EE-322A69EC1F9F}.Ad-Hoc|ARM.Build.0 = Release|Any CPU
		{12730636-FFA0-481D-89EE-322A69EC1F9F}.Ad-Hoc|ARM.Deploy.0 = Release|Any CPU
		{12730636-FFA0-481D-89EE-322A69EC1F9F}.Ad-Hoc|iPhone.ActiveCfg = Release|Any CPU
		{12730636-FFA0-481D-89EE-322A69EC1F9F}.Ad-Hoc|iPhone.Build.0 = Release|Any CPU
		{12730636-FFA0-481D-89EE-322A69EC1F9F}.Ad-Hoc|iPhone.Deploy.0 = Release|Any CPU
		{12730636-FFA0-481D-89EE-322A69EC1F9F}.Ad-Hoc|iPhoneSimulator.ActiveCfg = Release|Any CPU
		{12730636-FFA0-481D-89EE-322A69EC1F9F}.Ad-Hoc|iPhoneSimulator.Build.0 = Release|Any CPU
		{12730636-FFA0-481D-89EE-322A69EC1F9F}.Ad-Hoc|iPhoneSimulator.Deploy.0 = Release|Any CPU
		{12730636-FFA0-481D-89EE-322A69EC1F9F}.Ad-Hoc|x64.ActiveCfg = Release|Any CPU
		{12730636-FFA0-481D-89EE-322A69EC1F9F}.Ad-Hoc|x64.Build.0 = Release|Any CPU
		{12730636-FFA0-481D-89EE-322A69EC1F9F}.Ad-Hoc|x64.Deploy.0 = Release|Any CPU
		{12730636-FFA0-481D-89EE-322A69EC1F9F}.Ad-Hoc|x86.ActiveCfg = Release|Any CPU
		{12730636-FFA0-481D-89EE-322A69EC1F9F}.Ad-Hoc|x86.Build.0 = Release|Any CPU
		{12730636-FFA0-481D-89EE-322A69EC1F9F}.Ad-Hoc|x86.Deploy.0 = Release|Any CPU
		{12730636-FFA0-481D-89EE-322A69EC1F9F}.AppStore|Any CPU.ActiveCfg = Release|Any CPU
		{12730636-FFA0-481D-89EE-322A69EC1F9F}.AppStore|Any CPU.Build.0 = Release|Any CPU
		{12730636-FFA0-481D-89EE-322A69EC1F9F}.AppStore|Any CPU.Deploy.0 = Release|Any CPU
		{12730636-FFA0-481D-89EE-322A69EC1F9F}.AppStore|ARM.ActiveCfg = Release|Any CPU
		{12730636-FFA0-481D-89EE-322A69EC1F9F}.AppStore|ARM.Build.0 = Release|Any CPU
		{12730636-FFA0-481D-89EE-322A69EC1F9F}.AppStore|ARM.Deploy.0 = Release|Any CPU
		{12730636-FFA0-481D-89EE-322A69EC1F9F}.AppStore|iPhone.ActiveCfg = Release|Any CPU
		{12730636-FFA0-481D-89EE-322A69EC1F9F}.AppStore|iPhone.Build.0 = Release|Any CPU
		{12730636-FFA0-481D-89EE-322A69EC1F9F}.AppStore|iPhone.Deploy.0 = Release|Any CPU
		{12730636-FFA0-481D-89EE-322A69EC1F9F}.AppStore|iPhoneSimulator.ActiveCfg = Release|Any CPU
		{12730636-FFA0-481D-89EE-322A69EC1F9F}.AppStore|iPhoneSimulator.Build.0 = Release|Any CPU
		{12730636-FFA0-481D-89EE-322A69EC1F9F}.AppStore|iPhoneSimulator.Deploy.0 = Release|Any CPU
		{12730636-FFA0-481D-89EE-322A69EC1F9F}.AppStore|x64.ActiveCfg = Release|Any CPU
		{12730636-FFA0-481D-89EE-322A69EC1F9F}.AppStore|x64.Build.0 = Release|Any CPU
		{12730636-FFA0-481D-89EE-322A69EC1F9F}.AppStore|x64.Deploy.0 = Release|Any CPU
		{12730636-FFA0-481D-89EE-322A69EC1F9F}.AppStore|x86.ActiveCfg = Release|Any CPU
		{12730636-FFA0-481D-89EE-322A69EC1F9F}.AppStore|x86.Build.0 = Release|Any CPU
		{12730636-FFA0-481D-89EE-322A69EC1F9F}.AppStore|x86.Deploy.0 = Release|Any CPU
		{12730636-FFA0-481D-89EE-322A69EC1F9F}.Debug|Any CPU.ActiveCfg = Debug|Any CPU
		{12730636-FFA0-481D-89EE-322A69EC1F9F}.Debug|Any CPU.Build.0 = Debug|Any CPU
		{12730636-FFA0-481D-89EE-322A69EC1F9F}.Debug|Any CPU.Deploy.0 = Debug|Any CPU
		{12730636-FFA0-481D-89EE-322A69EC1F9F}.Debug|ARM.ActiveCfg = Debug|Any CPU
		{12730636-FFA0-481D-89EE-322A69EC1F9F}.Debug|ARM.Build.0 = Debug|Any CPU
		{12730636-FFA0-481D-89EE-322A69EC1F9F}.Debug|ARM.Deploy.0 = Debug|Any CPU
		{12730636-FFA0-481D-89EE-322A69EC1F9F}.Debug|iPhone.ActiveCfg = Debug|Any CPU
		{12730636-FFA0-481D-89EE-322A69EC1F9F}.Debug|iPhone.Build.0 = Debug|Any CPU
		{12730636-FFA0-481D-89EE-322A69EC1F9F}.Debug|iPhone.Deploy.0 = Debug|Any CPU
		{12730636-FFA0-481D-89EE-322A69EC1F9F}.Debug|iPhoneSimulator.ActiveCfg = Debug|Any CPU
		{12730636-FFA0-481D-89EE-322A69EC1F9F}.Debug|iPhoneSimulator.Build.0 = Debug|Any CPU
		{12730636-FFA0-481D-89EE-322A69EC1F9F}.Debug|iPhoneSimulator.Deploy.0 = Debug|Any CPU
		{12730636-FFA0-481D-89EE-322A69EC1F9F}.Debug|x64.ActiveCfg = Debug|Any CPU
		{12730636-FFA0-481D-89EE-322A69EC1F9F}.Debug|x64.Build.0 = Debug|Any CPU
		{12730636-FFA0-481D-89EE-322A69EC1F9F}.Debug|x64.Deploy.0 = Debug|Any CPU
		{12730636-FFA0-481D-89EE-322A69EC1F9F}.Debug|x86.ActiveCfg = Debug|Any CPU
		{12730636-FFA0-481D-89EE-322A69EC1F9F}.Debug|x86.Build.0 = Debug|Any CPU
		{12730636-FFA0-481D-89EE-322A69EC1F9F}.Debug|x86.Deploy.0 = Debug|Any CPU
		{12730636-FFA0-481D-89EE-322A69EC1F9F}.Release|Any CPU.ActiveCfg = Release|Any CPU
		{12730636-FFA0-481D-89EE-322A69EC1F9F}.Release|Any CPU.Build.0 = Release|Any CPU
		{12730636-FFA0-481D-89EE-322A69EC1F9F}.Release|Any CPU.Deploy.0 = Release|Any CPU
		{12730636-FFA0-481D-89EE-322A69EC1F9F}.Release|ARM.ActiveCfg = Release|Any CPU
		{12730636-FFA0-481D-89EE-322A69EC1F9F}.Release|ARM.Build.0 = Release|Any CPU
		{12730636-FFA0-481D-89EE-322A69EC1F9F}.Release|ARM.Deploy.0 = Release|Any CPU
		{12730636-FFA0-481D-89EE-322A69EC1F9F}.Release|iPhone.ActiveCfg = Release|Any CPU
		{12730636-FFA0-481D-89EE-322A69EC1F9F}.Release|iPhone.Build.0 = Release|Any CPU
		{12730636-FFA0-481D-89EE-322A69EC1F9F}.Release|iPhone.Deploy.0 = Release|Any CPU
		{12730636-FFA0-481D-89EE-322A69EC1F9F}.Release|iPhoneSimulator.ActiveCfg = Release|Any CPU
		{12730636-FFA0-481D-89EE-322A69EC1F9F}.Release|iPhoneSimulator.Build.0 = Release|Any CPU
		{12730636-FFA0-481D-89EE-322A69EC1F9F}.Release|iPhoneSimulator.Deploy.0 = Release|Any CPU
		{12730636-FFA0-481D-89EE-322A69EC1F9F}.Release|x64.ActiveCfg = Release|Any CPU
		{12730636-FFA0-481D-89EE-322A69EC1F9F}.Release|x64.Build.0 = Release|Any CPU
		{12730636-FFA0-481D-89EE-322A69EC1F9F}.Release|x64.Deploy.0 = Release|Any CPU
		{12730636-FFA0-481D-89EE-322A69EC1F9F}.Release|x86.ActiveCfg = Release|Any CPU
		{12730636-FFA0-481D-89EE-322A69EC1F9F}.Release|x86.Build.0 = Release|Any CPU
		{12730636-FFA0-481D-89EE-322A69EC1F9F}.Release|x86.Deploy.0 = Release|Any CPU
		{2560ED8A-5CE7-4442-838D-9A195DC62A46}.Ad-Hoc|Any CPU.ActiveCfg = Ad-Hoc|iPhone
		{2560ED8A-5CE7-4442-838D-9A195DC62A46}.Ad-Hoc|Any CPU.Build.0 = Ad-Hoc|iPhone
		{2560ED8A-5CE7-4442-838D-9A195DC62A46}.Ad-Hoc|Any CPU.Deploy.0 = Ad-Hoc|iPhone
		{2560ED8A-5CE7-4442-838D-9A195DC62A46}.Ad-Hoc|ARM.ActiveCfg = Ad-Hoc|iPhone
		{2560ED8A-5CE7-4442-838D-9A195DC62A46}.Ad-Hoc|ARM.Build.0 = Ad-Hoc|iPhone
		{2560ED8A-5CE7-4442-838D-9A195DC62A46}.Ad-Hoc|ARM.Deploy.0 = Ad-Hoc|iPhone
		{2560ED8A-5CE7-4442-838D-9A195DC62A46}.Ad-Hoc|iPhone.ActiveCfg = Ad-Hoc|iPhone
		{2560ED8A-5CE7-4442-838D-9A195DC62A46}.Ad-Hoc|iPhone.Build.0 = Ad-Hoc|iPhone
		{2560ED8A-5CE7-4442-838D-9A195DC62A46}.Ad-Hoc|iPhone.Deploy.0 = Ad-Hoc|iPhone
		{2560ED8A-5CE7-4442-838D-9A195DC62A46}.Ad-Hoc|iPhoneSimulator.ActiveCfg = Ad-Hoc|iPhoneSimulator
		{2560ED8A-5CE7-4442-838D-9A195DC62A46}.Ad-Hoc|iPhoneSimulator.Build.0 = Ad-Hoc|iPhoneSimulator
		{2560ED8A-5CE7-4442-838D-9A195DC62A46}.Ad-Hoc|iPhoneSimulator.Deploy.0 = Ad-Hoc|iPhoneSimulator
		{2560ED8A-5CE7-4442-838D-9A195DC62A46}.Ad-Hoc|x64.ActiveCfg = Ad-Hoc|iPhone
		{2560ED8A-5CE7-4442-838D-9A195DC62A46}.Ad-Hoc|x64.Build.0 = Ad-Hoc|iPhone
		{2560ED8A-5CE7-4442-838D-9A195DC62A46}.Ad-Hoc|x64.Deploy.0 = Ad-Hoc|iPhone
		{2560ED8A-5CE7-4442-838D-9A195DC62A46}.Ad-Hoc|x86.ActiveCfg = Ad-Hoc|iPhone
		{2560ED8A-5CE7-4442-838D-9A195DC62A46}.Ad-Hoc|x86.Build.0 = Ad-Hoc|iPhone
		{2560ED8A-5CE7-4442-838D-9A195DC62A46}.Ad-Hoc|x86.Deploy.0 = Ad-Hoc|iPhone
		{2560ED8A-5CE7-4442-838D-9A195DC62A46}.AppStore|Any CPU.ActiveCfg = AppStore|iPhone
		{2560ED8A-5CE7-4442-838D-9A195DC62A46}.AppStore|Any CPU.Build.0 = AppStore|iPhone
		{2560ED8A-5CE7-4442-838D-9A195DC62A46}.AppStore|Any CPU.Deploy.0 = AppStore|iPhone
		{2560ED8A-5CE7-4442-838D-9A195DC62A46}.AppStore|ARM.ActiveCfg = AppStore|iPhone
		{2560ED8A-5CE7-4442-838D-9A195DC62A46}.AppStore|ARM.Build.0 = AppStore|iPhone
		{2560ED8A-5CE7-4442-838D-9A195DC62A46}.AppStore|ARM.Deploy.0 = AppStore|iPhone
		{2560ED8A-5CE7-4442-838D-9A195DC62A46}.AppStore|iPhone.ActiveCfg = AppStore|iPhone
		{2560ED8A-5CE7-4442-838D-9A195DC62A46}.AppStore|iPhone.Build.0 = AppStore|iPhone
		{2560ED8A-5CE7-4442-838D-9A195DC62A46}.AppStore|iPhone.Deploy.0 = AppStore|iPhone
		{2560ED8A-5CE7-4442-838D-9A195DC62A46}.AppStore|iPhoneSimulator.ActiveCfg = AppStore|iPhoneSimulator
		{2560ED8A-5CE7-4442-838D-9A195DC62A46}.AppStore|iPhoneSimulator.Build.0 = AppStore|iPhoneSimulator
		{2560ED8A-5CE7-4442-838D-9A195DC62A46}.AppStore|iPhoneSimulator.Deploy.0 = AppStore|iPhoneSimulator
		{2560ED8A-5CE7-4442-838D-9A195DC62A46}.AppStore|x64.ActiveCfg = AppStore|iPhone
		{2560ED8A-5CE7-4442-838D-9A195DC62A46}.AppStore|x64.Build.0 = AppStore|iPhone
		{2560ED8A-5CE7-4442-838D-9A195DC62A46}.AppStore|x64.Deploy.0 = AppStore|iPhone
		{2560ED8A-5CE7-4442-838D-9A195DC62A46}.AppStore|x86.ActiveCfg = AppStore|iPhone
		{2560ED8A-5CE7-4442-838D-9A195DC62A46}.AppStore|x86.Build.0 = AppStore|iPhone
		{2560ED8A-5CE7-4442-838D-9A195DC62A46}.AppStore|x86.Deploy.0 = AppStore|iPhone
		{2560ED8A-5CE7-4442-838D-9A195DC62A46}.Debug|Any CPU.ActiveCfg = Debug|iPhoneSimulator
		{2560ED8A-5CE7-4442-838D-9A195DC62A46}.Debug|Any CPU.Build.0 = Debug|iPhoneSimulator
		{2560ED8A-5CE7-4442-838D-9A195DC62A46}.Debug|Any CPU.Deploy.0 = Debug|iPhoneSimulator
		{2560ED8A-5CE7-4442-838D-9A195DC62A46}.Debug|ARM.ActiveCfg = Debug|iPhone
		{2560ED8A-5CE7-4442-838D-9A195DC62A46}.Debug|ARM.Build.0 = Debug|iPhone
		{2560ED8A-5CE7-4442-838D-9A195DC62A46}.Debug|ARM.Deploy.0 = Debug|iPhone
		{2560ED8A-5CE7-4442-838D-9A195DC62A46}.Debug|iPhone.ActiveCfg = Debug|iPhone
		{2560ED8A-5CE7-4442-838D-9A195DC62A46}.Debug|iPhone.Build.0 = Debug|iPhone
		{2560ED8A-5CE7-4442-838D-9A195DC62A46}.Debug|iPhone.Deploy.0 = Debug|iPhone
		{2560ED8A-5CE7-4442-838D-9A195DC62A46}.Debug|iPhoneSimulator.ActiveCfg = Debug|iPhoneSimulator
		{2560ED8A-5CE7-4442-838D-9A195DC62A46}.Debug|iPhoneSimulator.Build.0 = Debug|iPhoneSimulator
		{2560ED8A-5CE7-4442-838D-9A195DC62A46}.Debug|iPhoneSimulator.Deploy.0 = Debug|iPhoneSimulator
		{2560ED8A-5CE7-4442-838D-9A195DC62A46}.Debug|x64.ActiveCfg = Debug|iPhone
		{2560ED8A-5CE7-4442-838D-9A195DC62A46}.Debug|x64.Build.0 = Debug|iPhone
		{2560ED8A-5CE7-4442-838D-9A195DC62A46}.Debug|x64.Deploy.0 = Debug|iPhone
		{2560ED8A-5CE7-4442-838D-9A195DC62A46}.Debug|x86.ActiveCfg = Debug|iPhone
		{2560ED8A-5CE7-4442-838D-9A195DC62A46}.Debug|x86.Build.0 = Debug|iPhone
		{2560ED8A-5CE7-4442-838D-9A195DC62A46}.Debug|x86.Deploy.0 = Debug|iPhone
		{2560ED8A-5CE7-4442-838D-9A195DC62A46}.Release|Any CPU.ActiveCfg = Release|iPhone
		{2560ED8A-5CE7-4442-838D-9A195DC62A46}.Release|Any CPU.Build.0 = Release|iPhone
		{2560ED8A-5CE7-4442-838D-9A195DC62A46}.Release|Any CPU.Deploy.0 = Release|iPhone
		{2560ED8A-5CE7-4442-838D-9A195DC62A46}.Release|ARM.ActiveCfg = Release|iPhone
		{2560ED8A-5CE7-4442-838D-9A195DC62A46}.Release|ARM.Build.0 = Release|iPhone
		{2560ED8A-5CE7-4442-838D-9A195DC62A46}.Release|ARM.Deploy.0 = Release|iPhone
		{2560ED8A-5CE7-4442-838D-9A195DC62A46}.Release|iPhone.ActiveCfg = Release|iPhone
		{2560ED8A-5CE7-4442-838D-9A195DC62A46}.Release|iPhone.Build.0 = Release|iPhone
		{2560ED8A-5CE7-4442-838D-9A195DC62A46}.Release|iPhone.Deploy.0 = Release|iPhone
		{2560ED8A-5CE7-4442-838D-9A195DC62A46}.Release|iPhoneSimulator.ActiveCfg = Release|iPhoneSimulator
		{2560ED8A-5CE7-4442-838D-9A195DC62A46}.Release|iPhoneSimulator.Build.0 = Release|iPhoneSimulator
		{2560ED8A-5CE7-4442-838D-9A195DC62A46}.Release|iPhoneSimulator.Deploy.0 = Release|iPhoneSimulator
		{2560ED8A-5CE7-4442-838D-9A195DC62A46}.Release|x64.ActiveCfg = Release|iPhone
		{2560ED8A-5CE7-4442-838D-9A195DC62A46}.Release|x64.Build.0 = Release|iPhone
		{2560ED8A-5CE7-4442-838D-9A195DC62A46}.Release|x64.Deploy.0 = Release|iPhone
		{2560ED8A-5CE7-4442-838D-9A195DC62A46}.Release|x86.ActiveCfg = Release|iPhone
		{2560ED8A-5CE7-4442-838D-9A195DC62A46}.Release|x86.Build.0 = Release|iPhone
		{2560ED8A-5CE7-4442-838D-9A195DC62A46}.Release|x86.Deploy.0 = Release|iPhone
		{8C1DAAA9-EC42-4669-8C7E-776C3A1844C9}.Ad-Hoc|Any CPU.ActiveCfg = Release|x86
		{8C1DAAA9-EC42-4669-8C7E-776C3A1844C9}.Ad-Hoc|Any CPU.Build.0 = Release|x86
		{8C1DAAA9-EC42-4669-8C7E-776C3A1844C9}.Ad-Hoc|Any CPU.Deploy.0 = Release|x86
		{8C1DAAA9-EC42-4669-8C7E-776C3A1844C9}.Ad-Hoc|ARM.ActiveCfg = Release|ARM
		{8C1DAAA9-EC42-4669-8C7E-776C3A1844C9}.Ad-Hoc|ARM.Build.0 = Release|ARM
		{8C1DAAA9-EC42-4669-8C7E-776C3A1844C9}.Ad-Hoc|ARM.Deploy.0 = Release|ARM
		{8C1DAAA9-EC42-4669-8C7E-776C3A1844C9}.Ad-Hoc|iPhone.ActiveCfg = Release|x86
		{8C1DAAA9-EC42-4669-8C7E-776C3A1844C9}.Ad-Hoc|iPhone.Build.0 = Release|x86
		{8C1DAAA9-EC42-4669-8C7E-776C3A1844C9}.Ad-Hoc|iPhone.Deploy.0 = Release|x86
		{8C1DAAA9-EC42-4669-8C7E-776C3A1844C9}.Ad-Hoc|iPhoneSimulator.ActiveCfg = Release|x86
		{8C1DAAA9-EC42-4669-8C7E-776C3A1844C9}.Ad-Hoc|iPhoneSimulator.Build.0 = Release|x86
		{8C1DAAA9-EC42-4669-8C7E-776C3A1844C9}.Ad-Hoc|iPhoneSimulator.Deploy.0 = Release|x86
		{8C1DAAA9-EC42-4669-8C7E-776C3A1844C9}.Ad-Hoc|x64.ActiveCfg = Release|x64
		{8C1DAAA9-EC42-4669-8C7E-776C3A1844C9}.Ad-Hoc|x64.Build.0 = Release|x64
		{8C1DAAA9-EC42-4669-8C7E-776C3A1844C9}.Ad-Hoc|x64.Deploy.0 = Release|x64
		{8C1DAAA9-EC42-4669-8C7E-776C3A1844C9}.Ad-Hoc|x86.ActiveCfg = Release|x86
		{8C1DAAA9-EC42-4669-8C7E-776C3A1844C9}.Ad-Hoc|x86.Build.0 = Release|x86
		{8C1DAAA9-EC42-4669-8C7E-776C3A1844C9}.Ad-Hoc|x86.Deploy.0 = Release|x86
		{8C1DAAA9-EC42-4669-8C7E-776C3A1844C9}.AppStore|Any CPU.ActiveCfg = Release|x86
		{8C1DAAA9-EC42-4669-8C7E-776C3A1844C9}.AppStore|Any CPU.Build.0 = Release|x86
		{8C1DAAA9-EC42-4669-8C7E-776C3A1844C9}.AppStore|Any CPU.Deploy.0 = Release|x86
		{8C1DAAA9-EC42-4669-8C7E-776C3A1844C9}.AppStore|ARM.ActiveCfg = Release|ARM
		{8C1DAAA9-EC42-4669-8C7E-776C3A1844C9}.AppStore|ARM.Build.0 = Release|ARM
		{8C1DAAA9-EC42-4669-8C7E-776C3A1844C9}.AppStore|ARM.Deploy.0 = Release|ARM
		{8C1DAAA9-EC42-4669-8C7E-776C3A1844C9}.AppStore|iPhone.ActiveCfg = Release|x86
		{8C1DAAA9-EC42-4669-8C7E-776C3A1844C9}.AppStore|iPhone.Build.0 = Release|x86
		{8C1DAAA9-EC42-4669-8C7E-776C3A1844C9}.AppStore|iPhone.Deploy.0 = Release|x86
		{8C1DAAA9-EC42-4669-8C7E-776C3A1844C9}.AppStore|iPhoneSimulator.ActiveCfg = Release|x86
		{8C1DAAA9-EC42-4669-8C7E-776C3A1844C9}.AppStore|iPhoneSimulator.Build.0 = Release|x86
		{8C1DAAA9-EC42-4669-8C7E-776C3A1844C9}.AppStore|iPhoneSimulator.Deploy.0 = Release|x86
		{8C1DAAA9-EC42-4669-8C7E-776C3A1844C9}.AppStore|x64.ActiveCfg = Release|x64
		{8C1DAAA9-EC42-4669-8C7E-776C3A1844C9}.AppStore|x64.Build.0 = Release|x64
		{8C1DAAA9-EC42-4669-8C7E-776C3A1844C9}.AppStore|x64.Deploy.0 = Release|x64
		{8C1DAAA9-EC42-4669-8C7E-776C3A1844C9}.AppStore|x86.ActiveCfg = Release|x86
		{8C1DAAA9-EC42-4669-8C7E-776C3A1844C9}.AppStore|x86.Build.0 = Release|x86
		{8C1DAAA9-EC42-4669-8C7E-776C3A1844C9}.AppStore|x86.Deploy.0 = Release|x86
		{8C1DAAA9-EC42-4669-8C7E-776C3A1844C9}.Debug|Any CPU.ActiveCfg = Debug|x86
		{8C1DAAA9-EC42-4669-8C7E-776C3A1844C9}.Debug|Any CPU.Build.0 = Debug|x86
		{8C1DAAA9-EC42-4669-8C7E-776C3A1844C9}.Debug|Any CPU.Deploy.0 = Debug|x86
		{8C1DAAA9-EC42-4669-8C7E-776C3A1844C9}.Debug|ARM.ActiveCfg = Debug|ARM
		{8C1DAAA9-EC42-4669-8C7E-776C3A1844C9}.Debug|ARM.Build.0 = Debug|ARM
		{8C1DAAA9-EC42-4669-8C7E-776C3A1844C9}.Debug|ARM.Deploy.0 = Debug|ARM
		{8C1DAAA9-EC42-4669-8C7E-776C3A1844C9}.Debug|iPhone.ActiveCfg = Debug|x86
		{8C1DAAA9-EC42-4669-8C7E-776C3A1844C9}.Debug|iPhone.Build.0 = Debug|x86
		{8C1DAAA9-EC42-4669-8C7E-776C3A1844C9}.Debug|iPhone.Deploy.0 = Debug|x86
		{8C1DAAA9-EC42-4669-8C7E-776C3A1844C9}.Debug|iPhoneSimulator.ActiveCfg = Debug|x86
		{8C1DAAA9-EC42-4669-8C7E-776C3A1844C9}.Debug|iPhoneSimulator.Build.0 = Debug|x86
		{8C1DAAA9-EC42-4669-8C7E-776C3A1844C9}.Debug|iPhoneSimulator.Deploy.0 = Debug|x86
		{8C1DAAA9-EC42-4669-8C7E-776C3A1844C9}.Debug|x64.ActiveCfg = Debug|x64
		{8C1DAAA9-EC42-4669-8C7E-776C3A1844C9}.Debug|x64.Build.0 = Debug|x64
		{8C1DAAA9-EC42-4669-8C7E-776C3A1844C9}.Debug|x64.Deploy.0 = Debug|x64
		{8C1DAAA9-EC42-4669-8C7E-776C3A1844C9}.Debug|x86.ActiveCfg = Debug|x86
		{8C1DAAA9-EC42-4669-8C7E-776C3A1844C9}.Debug|x86.Build.0 = Debug|x86
		{8C1DAAA9-EC42-4669-8C7E-776C3A1844C9}.Debug|x86.Deploy.0 = Debug|x86
		{8C1DAAA9-EC42-4669-8C7E-776C3A1844C9}.Release|Any CPU.ActiveCfg = Release|x86
		{8C1DAAA9-EC42-4669-8C7E-776C3A1844C9}.Release|Any CPU.Build.0 = Release|x86
		{8C1DAAA9-EC42-4669-8C7E-776C3A1844C9}.Release|Any CPU.Deploy.0 = Release|x86
		{8C1DAAA9-EC42-4669-8C7E-776C3A1844C9}.Release|ARM.ActiveCfg = Release|ARM
		{8C1DAAA9-EC42-4669-8C7E-776C3A1844C9}.Release|ARM.Build.0 = Release|ARM
		{8C1DAAA9-EC42-4669-8C7E-776C3A1844C9}.Release|ARM.Deploy.0 = Release|ARM
		{8C1DAAA9-EC42-4669-8C7E-776C3A1844C9}.Release|iPhone.ActiveCfg = Release|x86
		{8C1DAAA9-EC42-4669-8C7E-776C3A1844C9}.Release|iPhone.Build.0 = Release|x86
		{8C1DAAA9-EC42-4669-8C7E-776C3A1844C9}.Release|iPhone.Deploy.0 = Release|x86
		{8C1DAAA9-EC42-4669-8C7E-776C3A1844C9}.Release|iPhoneSimulator.ActiveCfg = Release|x86
		{8C1DAAA9-EC42-4669-8C7E-776C3A1844C9}.Release|iPhoneSimulator.Build.0 = Release|x86
		{8C1DAAA9-EC42-4669-8C7E-776C3A1844C9}.Release|iPhoneSimulator.Deploy.0 = Release|x86
		{8C1DAAA9-EC42-4669-8C7E-776C3A1844C9}.Release|x64.ActiveCfg = Release|x64
		{8C1DAAA9-EC42-4669-8C7E-776C3A1844C9}.Release|x64.Build.0 = Release|x64
		{8C1DAAA9-EC42-4669-8C7E-776C3A1844C9}.Release|x64.Deploy.0 = Release|x64
		{8C1DAAA9-EC42-4669-8C7E-776C3A1844C9}.Release|x86.ActiveCfg = Release|x86
		{8C1DAAA9-EC42-4669-8C7E-776C3A1844C9}.Release|x86.Build.0 = Release|x86
		{8C1DAAA9-EC42-4669-8C7E-776C3A1844C9}.Release|x86.Deploy.0 = Release|x86
		{44509EF7-00BD-48E6-A9D5-22C417377A80}.Ad-Hoc|Any CPU.ActiveCfg = Debug|Any CPU
		{44509EF7-00BD-48E6-A9D5-22C417377A80}.Ad-Hoc|Any CPU.Build.0 = Debug|Any CPU
		{44509EF7-00BD-48E6-A9D5-22C417377A80}.Ad-Hoc|Any CPU.Deploy.0 = Debug|Any CPU
		{44509EF7-00BD-48E6-A9D5-22C417377A80}.Ad-Hoc|ARM.ActiveCfg = Debug|Any CPU
		{44509EF7-00BD-48E6-A9D5-22C417377A80}.Ad-Hoc|ARM.Build.0 = Debug|Any CPU
		{44509EF7-00BD-48E6-A9D5-22C417377A80}.Ad-Hoc|ARM.Deploy.0 = Debug|Any CPU
		{44509EF7-00BD-48E6-A9D5-22C417377A80}.Ad-Hoc|iPhone.ActiveCfg = Debug|Any CPU
		{44509EF7-00BD-48E6-A9D5-22C417377A80}.Ad-Hoc|iPhone.Build.0 = Debug|Any CPU
		{44509EF7-00BD-48E6-A9D5-22C417377A80}.Ad-Hoc|iPhone.Deploy.0 = Debug|Any CPU
		{44509EF7-00BD-48E6-A9D5-22C417377A80}.Ad-Hoc|iPhoneSimulator.ActiveCfg = Debug|Any CPU
		{44509EF7-00BD-48E6-A9D5-22C417377A80}.Ad-Hoc|iPhoneSimulator.Build.0 = Debug|Any CPU
		{44509EF7-00BD-48E6-A9D5-22C417377A80}.Ad-Hoc|iPhoneSimulator.Deploy.0 = Debug|Any CPU
		{44509EF7-00BD-48E6-A9D5-22C417377A80}.Ad-Hoc|x64.ActiveCfg = Debug|Any CPU
		{44509EF7-00BD-48E6-A9D5-22C417377A80}.Ad-Hoc|x64.Build.0 = Debug|Any CPU
		{44509EF7-00BD-48E6-A9D5-22C417377A80}.Ad-Hoc|x64.Deploy.0 = Debug|Any CPU
		{44509EF7-00BD-48E6-A9D5-22C417377A80}.Ad-Hoc|x86.ActiveCfg = Debug|Any CPU
		{44509EF7-00BD-48E6-A9D5-22C417377A80}.Ad-Hoc|x86.Build.0 = Debug|Any CPU
		{44509EF7-00BD-48E6-A9D5-22C417377A80}.Ad-Hoc|x86.Deploy.0 = Debug|Any CPU
		{44509EF7-00BD-48E6-A9D5-22C417377A80}.AppStore|Any CPU.ActiveCfg = Debug|Any CPU
		{44509EF7-00BD-48E6-A9D5-22C417377A80}.AppStore|Any CPU.Build.0 = Debug|Any CPU
		{44509EF7-00BD-48E6-A9D5-22C417377A80}.AppStore|Any CPU.Deploy.0 = Debug|Any CPU
		{44509EF7-00BD-48E6-A9D5-22C417377A80}.AppStore|ARM.ActiveCfg = Debug|Any CPU
		{44509EF7-00BD-48E6-A9D5-22C417377A80}.AppStore|ARM.Build.0 = Debug|Any CPU
		{44509EF7-00BD-48E6-A9D5-22C417377A80}.AppStore|ARM.Deploy.0 = Debug|Any CPU
		{44509EF7-00BD-48E6-A9D5-22C417377A80}.AppStore|iPhone.ActiveCfg = Debug|Any CPU
		{44509EF7-00BD-48E6-A9D5-22C417377A80}.AppStore|iPhone.Build.0 = Debug|Any CPU
		{44509EF7-00BD-48E6-A9D5-22C417377A80}.AppStore|iPhone.Deploy.0 = Debug|Any CPU
		{44509EF7-00BD-48E6-A9D5-22C417377A80}.AppStore|iPhoneSimulator.ActiveCfg = Debug|Any CPU
		{44509EF7-00BD-48E6-A9D5-22C417377A80}.AppStore|iPhoneSimulator.Build.0 = Debug|Any CPU
		{44509EF7-00BD-48E6-A9D5-22C417377A80}.AppStore|iPhoneSimulator.Deploy.0 = Debug|Any CPU
		{44509EF7-00BD-48E6-A9D5-22C417377A80}.AppStore|x64.ActiveCfg = Debug|Any CPU
		{44509EF7-00BD-48E6-A9D5-22C417377A80}.AppStore|x64.Build.0 = Debug|Any CPU
		{44509EF7-00BD-48E6-A9D5-22C417377A80}.AppStore|x64.Deploy.0 = Debug|Any CPU
		{44509EF7-00BD-48E6-A9D5-22C417377A80}.AppStore|x86.ActiveCfg = Debug|Any CPU
		{44509EF7-00BD-48E6-A9D5-22C417377A80}.AppStore|x86.Build.0 = Debug|Any CPU
		{44509EF7-00BD-48E6-A9D5-22C417377A80}.AppStore|x86.Deploy.0 = Debug|Any CPU
		{44509EF7-00BD-48E6-A9D5-22C417377A80}.Debug|Any CPU.ActiveCfg = Debug|Any CPU
		{44509EF7-00BD-48E6-A9D5-22C417377A80}.Debug|Any CPU.Build.0 = Debug|Any CPU
		{44509EF7-00BD-48E6-A9D5-22C417377A80}.Debug|Any CPU.Deploy.0 = Debug|Any CPU
		{44509EF7-00BD-48E6-A9D5-22C417377A80}.Debug|ARM.ActiveCfg = Debug|Any CPU
		{44509EF7-00BD-48E6-A9D5-22C417377A80}.Debug|ARM.Build.0 = Debug|Any CPU
		{44509EF7-00BD-48E6-A9D5-22C417377A80}.Debug|ARM.Deploy.0 = Debug|Any CPU
		{44509EF7-00BD-48E6-A9D5-22C417377A80}.Debug|iPhone.ActiveCfg = Debug|Any CPU
		{44509EF7-00BD-48E6-A9D5-22C417377A80}.Debug|iPhone.Build.0 = Debug|Any CPU
		{44509EF7-00BD-48E6-A9D5-22C417377A80}.Debug|iPhone.Deploy.0 = Debug|Any CPU
		{44509EF7-00BD-48E6-A9D5-22C417377A80}.Debug|iPhoneSimulator.ActiveCfg = Debug|Any CPU
		{44509EF7-00BD-48E6-A9D5-22C417377A80}.Debug|iPhoneSimulator.Build.0 = Debug|Any CPU
		{44509EF7-00BD-48E6-A9D5-22C417377A80}.Debug|iPhoneSimulator.Deploy.0 = Debug|Any CPU
		{44509EF7-00BD-48E6-A9D5-22C417377A80}.Debug|x64.ActiveCfg = Debug|Any CPU
		{44509EF7-00BD-48E6-A9D5-22C417377A80}.Debug|x64.Build.0 = Debug|Any CPU
		{44509EF7-00BD-48E6-A9D5-22C417377A80}.Debug|x64.Deploy.0 = Debug|Any CPU
		{44509EF7-00BD-48E6-A9D5-22C417377A80}.Debug|x86.ActiveCfg = Debug|Any CPU
		{44509EF7-00BD-48E6-A9D5-22C417377A80}.Debug|x86.Build.0 = Debug|Any CPU
		{44509EF7-00BD-48E6-A9D5-22C417377A80}.Debug|x86.Deploy.0 = Debug|Any CPU
		{44509EF7-00BD-48E6-A9D5-22C417377A80}.Release|Any CPU.ActiveCfg = Release|Any CPU
		{44509EF7-00BD-48E6-A9D5-22C417377A80}.Release|Any CPU.Build.0 = Release|Any CPU
		{44509EF7-00BD-48E6-A9D5-22C417377A80}.Release|Any CPU.Deploy.0 = Release|Any CPU
		{44509EF7-00BD-48E6-A9D5-22C417377A80}.Release|ARM.ActiveCfg = Release|Any CPU
		{44509EF7-00BD-48E6-A9D5-22C417377A80}.Release|ARM.Build.0 = Release|Any CPU
		{44509EF7-00BD-48E6-A9D5-22C417377A80}.Release|ARM.Deploy.0 = Release|Any CPU
		{44509EF7-00BD-48E6-A9D5-22C417377A80}.Release|iPhone.ActiveCfg = Release|Any CPU
		{44509EF7-00BD-48E6-A9D5-22C417377A80}.Release|iPhone.Build.0 = Release|Any CPU
		{44509EF7-00BD-48E6-A9D5-22C417377A80}.Release|iPhone.Deploy.0 = Release|Any CPU
		{44509EF7-00BD-48E6-A9D5-22C417377A80}.Release|iPhoneSimulator.ActiveCfg = Release|Any CPU
		{44509EF7-00BD-48E6-A9D5-22C417377A80}.Release|iPhoneSimulator.Build.0 = Release|Any CPU
		{44509EF7-00BD-48E6-A9D5-22C417377A80}.Release|iPhoneSimulator.Deploy.0 = Release|Any CPU
		{44509EF7-00BD-48E6-A9D5-22C417377A80}.Release|x64.ActiveCfg = Release|Any CPU
		{44509EF7-00BD-48E6-A9D5-22C417377A80}.Release|x64.Build.0 = Release|Any CPU
		{44509EF7-00BD-48E6-A9D5-22C417377A80}.Release|x64.Deploy.0 = Release|Any CPU
		{44509EF7-00BD-48E6-A9D5-22C417377A80}.Release|x86.ActiveCfg = Release|Any CPU
		{44509EF7-00BD-48E6-A9D5-22C417377A80}.Release|x86.Build.0 = Release|Any CPU
		{44509EF7-00BD-48E6-A9D5-22C417377A80}.Release|x86.Deploy.0 = Release|Any CPU
	EndGlobalSection
	GlobalSection(SolutionProperties) = preSolution
		HideSolutionNode = FALSE
	EndGlobalSection
	GlobalSection(ExtensibilityGlobals) = postSolution
		SolutionGuid = {9C4E4285-9083-4122-ABEA-D2B1D840A38F}
	EndGlobalSection
EndGlobal
