
Microsoft Visual Studio Solution File, Format Version 12.00
# Visual Studio 14
VisualStudioVersion = 14.0.25420.1
MinimumVisualStudioVersion = 10.0.40219.1
Project("{FAE04EC0-301F-11D3-BF4B-00C04F79EFBC}") = "XFNavBarBackBtnClickOverride", "XFNavBarBackBtnClickOverride\XFNavBarBackBtnClickOverride\XFNavBarBackBtnClickOverride.csproj", "{E91D4F79-DC44-4894-B4D7-66CA9551049A}"
EndProject
Project("{FAE04EC0-301F-11D3-BF4B-00C04F79EFBC}") = "XFNavBarBackBtnClickOverride.Droid", "XFNavBarBackBtnClickOverride\XFNavBarBackBtnClickOverride.Droid\XFNavBarBackBtnClickOverride.Droid.csproj", "{6398B9E2-C6BF-48B8-B9A8-F618BAC021F2}"
EndProject
Project("{FAE04EC0-301F-11D3-BF4B-00C04F79EFBC}") = "XFNavBarBackBtnClickOverride.iOS", "XFNavBarBackBtnClickOverride\XFNavBarBackBtnClickOverride.iOS\XFNavBarBackBtnClickOverride.iOS.csproj", "{01CAB6BE-871D-47E8-9F80-DA36015DEC5D}"
EndProject
Global
	GlobalSection(SolutionConfigurationPlatforms) = preSolution
		Ad-Hoc|Any CPU = Ad-Hoc|Any CPU
		Ad-Hoc|ARM = Ad-Hoc|ARM
		Ad-Hoc|iPhone = Ad-Hoc|iPhone
		Ad-Hoc|iPhoneSimulator = Ad-Hoc|iPhoneSimulator
		Ad-Hoc|x64 = Ad-Hoc|x64
		Ad-Hoc|x86 = Ad-Hoc|x86
		AppStore|Any CPU = AppStore|Any CPU
		AppStore|ARM = AppStore|ARM
		AppStore|iPhone = AppStore|iPhone
		AppStore|iPhoneSimulator = AppStore|iPhoneSimulator
		AppStore|x64 = AppStore|x64
		AppStore|x86 = AppStore|x86
		Debug|Any CPU = Debug|Any CPU
		Debug|ARM = Debug|ARM
		Debug|iPhone = Debug|iPhone
		Debug|iPhoneSimulator = Debug|iPhoneSimulator
		Debug|x64 = Debug|x64
		Debug|x86 = Debug|x86
		Release|Any CPU = Release|Any CPU
		Release|ARM = Release|ARM
		Release|iPhone = Release|iPhone
		Release|iPhoneSimulator = Release|iPhoneSimulator
		Release|x64 = Release|x64
		Release|x86 = Release|x86
	EndGlobalSection
	GlobalSection(ProjectConfigurationPlatforms) = postSolution
		{E91D4F79-DC44-4894-B4D7-66CA9551049A}.Ad-Hoc|Any CPU.ActiveCfg = Release|Any CPU
		{E91D4F79-DC44-4894-B4D7-66CA9551049A}.Ad-Hoc|Any CPU.Build.0 = Release|Any CPU
		{E91D4F79-DC44-4894-B4D7-66CA9551049A}.Ad-Hoc|ARM.ActiveCfg = Release|Any CPU
		{E91D4F79-DC44-4894-B4D7-66CA9551049A}.Ad-Hoc|ARM.Build.0 = Release|Any CPU
		{E91D4F79-DC44-4894-B4D7-66CA9551049A}.Ad-Hoc|iPhone.ActiveCfg = Release|Any CPU
		{E91D4F79-DC44-4894-B4D7-66CA9551049A}.Ad-Hoc|iPhone.Build.0 = Release|Any CPU
		{E91D4F79-DC44-4894-B4D7-66CA9551049A}.Ad-Hoc|iPhoneSimulator.ActiveCfg = Release|Any CPU
		{E91D4F79-DC44-4894-B4D7-66CA9551049A}.Ad-Hoc|iPhoneSimulator.Build.0 = Release|Any CPU
		{E91D4F79-DC44-4894-B4D7-66CA9551049A}.Ad-Hoc|x64.ActiveCfg = Release|Any CPU
		{E91D4F79-DC44-4894-B4D7-66CA9551049A}.Ad-Hoc|x64.Build.0 = Release|Any CPU
		{E91D4F79-DC44-4894-B4D7-66CA9551049A}.Ad-Hoc|x86.ActiveCfg = Release|Any CPU
		{E91D4F79-DC44-4894-B4D7-66CA9551049A}.Ad-Hoc|x86.Build.0 = Release|Any CPU
		{E91D4F79-DC44-4894-B4D7-66CA9551049A}.AppStore|Any CPU.ActiveCfg = Release|Any CPU
		{E91D4F79-DC44-4894-B4D7-66CA9551049A}.AppStore|Any CPU.Build.0 = Release|Any CPU
		{E91D4F79-DC44-4894-B4D7-66CA9551049A}.AppStore|ARM.ActiveCfg = Release|Any CPU
		{E91D4F79-DC44-4894-B4D7-66CA9551049A}.AppStore|ARM.Build.0 = Release|Any CPU
		{E91D4F79-DC44-4894-B4D7-66CA9551049A}.AppStore|iPhone.ActiveCfg = Release|Any CPU
		{E91D4F79-DC44-4894-B4D7-66CA9551049A}.AppStore|iPhone.Build.0 = Release|Any CPU
		{E91D4F79-DC44-4894-B4D7-66CA9551049A}.AppStore|iPhoneSimulator.ActiveCfg = Release|Any CPU
		{E91D4F79-DC44-4894-B4D7-66CA9551049A}.AppStore|iPhoneSimulator.Build.0 = Release|Any CPU
		{E91D4F79-DC44-4894-B4D7-66CA9551049A}.AppStore|x64.ActiveCfg = Release|Any CPU
		{E91D4F79-DC44-4894-B4D7-66CA9551049A}.AppStore|x64.Build.0 = Release|Any CPU
		{E91D4F79-DC44-4894-B4D7-66CA9551049A}.AppStore|x86.ActiveCfg = Release|Any CPU
		{E91D4F79-DC44-4894-B4D7-66CA9551049A}.AppStore|x86.Build.0 = Release|Any CPU
		{E91D4F79-DC44-4894-B4D7-66CA9551049A}.Debug|Any CPU.ActiveCfg = Debug|Any CPU
		{E91D4F79-DC44-4894-B4D7-66CA9551049A}.Debug|Any CPU.Build.0 = Debug|Any CPU
		{E91D4F79-DC44-4894-B4D7-66CA9551049A}.Debug|ARM.ActiveCfg = Debug|Any CPU
		{E91D4F79-DC44-4894-B4D7-66CA9551049A}.Debug|ARM.Build.0 = Debug|Any CPU
		{E91D4F79-DC44-4894-B4D7-66CA9551049A}.Debug|iPhone.ActiveCfg = Debug|Any CPU
		{E91D4F79-DC44-4894-B4D7-66CA9551049A}.Debug|iPhone.Build.0 = Debug|Any CPU
		{E91D4F79-DC44-4894-B4D7-66CA9551049A}.Debug|iPhoneSimulator.ActiveCfg = Debug|Any CPU
		{E91D4F79-DC44-4894-B4D7-66CA9551049A}.Debug|iPhoneSimulator.Build.0 = Debug|Any CPU
		{E91D4F79-DC44-4894-B4D7-66CA9551049A}.Debug|x64.ActiveCfg = Debug|Any CPU
		{E91D4F79-DC44-4894-B4D7-66CA9551049A}.Debug|x64.Build.0 = Debug|Any CPU
		{E91D4F79-DC44-4894-B4D7-66CA9551049A}.Debug|x86.ActiveCfg = Debug|Any CPU
		{E91D4F79-DC44-4894-B4D7-66CA9551049A}.Debug|x86.Build.0 = Debug|Any CPU
		{E91D4F79-DC44-4894-B4D7-66CA9551049A}.Release|Any CPU.ActiveCfg = Release|Any CPU
		{E91D4F79-DC44-4894-B4D7-66CA9551049A}.Release|Any CPU.Build.0 = Release|Any CPU
		{E91D4F79-DC44-4894-B4D7-66CA9551049A}.Release|ARM.ActiveCfg = Release|Any CPU
		{E91D4F79-DC44-4894-B4D7-66CA9551049A}.Release|ARM.Build.0 = Release|Any CPU
		{E91D4F79-DC44-4894-B4D7-66CA9551049A}.Release|iPhone.ActiveCfg = Release|Any CPU
		{E91D4F79-DC44-4894-B4D7-66CA9551049A}.Release|iPhone.Build.0 = Release|Any CPU
		{E91D4F79-DC44-4894-B4D7-66CA9551049A}.Release|iPhoneSimulator.ActiveCfg = Release|Any CPU
		{E91D4F79-DC44-4894-B4D7-66CA9551049A}.Release|iPhoneSimulator.Build.0 = Release|Any CPU
		{E91D4F79-DC44-4894-B4D7-66CA9551049A}.Release|x64.ActiveCfg = Release|Any CPU
		{E91D4F79-DC44-4894-B4D7-66CA9551049A}.Release|x64.Build.0 = Release|Any CPU
		{E91D4F79-DC44-4894-B4D7-66CA9551049A}.Release|x86.ActiveCfg = Release|Any CPU
		{E91D4F79-DC44-4894-B4D7-66CA9551049A}.Release|x86.Build.0 = Release|Any CPU
		{6398B9E2-C6BF-48B8-B9A8-F618BAC021F2}.Ad-Hoc|Any CPU.ActiveCfg = Release|Any CPU
		{6398B9E2-C6BF-48B8-B9A8-F618BAC021F2}.Ad-Hoc|Any CPU.Build.0 = Release|Any CPU
		{6398B9E2-C6BF-48B8-B9A8-F618BAC021F2}.Ad-Hoc|Any CPU.Deploy.0 = Release|Any CPU
		{6398B9E2-C6BF-48B8-B9A8-F618BAC021F2}.Ad-Hoc|ARM.ActiveCfg = Release|Any CPU
		{6398B9E2-C6BF-48B8-B9A8-F618BAC021F2}.Ad-Hoc|ARM.Build.0 = Release|Any CPU
		{6398B9E2-C6BF-48B8-B9A8-F618BAC021F2}.Ad-Hoc|ARM.Deploy.0 = Release|Any CPU
		{6398B9E2-C6BF-48B8-B9A8-F618BAC021F2}.Ad-Hoc|iPhone.ActiveCfg = Release|Any CPU
		{6398B9E2-C6BF-48B8-B9A8-F618BAC021F2}.Ad-Hoc|iPhone.Build.0 = Release|Any CPU
		{6398B9E2-C6BF-48B8-B9A8-F618BAC021F2}.Ad-Hoc|iPhone.Deploy.0 = Release|Any CPU
		{6398B9E2-C6BF-48B8-B9A8-F618BAC021F2}.Ad-Hoc|iPhoneSimulator.ActiveCfg = Release|Any CPU
		{6398B9E2-C6BF-48B8-B9A8-F618BAC021F2}.Ad-Hoc|iPhoneSimulator.Build.0 = Release|Any CPU
		{6398B9E2-C6BF-48B8-B9A8-F618BAC021F2}.Ad-Hoc|iPhoneSimulator.Deploy.0 = Release|Any CPU
		{6398B9E2-C6BF-48B8-B9A8-F618BAC021F2}.Ad-Hoc|x64.ActiveCfg = Release|Any CPU
		{6398B9E2-C6BF-48B8-B9A8-F618BAC021F2}.Ad-Hoc|x64.Build.0 = Release|Any CPU
		{6398B9E2-C6BF-48B8-B9A8-F618BAC021F2}.Ad-Hoc|x64.Deploy.0 = Release|Any CPU
		{6398B9E2-C6BF-48B8-B9A8-F618BAC021F2}.Ad-Hoc|x86.ActiveCfg = Release|Any CPU
		{6398B9E2-C6BF-48B8-B9A8-F618BAC021F2}.Ad-Hoc|x86.Build.0 = Release|Any CPU
		{6398B9E2-C6BF-48B8-B9A8-F618BAC021F2}.Ad-Hoc|x86.Deploy.0 = Release|Any CPU
		{6398B9E2-C6BF-48B8-B9A8-F618BAC021F2}.AppStore|Any CPU.ActiveCfg = Release|Any CPU
		{6398B9E2-C6BF-48B8-B9A8-F618BAC021F2}.AppStore|Any CPU.Build.0 = Release|Any CPU
		{6398B9E2-C6BF-48B8-B9A8-F618BAC021F2}.AppStore|Any CPU.Deploy.0 = Release|Any CPU
		{6398B9E2-C6BF-48B8-B9A8-F618BAC021F2}.AppStore|ARM.ActiveCfg = Release|Any CPU
		{6398B9E2-C6BF-48B8-B9A8-F618BAC021F2}.AppStore|ARM.Build.0 = Release|Any CPU
		{6398B9E2-C6BF-48B8-B9A8-F618BAC021F2}.AppStore|ARM.Deploy.0 = Release|Any CPU
		{6398B9E2-C6BF-48B8-B9A8-F618BAC021F2}.AppStore|iPhone.ActiveCfg = Release|Any CPU
		{6398B9E2-C6BF-48B8-B9A8-F618BAC021F2}.AppStore|iPhone.Build.0 = Release|Any CPU
		{6398B9E2-C6BF-48B8-B9A8-F618BAC021F2}.AppStore|iPhone.Deploy.0 = Release|Any CPU
		{6398B9E2-C6BF-48B8-B9A8-F618BAC021F2}.AppStore|iPhoneSimulator.ActiveCfg = Release|Any CPU
		{6398B9E2-C6BF-48B8-B9A8-F618BAC021F2}.AppStore|iPhoneSimulator.Build.0 = Release|Any CPU
		{6398B9E2-C6BF-48B8-B9A8-F618BAC021F2}.AppStore|iPhoneSimulator.Deploy.0 = Release|Any CPU
		{6398B9E2-C6BF-48B8-B9A8-F618BAC021F2}.AppStore|x64.ActiveCfg = Release|Any CPU
		{6398B9E2-C6BF-48B8-B9A8-F618BAC021F2}.AppStore|x64.Build.0 = Release|Any CPU
		{6398B9E2-C6BF-48B8-B9A8-F618BAC021F2}.AppStore|x64.Deploy.0 = Release|Any CPU
		{6398B9E2-C6BF-48B8-B9A8-F618BAC021F2}.AppStore|x86.ActiveCfg = Release|Any CPU
		{6398B9E2-C6BF-48B8-B9A8-F618BAC021F2}.AppStore|x86.Build.0 = Release|Any CPU
		{6398B9E2-C6BF-48B8-B9A8-F618BAC021F2}.AppStore|x86.Deploy.0 = Release|Any CPU
		{6398B9E2-C6BF-48B8-B9A8-F618BAC021F2}.Debug|Any CPU.ActiveCfg = Debug|Any CPU
		{6398B9E2-C6BF-48B8-B9A8-F618BAC021F2}.Debug|Any CPU.Build.0 = Debug|Any CPU
		{6398B9E2-C6BF-48B8-B9A8-F618BAC021F2}.Debug|Any CPU.Deploy.0 = Debug|Any CPU
		{6398B9E2-C6BF-48B8-B9A8-F618BAC021F2}.Debug|ARM.ActiveCfg = Debug|Any CPU
		{6398B9E2-C6BF-48B8-B9A8-F618BAC021F2}.Debug|ARM.Build.0 = Debug|Any CPU
		{6398B9E2-C6BF-48B8-B9A8-F618BAC021F2}.Debug|ARM.Deploy.0 = Debug|Any CPU
		{6398B9E2-C6BF-48B8-B9A8-F618BAC021F2}.Debug|iPhone.ActiveCfg = Debug|Any CPU
		{6398B9E2-C6BF-48B8-B9A8-F618BAC021F2}.Debug|iPhone.Build.0 = Debug|Any CPU
		{6398B9E2-C6BF-48B8-B9A8-F618BAC021F2}.Debug|iPhone.Deploy.0 = Debug|Any CPU
		{6398B9E2-C6BF-48B8-B9A8-F618BAC021F2}.Debug|iPhoneSimulator.ActiveCfg = Debug|Any CPU
		{6398B9E2-C6BF-48B8-B9A8-F618BAC021F2}.Debug|iPhoneSimulator.Build.0 = Debug|Any CPU
		{6398B9E2-C6BF-48B8-B9A8-F618BAC021F2}.Debug|iPhoneSimulator.Deploy.0 = Debug|Any CPU
		{6398B9E2-C6BF-48B8-B9A8-F618BAC021F2}.Debug|x64.ActiveCfg = Debug|Any CPU
		{6398B9E2-C6BF-48B8-B9A8-F618BAC021F2}.Debug|x64.Build.0 = Debug|Any CPU
		{6398B9E2-C6BF-48B8-B9A8-F618BAC021F2}.Debug|x64.Deploy.0 = Debug|Any CPU
		{6398B9E2-C6BF-48B8-B9A8-F618BAC021F2}.Debug|x86.ActiveCfg = Debug|Any CPU
		{6398B9E2-C6BF-48B8-B9A8-F618BAC021F2}.Debug|x86.Build.0 = Debug|Any CPU
		{6398B9E2-C6BF-48B8-B9A8-F618BAC021F2}.Debug|x86.Deploy.0 = Debug|Any CPU
		{6398B9E2-C6BF-48B8-B9A8-F618BAC021F2}.Release|Any CPU.ActiveCfg = Release|Any CPU
		{6398B9E2-C6BF-48B8-B9A8-F618BAC021F2}.Release|Any CPU.Build.0 = Release|Any CPU
		{6398B9E2-C6BF-48B8-B9A8-F618BAC021F2}.Release|Any CPU.Deploy.0 = Release|Any CPU
		{6398B9E2-C6BF-48B8-B9A8-F618BAC021F2}.Release|ARM.ActiveCfg = Release|Any CPU
		{6398B9E2-C6BF-48B8-B9A8-F618BAC021F2}.Release|ARM.Build.0 = Release|Any CPU
		{6398B9E2-C6BF-48B8-B9A8-F618BAC021F2}.Release|ARM.Deploy.0 = Release|Any CPU
		{6398B9E2-C6BF-48B8-B9A8-F618BAC021F2}.Release|iPhone.ActiveCfg = Release|Any CPU
		{6398B9E2-C6BF-48B8-B9A8-F618BAC021F2}.Release|iPhone.Build.0 = Release|Any CPU
		{6398B9E2-C6BF-48B8-B9A8-F618BAC021F2}.Release|iPhone.Deploy.0 = Release|Any CPU
		{6398B9E2-C6BF-48B8-B9A8-F618BAC021F2}.Release|iPhoneSimulator.ActiveCfg = Release|Any CPU
		{6398B9E2-C6BF-48B8-B9A8-F618BAC021F2}.Release|iPhoneSimulator.Build.0 = Release|Any CPU
		{6398B9E2-C6BF-48B8-B9A8-F618BAC021F2}.Release|iPhoneSimulator.Deploy.0 = Release|Any CPU
		{6398B9E2-C6BF-48B8-B9A8-F618BAC021F2}.Release|x64.ActiveCfg = Release|Any CPU
		{6398B9E2-C6BF-48B8-B9A8-F618BAC021F2}.Release|x64.Build.0 = Release|Any CPU
		{6398B9E2-C6BF-48B8-B9A8-F618BAC021F2}.Release|x64.Deploy.0 = Release|Any CPU
		{6398B9E2-C6BF-48B8-B9A8-F618BAC021F2}.Release|x86.ActiveCfg = Release|Any CPU
		{6398B9E2-C6BF-48B8-B9A8-F618BAC021F2}.Release|x86.Build.0 = Release|Any CPU
		{6398B9E2-C6BF-48B8-B9A8-F618BAC021F2}.Release|x86.Deploy.0 = Release|Any CPU
		{01CAB6BE-871D-47E8-9F80-DA36015DEC5D}.Ad-Hoc|Any CPU.ActiveCfg = Ad-Hoc|iPhone
		{01CAB6BE-871D-47E8-9F80-DA36015DEC5D}.Ad-Hoc|ARM.ActiveCfg = Ad-Hoc|iPhone
		{01CAB6BE-871D-47E8-9F80-DA36015DEC5D}.Ad-Hoc|iPhone.ActiveCfg = Ad-Hoc|iPhone
		{01CAB6BE-871D-47E8-9F80-DA36015DEC5D}.Ad-Hoc|iPhone.Build.0 = Ad-Hoc|iPhone
		{01CAB6BE-871D-47E8-9F80-DA36015DEC5D}.Ad-Hoc|iPhoneSimulator.ActiveCfg = Ad-Hoc|iPhoneSimulator
		{01CAB6BE-871D-47E8-9F80-DA36015DEC5D}.Ad-Hoc|iPhoneSimulator.Build.0 = Ad-Hoc|iPhoneSimulator
		{01CAB6BE-871D-47E8-9F80-DA36015DEC5D}.Ad-Hoc|x64.ActiveCfg = Ad-Hoc|iPhone
		{01CAB6BE-871D-47E8-9F80-DA36015DEC5D}.Ad-Hoc|x86.ActiveCfg = Ad-Hoc|iPhone
		{01CAB6BE-871D-47E8-9F80-DA36015DEC5D}.AppStore|Any CPU.ActiveCfg = AppStore|iPhone
		{01CAB6BE-871D-47E8-9F80-DA36015DEC5D}.AppStore|ARM.ActiveCfg = AppStore|iPhone
		{01CAB6BE-871D-47E8-9F80-DA36015DEC5D}.AppStore|iPhone.ActiveCfg = AppStore|iPhone
		{01CAB6BE-871D-47E8-9F80-DA36015DEC5D}.AppStore|iPhone.Build.0 = AppStore|iPhone
		{01CAB6BE-871D-47E8-9F80-DA36015DEC5D}.AppStore|iPhoneSimulator.ActiveCfg = AppStore|iPhoneSimulator
		{01CAB6BE-871D-47E8-9F80-DA36015DEC5D}.AppStore|iPhoneSimulator.Build.0 = AppStore|iPhoneSimulator
		{01CAB6BE-871D-47E8-9F80-DA36015DEC5D}.AppStore|x64.ActiveCfg = AppStore|iPhone
		{01CAB6BE-871D-47E8-9F80-DA36015DEC5D}.AppStore|x86.ActiveCfg = AppStore|iPhone
		{01CAB6BE-871D-47E8-9F80-DA36015DEC5D}.Debug|Any CPU.ActiveCfg = Debug|iPhone
		{01CAB6BE-871D-47E8-9F80-DA36015DEC5D}.Debug|ARM.ActiveCfg = Debug|iPhone
		{01CAB6BE-871D-47E8-9F80-DA36015DEC5D}.Debug|iPhone.ActiveCfg = Debug|iPhone
		{01CAB6BE-871D-47E8-9F80-DA36015DEC5D}.Debug|iPhone.Build.0 = Debug|iPhone
		{01CAB6BE-871D-47E8-9F80-DA36015DEC5D}.Debug|iPhoneSimulator.ActiveCfg = Debug|iPhoneSimulator
		{01CAB6BE-871D-47E8-9F80-DA36015DEC5D}.Debug|iPhoneSimulator.Build.0 = Debug|iPhoneSimulator
		{01CAB6BE-871D-47E8-9F80-DA36015DEC5D}.Debug|x64.ActiveCfg = Debug|iPhone
		{01CAB6BE-871D-47E8-9F80-DA36015DEC5D}.Debug|x86.ActiveCfg = Debug|iPhone
		{01CAB6BE-871D-47E8-9F80-DA36015DEC5D}.Release|Any CPU.ActiveCfg = Release|iPhone
		{01CAB6BE-871D-47E8-9F80-DA36015DEC5D}.Release|ARM.ActiveCfg = Release|iPhone
		{01CAB6BE-871D-47E8-9F80-DA36015DEC5D}.Release|iPhone.ActiveCfg = Release|iPhone
		{01CAB6BE-871D-47E8-9F80-DA36015DEC5D}.Release|iPhone.Build.0 = Release|iPhone
		{01CAB6BE-871D-47E8-9F80-DA36015DEC5D}.Release|iPhoneSimulator.ActiveCfg = Release|iPhoneSimulator
		{01CAB6BE-871D-47E8-9F80-DA36015DEC5D}.Release|iPhoneSimulator.Build.0 = Release|iPhoneSimulator
		{01CAB6BE-871D-47E8-9F80-DA36015DEC5D}.Release|x64.ActiveCfg = Release|iPhone
		{01CAB6BE-871D-47E8-9F80-DA36015DEC5D}.Release|x86.ActiveCfg = Release|iPhone
	EndGlobalSection
	GlobalSection(SolutionProperties) = preSolution
		HideSolutionNode = FALSE
	EndGlobalSection
EndGlobal
