
Microsoft Visual Studio Solution File, Format Version 12.00
# Visual Studio 14
VisualStudioVersion = 14.0.25420.1
MinimumVisualStudioVersion = 10.0.40219.1
Project("{FAE04EC0-301F-11D3-BF4B-00C04F79EFBC}") = "PageTranslucentLayerXF", "PageTranslucentLayerXF\PageTranslucentLayerXF\PageTranslucentLayerXF.csproj", "{53018AA0-061E-4D40-BA72-8DF5749F8F52}"
EndProject
Project("{FAE04EC0-301F-11D3-BF4B-00C04F79EFBC}") = "PageTranslucentLayerXF.Droid", "PageTranslucentLayerXF\PageTranslucentLayerXF.Droid\PageTranslucentLayerXF.Droid.csproj", "{E7F34B52-5637-4FEC-BE9A-8080E3DFE037}"
EndProject
Project("{FAE04EC0-301F-11D3-BF4B-00C04F79EFBC}") = "PageTranslucentLayerXF.iOS", "PageTranslucentLayerXF\PageTranslucentLayerXF.iOS\PageTranslucentLayerXF.iOS.csproj", "{8A9AD557-D52E-4FF2-BE1F-6740657E146B}"
EndProject
Project("{FAE04EC0-301F-11D3-BF4B-00C04F79EFBC}") = "PageTranslucentLayerXF.WinPhone", "PageTranslucentLayerXF\PageTranslucentLayerXF.WinPhone\PageTranslucentLayerXF.WinPhone.csproj", "{676E8C0F-4D08-4683-B375-89C4275931F7}"
EndProject
Project("{FAE04EC0-301F-11D3-BF4B-00C04F79EFBC}") = "PageTranslucentLayerXF.UWP", "PageTranslucentLayerXF\PageTranslucentLayerXF.UWP\PageTranslucentLayerXF.UWP.csproj", "{740BD077-4D0F-412E-A9ED-1DC60C1EFF19}"
EndProject
Project("{FAE04EC0-301F-11D3-BF4B-00C04F79EFBC}") = "PageTranslucentLayerXF.Windows", "PageTranslucentLayerXF\PageTranslucentLayerXF.Windows\PageTranslucentLayerXF.Windows.csproj", "{3F4F0015-FBC4-478D-88BA-7584CE303580}"
EndProject
Global
	GlobalSection(SolutionConfigurationPlatforms) = preSolution
		Ad-Hoc|Any CPU = Ad-Hoc|Any CPU
		Ad-Hoc|ARM = Ad-Hoc|ARM
		Ad-Hoc|iPhone = Ad-Hoc|iPhone
		Ad-Hoc|iPhoneSimulator = Ad-Hoc|iPhoneSimulator
		Ad-Hoc|x64 = Ad-Hoc|x64
		Ad-Hoc|x86 = Ad-Hoc|x86
		AppStore|Any CPU = AppStore|Any CPU
		AppStore|ARM = AppStore|ARM
		AppStore|iPhone = AppStore|iPhone
		AppStore|iPhoneSimulator = AppStore|iPhoneSimulator
		AppStore|x64 = AppStore|x64
		AppStore|x86 = AppStore|x86
		Debug|Any CPU = Debug|Any CPU
		Debug|ARM = Debug|ARM
		Debug|iPhone = Debug|iPhone
		Debug|iPhoneSimulator = Debug|iPhoneSimulator
		Debug|x64 = Debug|x64
		Debug|x86 = Debug|x86
		Release|Any CPU = Release|Any CPU
		Release|ARM = Release|ARM
		Release|iPhone = Release|iPhone
		Release|iPhoneSimulator = Release|iPhoneSimulator
		Release|x64 = Release|x64
		Release|x86 = Release|x86
	EndGlobalSection
	GlobalSection(ProjectConfigurationPlatforms) = postSolution
		{53018AA0-061E-4D40-BA72-8DF5749F8F52}.Ad-Hoc|Any CPU.ActiveCfg = Release|Any CPU
		{53018AA0-061E-4D40-BA72-8DF5749F8F52}.Ad-Hoc|Any CPU.Build.0 = Release|Any CPU
		{53018AA0-061E-4D40-BA72-8DF5749F8F52}.Ad-Hoc|ARM.ActiveCfg = Release|Any CPU
		{53018AA0-061E-4D40-BA72-8DF5749F8F52}.Ad-Hoc|ARM.Build.0 = Release|Any CPU
		{53018AA0-061E-4D40-BA72-8DF5749F8F52}.Ad-Hoc|iPhone.ActiveCfg = Release|Any CPU
		{53018AA0-061E-4D40-BA72-8DF5749F8F52}.Ad-Hoc|iPhone.Build.0 = Release|Any CPU
		{53018AA0-061E-4D40-BA72-8DF5749F8F52}.Ad-Hoc|iPhoneSimulator.ActiveCfg = Release|Any CPU
		{53018AA0-061E-4D40-BA72-8DF5749F8F52}.Ad-Hoc|iPhoneSimulator.Build.0 = Release|Any CPU
		{53018AA0-061E-4D40-BA72-8DF5749F8F52}.Ad-Hoc|x64.ActiveCfg = Release|Any CPU
		{53018AA0-061E-4D40-BA72-8DF5749F8F52}.Ad-Hoc|x64.Build.0 = Release|Any CPU
		{53018AA0-061E-4D40-BA72-8DF5749F8F52}.Ad-Hoc|x86.ActiveCfg = Release|Any CPU
		{53018AA0-061E-4D40-BA72-8DF5749F8F52}.Ad-Hoc|x86.Build.0 = Release|Any CPU
		{53018AA0-061E-4D40-BA72-8DF5749F8F52}.AppStore|Any CPU.ActiveCfg = Release|Any CPU
		{53018AA0-061E-4D40-BA72-8DF5749F8F52}.AppStore|Any CPU.Build.0 = Release|Any CPU
		{53018AA0-061E-4D40-BA72-8DF5749F8F52}.AppStore|ARM.ActiveCfg = Release|Any CPU
		{53018AA0-061E-4D40-BA72-8DF5749F8F52}.AppStore|ARM.Build.0 = Release|Any CPU
		{53018AA0-061E-4D40-BA72-8DF5749F8F52}.AppStore|iPhone.ActiveCfg = Release|Any CPU
		{53018AA0-061E-4D40-BA72-8DF5749F8F52}.AppStore|iPhone.Build.0 = Release|Any CPU
		{53018AA0-061E-4D40-BA72-8DF5749F8F52}.AppStore|iPhoneSimulator.ActiveCfg = Release|Any CPU
		{53018AA0-061E-4D40-BA72-8DF5749F8F52}.AppStore|iPhoneSimulator.Build.0 = Release|Any CPU
		{53018AA0-061E-4D40-BA72-8DF5749F8F52}.AppStore|x64.ActiveCfg = Release|Any CPU
		{53018AA0-061E-4D40-BA72-8DF5749F8F52}.AppStore|x64.Build.0 = Release|Any CPU
		{53018AA0-061E-4D40-BA72-8DF5749F8F52}.AppStore|x86.ActiveCfg = Release|Any CPU
		{53018AA0-061E-4D40-BA72-8DF5749F8F52}.AppStore|x86.Build.0 = Release|Any CPU
		{53018AA0-061E-4D40-BA72-8DF5749F8F52}.Debug|Any CPU.ActiveCfg = Debug|Any CPU
		{53018AA0-061E-4D40-BA72-8DF5749F8F52}.Debug|Any CPU.Build.0 = Debug|Any CPU
		{53018AA0-061E-4D40-BA72-8DF5749F8F52}.Debug|ARM.ActiveCfg = Debug|Any CPU
		{53018AA0-061E-4D40-BA72-8DF5749F8F52}.Debug|ARM.Build.0 = Debug|Any CPU
		{53018AA0-061E-4D40-BA72-8DF5749F8F52}.Debug|iPhone.ActiveCfg = Debug|Any CPU
		{53018AA0-061E-4D40-BA72-8DF5749F8F52}.Debug|iPhone.Build.0 = Debug|Any CPU
		{53018AA0-061E-4D40-BA72-8DF5749F8F52}.Debug|iPhoneSimulator.ActiveCfg = Debug|Any CPU
		{53018AA0-061E-4D40-BA72-8DF5749F8F52}.Debug|iPhoneSimulator.Build.0 = Debug|Any CPU
		{53018AA0-061E-4D40-BA72-8DF5749F8F52}.Debug|x64.ActiveCfg = Debug|Any CPU
		{53018AA0-061E-4D40-BA72-8DF5749F8F52}.Debug|x64.Build.0 = Debug|Any CPU
		{53018AA0-061E-4D40-BA72-8DF5749F8F52}.Debug|x86.ActiveCfg = Debug|Any CPU
		{53018AA0-061E-4D40-BA72-8DF5749F8F52}.Debug|x86.Build.0 = Debug|Any CPU
		{53018AA0-061E-4D40-BA72-8DF5749F8F52}.Release|Any CPU.ActiveCfg = Release|Any CPU
		{53018AA0-061E-4D40-BA72-8DF5749F8F52}.Release|Any CPU.Build.0 = Release|Any CPU
		{53018AA0-061E-4D40-BA72-8DF5749F8F52}.Release|ARM.ActiveCfg = Release|Any CPU
		{53018AA0-061E-4D40-BA72-8DF5749F8F52}.Release|ARM.Build.0 = Release|Any CPU
		{53018AA0-061E-4D40-BA72-8DF5749F8F52}.Release|iPhone.ActiveCfg = Release|Any CPU
		{53018AA0-061E-4D40-BA72-8DF5749F8F52}.Release|iPhone.Build.0 = Release|Any CPU
		{53018AA0-061E-4D40-BA72-8DF5749F8F52}.Release|iPhoneSimulator.ActiveCfg = Release|Any CPU
		{53018AA0-061E-4D40-BA72-8DF5749F8F52}.Release|iPhoneSimulator.Build.0 = Release|Any CPU
		{53018AA0-061E-4D40-BA72-8DF5749F8F52}.Release|x64.ActiveCfg = Release|Any CPU
		{53018AA0-061E-4D40-BA72-8DF5749F8F52}.Release|x64.Build.0 = Release|Any CPU
		{53018AA0-061E-4D40-BA72-8DF5749F8F52}.Release|x86.ActiveCfg = Release|Any CPU
		{53018AA0-061E-4D40-BA72-8DF5749F8F52}.Release|x86.Build.0 = Release|Any CPU
		{E7F34B52-5637-4FEC-BE9A-8080E3DFE037}.Ad-Hoc|Any CPU.ActiveCfg = Release|Any CPU
		{E7F34B52-5637-4FEC-BE9A-8080E3DFE037}.Ad-Hoc|Any CPU.Build.0 = Release|Any CPU
		{E7F34B52-5637-4FEC-BE9A-8080E3DFE037}.Ad-Hoc|Any CPU.Deploy.0 = Release|Any CPU
		{E7F34B52-5637-4FEC-BE9A-8080E3DFE037}.Ad-Hoc|ARM.ActiveCfg = Release|Any CPU
		{E7F34B52-5637-4FEC-BE9A-8080E3DFE037}.Ad-Hoc|ARM.Build.0 = Release|Any CPU
		{E7F34B52-5637-4FEC-BE9A-8080E3DFE037}.Ad-Hoc|ARM.Deploy.0 = Release|Any CPU
		{E7F34B52-5637-4FEC-BE9A-8080E3DFE037}.Ad-Hoc|iPhone.ActiveCfg = Release|Any CPU
		{E7F34B52-5637-4FEC-BE9A-8080E3DFE037}.Ad-Hoc|iPhone.Build.0 = Release|Any CPU
		{E7F34B52-5637-4FEC-BE9A-8080E3DFE037}.Ad-Hoc|iPhone.Deploy.0 = Release|Any CPU
		{E7F34B52-5637-4FEC-BE9A-8080E3DFE037}.Ad-Hoc|iPhoneSimulator.ActiveCfg = Release|Any CPU
		{E7F34B52-5637-4FEC-BE9A-8080E3DFE037}.Ad-Hoc|iPhoneSimulator.Build.0 = Release|Any CPU
		{E7F34B52-5637-4FEC-BE9A-8080E3DFE037}.Ad-Hoc|iPhoneSimulator.Deploy.0 = Release|Any CPU
		{E7F34B52-5637-4FEC-BE9A-8080E3DFE037}.Ad-Hoc|x64.ActiveCfg = Release|Any CPU
		{E7F34B52-5637-4FEC-BE9A-8080E3DFE037}.Ad-Hoc|x64.Build.0 = Release|Any CPU
		{E7F34B52-5637-4FEC-BE9A-8080E3DFE037}.Ad-Hoc|x64.Deploy.0 = Release|Any CPU
		{E7F34B52-5637-4FEC-BE9A-8080E3DFE037}.Ad-Hoc|x86.ActiveCfg = Release|Any CPU
		{E7F34B52-5637-4FEC-BE9A-8080E3DFE037}.Ad-Hoc|x86.Build.0 = Release|Any CPU
		{E7F34B52-5637-4FEC-BE9A-8080E3DFE037}.Ad-Hoc|x86.Deploy.0 = Release|Any CPU
		{E7F34B52-5637-4FEC-BE9A-8080E3DFE037}.AppStore|Any CPU.ActiveCfg = Release|Any CPU
		{E7F34B52-5637-4FEC-BE9A-8080E3DFE037}.AppStore|Any CPU.Build.0 = Release|Any CPU
		{E7F34B52-5637-4FEC-BE9A-8080E3DFE037}.AppStore|Any CPU.Deploy.0 = Release|Any CPU
		{E7F34B52-5637-4FEC-BE9A-8080E3DFE037}.AppStore|ARM.ActiveCfg = Release|Any CPU
		{E7F34B52-5637-4FEC-BE9A-8080E3DFE037}.AppStore|ARM.Build.0 = Release|Any CPU
		{E7F34B52-5637-4FEC-BE9A-8080E3DFE037}.AppStore|ARM.Deploy.0 = Release|Any CPU
		{E7F34B52-5637-4FEC-BE9A-8080E3DFE037}.AppStore|iPhone.ActiveCfg = Release|Any CPU
		{E7F34B52-5637-4FEC-BE9A-8080E3DFE037}.AppStore|iPhone.Build.0 = Release|Any CPU
		{E7F34B52-5637-4FEC-BE9A-8080E3DFE037}.AppStore|iPhone.Deploy.0 = Release|Any CPU
		{E7F34B52-5637-4FEC-BE9A-8080E3DFE037}.AppStore|iPhoneSimulator.ActiveCfg = Release|Any CPU
		{E7F34B52-5637-4FEC-BE9A-8080E3DFE037}.AppStore|iPhoneSimulator.Build.0 = Release|Any CPU
		{E7F34B52-5637-4FEC-BE9A-8080E3DFE037}.AppStore|iPhoneSimulator.Deploy.0 = Release|Any CPU
		{E7F34B52-5637-4FEC-BE9A-8080E3DFE037}.AppStore|x64.ActiveCfg = Release|Any CPU
		{E7F34B52-5637-4FEC-BE9A-8080E3DFE037}.AppStore|x64.Build.0 = Release|Any CPU
		{E7F34B52-5637-4FEC-BE9A-8080E3DFE037}.AppStore|x64.Deploy.0 = Release|Any CPU
		{E7F34B52-5637-4FEC-BE9A-8080E3DFE037}.AppStore|x86.ActiveCfg = Release|Any CPU
		{E7F34B52-5637-4FEC-BE9A-8080E3DFE037}.AppStore|x86.Build.0 = Release|Any CPU
		{E7F34B52-5637-4FEC-BE9A-8080E3DFE037}.AppStore|x86.Deploy.0 = Release|Any CPU
		{E7F34B52-5637-4FEC-BE9A-8080E3DFE037}.Debug|Any CPU.ActiveCfg = Debug|Any CPU
		{E7F34B52-5637-4FEC-BE9A-8080E3DFE037}.Debug|Any CPU.Build.0 = Debug|Any CPU
		{E7F34B52-5637-4FEC-BE9A-8080E3DFE037}.Debug|Any CPU.Deploy.0 = Debug|Any CPU
		{E7F34B52-5637-4FEC-BE9A-8080E3DFE037}.Debug|ARM.ActiveCfg = Debug|Any CPU
		{E7F34B52-5637-4FEC-BE9A-8080E3DFE037}.Debug|ARM.Build.0 = Debug|Any CPU
		{E7F34B52-5637-4FEC-BE9A-8080E3DFE037}.Debug|ARM.Deploy.0 = Debug|Any CPU
		{E7F34B52-5637-4FEC-BE9A-8080E3DFE037}.Debug|iPhone.ActiveCfg = Debug|Any CPU
		{E7F34B52-5637-4FEC-BE9A-8080E3DFE037}.Debug|iPhone.Build.0 = Debug|Any CPU
		{E7F34B52-5637-4FEC-BE9A-8080E3DFE037}.Debug|iPhone.Deploy.0 = Debug|Any CPU
		{E7F34B52-5637-4FEC-BE9A-8080E3DFE037}.Debug|iPhoneSimulator.ActiveCfg = Debug|Any CPU
		{E7F34B52-5637-4FEC-BE9A-8080E3DFE037}.Debug|iPhoneSimulator.Build.0 = Debug|Any CPU
		{E7F34B52-5637-4FEC-BE9A-8080E3DFE037}.Debug|iPhoneSimulator.Deploy.0 = Debug|Any CPU
		{E7F34B52-5637-4FEC-BE9A-8080E3DFE037}.Debug|x64.ActiveCfg = Debug|Any CPU
		{E7F34B52-5637-4FEC-BE9A-8080E3DFE037}.Debug|x64.Build.0 = Debug|Any CPU
		{E7F34B52-5637-4FEC-BE9A-8080E3DFE037}.Debug|x64.Deploy.0 = Debug|Any CPU
		{E7F34B52-5637-4FEC-BE9A-8080E3DFE037}.Debug|x86.ActiveCfg = Debug|Any CPU
		{E7F34B52-5637-4FEC-BE9A-8080E3DFE037}.Debug|x86.Build.0 = Debug|Any CPU
		{E7F34B52-5637-4FEC-BE9A-8080E3DFE037}.Debug|x86.Deploy.0 = Debug|Any CPU
		{E7F34B52-5637-4FEC-BE9A-8080E3DFE037}.Release|Any CPU.ActiveCfg = Release|Any CPU
		{E7F34B52-5637-4FEC-BE9A-8080E3DFE037}.Release|Any CPU.Build.0 = Release|Any CPU
		{E7F34B52-5637-4FEC-BE9A-8080E3DFE037}.Release|Any CPU.Deploy.0 = Release|Any CPU
		{E7F34B52-5637-4FEC-BE9A-8080E3DFE037}.Release|ARM.ActiveCfg = Release|Any CPU
		{E7F34B52-5637-4FEC-BE9A-8080E3DFE037}.Release|ARM.Build.0 = Release|Any CPU
		{E7F34B52-5637-4FEC-BE9A-8080E3DFE037}.Release|ARM.Deploy.0 = Release|Any CPU
		{E7F34B52-5637-4FEC-BE9A-8080E3DFE037}.Release|iPhone.ActiveCfg = Release|Any CPU
		{E7F34B52-5637-4FEC-BE9A-8080E3DFE037}.Release|iPhone.Build.0 = Release|Any CPU
		{E7F34B52-5637-4FEC-BE9A-8080E3DFE037}.Release|iPhone.Deploy.0 = Release|Any CPU
		{E7F34B52-5637-4FEC-BE9A-8080E3DFE037}.Release|iPhoneSimulator.ActiveCfg = Release|Any CPU
		{E7F34B52-5637-4FEC-BE9A-8080E3DFE037}.Release|iPhoneSimulator.Build.0 = Release|Any CPU
		{E7F34B52-5637-4FEC-BE9A-8080E3DFE037}.Release|iPhoneSimulator.Deploy.0 = Release|Any CPU
		{E7F34B52-5637-4FEC-BE9A-8080E3DFE037}.Release|x64.ActiveCfg = Release|Any CPU
		{E7F34B52-5637-4FEC-BE9A-8080E3DFE037}.Release|x64.Build.0 = Release|Any CPU
		{E7F34B52-5637-4FEC-BE9A-8080E3DFE037}.Release|x64.Deploy.0 = Release|Any CPU
		{E7F34B52-5637-4FEC-BE9A-8080E3DFE037}.Release|x86.ActiveCfg = Release|Any CPU
		{E7F34B52-5637-4FEC-BE9A-8080E3DFE037}.Release|x86.Build.0 = Release|Any CPU
		{E7F34B52-5637-4FEC-BE9A-8080E3DFE037}.Release|x86.Deploy.0 = Release|Any CPU
		{8A9AD557-D52E-4FF2-BE1F-6740657E146B}.Ad-Hoc|Any CPU.ActiveCfg = Ad-Hoc|iPhone
		{8A9AD557-D52E-4FF2-BE1F-6740657E146B}.Ad-Hoc|ARM.ActiveCfg = Ad-Hoc|iPhone
		{8A9AD557-D52E-4FF2-BE1F-6740657E146B}.Ad-Hoc|iPhone.ActiveCfg = Ad-Hoc|iPhone
		{8A9AD557-D52E-4FF2-BE1F-6740657E146B}.Ad-Hoc|iPhone.Build.0 = Ad-Hoc|iPhone
		{8A9AD557-D52E-4FF2-BE1F-6740657E146B}.Ad-Hoc|iPhoneSimulator.ActiveCfg = Ad-Hoc|iPhoneSimulator
		{8A9AD557-D52E-4FF2-BE1F-6740657E146B}.Ad-Hoc|iPhoneSimulator.Build.0 = Ad-Hoc|iPhoneSimulator
		{8A9AD557-D52E-4FF2-BE1F-6740657E146B}.Ad-Hoc|x64.ActiveCfg = Ad-Hoc|iPhone
		{8A9AD557-D52E-4FF2-BE1F-6740657E146B}.Ad-Hoc|x86.ActiveCfg = Ad-Hoc|iPhone
		{8A9AD557-D52E-4FF2-BE1F-6740657E146B}.AppStore|Any CPU.ActiveCfg = AppStore|iPhone
		{8A9AD557-D52E-4FF2-BE1F-6740657E146B}.AppStore|ARM.ActiveCfg = AppStore|iPhone
		{8A9AD557-D52E-4FF2-BE1F-6740657E146B}.AppStore|iPhone.ActiveCfg = AppStore|iPhone
		{8A9AD557-D52E-4FF2-BE1F-6740657E146B}.AppStore|iPhone.Build.0 = AppStore|iPhone
		{8A9AD557-D52E-4FF2-BE1F-6740657E146B}.AppStore|iPhoneSimulator.ActiveCfg = AppStore|iPhoneSimulator
		{8A9AD557-D52E-4FF2-BE1F-6740657E146B}.AppStore|iPhoneSimulator.Build.0 = AppStore|iPhoneSimulator
		{8A9AD557-D52E-4FF2-BE1F-6740657E146B}.AppStore|x64.ActiveCfg = AppStore|iPhone
		{8A9AD557-D52E-4FF2-BE1F-6740657E146B}.AppStore|x86.ActiveCfg = AppStore|iPhone
		{8A9AD557-D52E-4FF2-BE1F-6740657E146B}.Debug|Any CPU.ActiveCfg = Debug|iPhone
		{8A9AD557-D52E-4FF2-BE1F-6740657E146B}.Debug|ARM.ActiveCfg = Debug|iPhone
		{8A9AD557-D52E-4FF2-BE1F-6740657E146B}.Debug|iPhone.ActiveCfg = Debug|iPhone
		{8A9AD557-D52E-4FF2-BE1F-6740657E146B}.Debug|iPhone.Build.0 = Debug|iPhone
		{8A9AD557-D52E-4FF2-BE1F-6740657E146B}.Debug|iPhoneSimulator.ActiveCfg = Debug|iPhoneSimulator
		{8A9AD557-D52E-4FF2-BE1F-6740657E146B}.Debug|iPhoneSimulator.Build.0 = Debug|iPhoneSimulator
		{8A9AD557-D52E-4FF2-BE1F-6740657E146B}.Debug|x64.ActiveCfg = Debug|iPhone
		{8A9AD557-D52E-4FF2-BE1F-6740657E146B}.Debug|x86.ActiveCfg = Debug|iPhone
		{8A9AD557-D52E-4FF2-BE1F-6740657E146B}.Release|Any CPU.ActiveCfg = Release|iPhone
		{8A9AD557-D52E-4FF2-BE1F-6740657E146B}.Release|ARM.ActiveCfg = Release|iPhone
		{8A9AD557-D52E-4FF2-BE1F-6740657E146B}.Release|iPhone.ActiveCfg = Release|iPhone
		{8A9AD557-D52E-4FF2-BE1F-6740657E146B}.Release|iPhone.Build.0 = Release|iPhone
		{8A9AD557-D52E-4FF2-BE1F-6740657E146B}.Release|iPhoneSimulator.ActiveCfg = Release|iPhoneSimulator
		{8A9AD557-D52E-4FF2-BE1F-6740657E146B}.Release|iPhoneSimulator.Build.0 = Release|iPhoneSimulator
		{8A9AD557-D52E-4FF2-BE1F-6740657E146B}.Release|x64.ActiveCfg = Release|iPhone
		{8A9AD557-D52E-4FF2-BE1F-6740657E146B}.Release|x86.ActiveCfg = Release|iPhone
		{676E8C0F-4D08-4683-B375-89C4275931F7}.Ad-Hoc|Any CPU.ActiveCfg = Release|Any CPU
		{676E8C0F-4D08-4683-B375-89C4275931F7}.Ad-Hoc|Any CPU.Build.0 = Release|Any CPU
		{676E8C0F-4D08-4683-B375-89C4275931F7}.Ad-Hoc|Any CPU.Deploy.0 = Release|Any CPU
		{676E8C0F-4D08-4683-B375-89C4275931F7}.Ad-Hoc|ARM.ActiveCfg = Release|ARM
		{676E8C0F-4D08-4683-B375-89C4275931F7}.Ad-Hoc|ARM.Build.0 = Release|ARM
		{676E8C0F-4D08-4683-B375-89C4275931F7}.Ad-Hoc|ARM.Deploy.0 = Release|ARM
		{676E8C0F-4D08-4683-B375-89C4275931F7}.Ad-Hoc|iPhone.ActiveCfg = Release|Any CPU
		{676E8C0F-4D08-4683-B375-89C4275931F7}.Ad-Hoc|iPhone.Build.0 = Release|Any CPU
		{676E8C0F-4D08-4683-B375-89C4275931F7}.Ad-Hoc|iPhone.Deploy.0 = Release|Any CPU
		{676E8C0F-4D08-4683-B375-89C4275931F7}.Ad-Hoc|iPhoneSimulator.ActiveCfg = Release|Any CPU
		{676E8C0F-4D08-4683-B375-89C4275931F7}.Ad-Hoc|iPhoneSimulator.Build.0 = Release|Any CPU
		{676E8C0F-4D08-4683-B375-89C4275931F7}.Ad-Hoc|iPhoneSimulator.Deploy.0 = Release|Any CPU
		{676E8C0F-4D08-4683-B375-89C4275931F7}.Ad-Hoc|x64.ActiveCfg = Release|Any CPU
		{676E8C0F-4D08-4683-B375-89C4275931F7}.Ad-Hoc|x64.Build.0 = Release|Any CPU
		{676E8C0F-4D08-4683-B375-89C4275931F7}.Ad-Hoc|x64.Deploy.0 = Release|Any CPU
		{676E8C0F-4D08-4683-B375-89C4275931F7}.Ad-Hoc|x86.ActiveCfg = Release|x86
		{676E8C0F-4D08-4683-B375-89C4275931F7}.Ad-Hoc|x86.Build.0 = Release|x86
		{676E8C0F-4D08-4683-B375-89C4275931F7}.Ad-Hoc|x86.Deploy.0 = Release|x86
		{676E8C0F-4D08-4683-B375-89C4275931F7}.AppStore|Any CPU.ActiveCfg = Release|Any CPU
		{676E8C0F-4D08-4683-B375-89C4275931F7}.AppStore|Any CPU.Build.0 = Release|Any CPU
		{676E8C0F-4D08-4683-B375-89C4275931F7}.AppStore|Any CPU.Deploy.0 = Release|Any CPU
		{676E8C0F-4D08-4683-B375-89C4275931F7}.AppStore|ARM.ActiveCfg = Release|ARM
		{676E8C0F-4D08-4683-B375-89C4275931F7}.AppStore|ARM.Build.0 = Release|ARM
		{676E8C0F-4D08-4683-B375-89C4275931F7}.AppStore|ARM.Deploy.0 = Release|ARM
		{676E8C0F-4D08-4683-B375-89C4275931F7}.AppStore|iPhone.ActiveCfg = Release|Any CPU
		{676E8C0F-4D08-4683-B375-89C4275931F7}.AppStore|iPhone.Build.0 = Release|Any CPU
		{676E8C0F-4D08-4683-B375-89C4275931F7}.AppStore|iPhone.Deploy.0 = Release|Any CPU
		{676E8C0F-4D08-4683-B375-89C4275931F7}.AppStore|iPhoneSimulator.ActiveCfg = Release|Any CPU
		{676E8C0F-4D08-4683-B375-89C4275931F7}.AppStore|iPhoneSimulator.Build.0 = Release|Any CPU
		{676E8C0F-4D08-4683-B375-89C4275931F7}.AppStore|iPhoneSimulator.Deploy.0 = Release|Any CPU
		{676E8C0F-4D08-4683-B375-89C4275931F7}.AppStore|x64.ActiveCfg = Release|Any CPU
		{676E8C0F-4D08-4683-B375-89C4275931F7}.AppStore|x64.Build.0 = Release|Any CPU
		{676E8C0F-4D08-4683-B375-89C4275931F7}.AppStore|x64.Deploy.0 = Release|Any CPU
		{676E8C0F-4D08-4683-B375-89C4275931F7}.AppStore|x86.ActiveCfg = Release|x86
		{676E8C0F-4D08-4683-B375-89C4275931F7}.AppStore|x86.Build.0 = Release|x86
		{676E8C0F-4D08-4683-B375-89C4275931F7}.AppStore|x86.Deploy.0 = Release|x86
		{676E8C0F-4D08-4683-B375-89C4275931F7}.Debug|Any CPU.ActiveCfg = Debug|Any CPU
		{676E8C0F-4D08-4683-B375-89C4275931F7}.Debug|Any CPU.Build.0 = Debug|Any CPU
		{676E8C0F-4D08-4683-B375-89C4275931F7}.Debug|Any CPU.Deploy.0 = Debug|Any CPU
		{676E8C0F-4D08-4683-B375-89C4275931F7}.Debug|ARM.ActiveCfg = Debug|ARM
		{676E8C0F-4D08-4683-B375-89C4275931F7}.Debug|ARM.Build.0 = Debug|ARM
		{676E8C0F-4D08-4683-B375-89C4275931F7}.Debug|ARM.Deploy.0 = Debug|ARM
		{676E8C0F-4D08-4683-B375-89C4275931F7}.Debug|iPhone.ActiveCfg = Debug|Any CPU
		{676E8C0F-4D08-4683-B375-89C4275931F7}.Debug|iPhone.Build.0 = Debug|Any CPU
		{676E8C0F-4D08-4683-B375-89C4275931F7}.Debug|iPhone.Deploy.0 = Debug|Any CPU
		{676E8C0F-4D08-4683-B375-89C4275931F7}.Debug|iPhoneSimulator.ActiveCfg = Debug|Any CPU
		{676E8C0F-4D08-4683-B375-89C4275931F7}.Debug|iPhoneSimulator.Build.0 = Debug|Any CPU
		{676E8C0F-4D08-4683-B375-89C4275931F7}.Debug|iPhoneSimulator.Deploy.0 = Debug|Any CPU
		{676E8C0F-4D08-4683-B375-89C4275931F7}.Debug|x64.ActiveCfg = Debug|Any CPU
		{676E8C0F-4D08-4683-B375-89C4275931F7}.Debug|x64.Build.0 = Debug|Any CPU
		{676E8C0F-4D08-4683-B375-89C4275931F7}.Debug|x64.Deploy.0 = Debug|Any CPU
		{676E8C0F-4D08-4683-B375-89C4275931F7}.Debug|x86.ActiveCfg = Debug|x86
		{676E8C0F-4D08-4683-B375-89C4275931F7}.Debug|x86.Build.0 = Debug|x86
		{676E8C0F-4D08-4683-B375-89C4275931F7}.Debug|x86.Deploy.0 = Debug|x86
		{676E8C0F-4D08-4683-B375-89C4275931F7}.Release|Any CPU.ActiveCfg = Release|Any CPU
		{676E8C0F-4D08-4683-B375-89C4275931F7}.Release|Any CPU.Build.0 = Release|Any CPU
		{676E8C0F-4D08-4683-B375-89C4275931F7}.Release|Any CPU.Deploy.0 = Release|Any CPU
		{676E8C0F-4D08-4683-B375-89C4275931F7}.Release|ARM.ActiveCfg = Release|ARM
		{676E8C0F-4D08-4683-B375-89C4275931F7}.Release|ARM.Build.0 = Release|ARM
		{676E8C0F-4D08-4683-B375-89C4275931F7}.Release|ARM.Deploy.0 = Release|ARM
		{676E8C0F-4D08-4683-B375-89C4275931F7}.Release|iPhone.ActiveCfg = Release|Any CPU
		{676E8C0F-4D08-4683-B375-89C4275931F7}.Release|iPhone.Build.0 = Release|Any CPU
		{676E8C0F-4D08-4683-B375-89C4275931F7}.Release|iPhone.Deploy.0 = Release|Any CPU
		{676E8C0F-4D08-4683-B375-89C4275931F7}.Release|iPhoneSimulator.ActiveCfg = Release|Any CPU
		{676E8C0F-4D08-4683-B375-89C4275931F7}.Release|iPhoneSimulator.Build.0 = Release|Any CPU
		{676E8C0F-4D08-4683-B375-89C4275931F7}.Release|iPhoneSimulator.Deploy.0 = Release|Any CPU
		{676E8C0F-4D08-4683-B375-89C4275931F7}.Release|x64.ActiveCfg = Release|Any CPU
		{676E8C0F-4D08-4683-B375-89C4275931F7}.Release|x64.Build.0 = Release|Any CPU
		{676E8C0F-4D08-4683-B375-89C4275931F7}.Release|x64.Deploy.0 = Release|Any CPU
		{676E8C0F-4D08-4683-B375-89C4275931F7}.Release|x86.ActiveCfg = Release|x86
		{676E8C0F-4D08-4683-B375-89C4275931F7}.Release|x86.Build.0 = Release|x86
		{676E8C0F-4D08-4683-B375-89C4275931F7}.Release|x86.Deploy.0 = Release|x86
		{740BD077-4D0F-412E-A9ED-1DC60C1EFF19}.Ad-Hoc|Any CPU.ActiveCfg = Release|x86
		{740BD077-4D0F-412E-A9ED-1DC60C1EFF19}.Ad-Hoc|Any CPU.Build.0 = Release|x86
		{740BD077-4D0F-412E-A9ED-1DC60C1EFF19}.Ad-Hoc|Any CPU.Deploy.0 = Release|x86
		{740BD077-4D0F-412E-A9ED-1DC60C1EFF19}.Ad-Hoc|ARM.ActiveCfg = Release|ARM
		{740BD077-4D0F-412E-A9ED-1DC60C1EFF19}.Ad-Hoc|ARM.Build.0 = Release|ARM
		{740BD077-4D0F-412E-A9ED-1DC60C1EFF19}.Ad-Hoc|ARM.Deploy.0 = Release|ARM
		{740BD077-4D0F-412E-A9ED-1DC60C1EFF19}.Ad-Hoc|iPhone.ActiveCfg = Release|x86
		{740BD077-4D0F-412E-A9ED-1DC60C1EFF19}.Ad-Hoc|iPhone.Build.0 = Release|x86
		{740BD077-4D0F-412E-A9ED-1DC60C1EFF19}.Ad-Hoc|iPhone.Deploy.0 = Release|x86
		{740BD077-4D0F-412E-A9ED-1DC60C1EFF19}.Ad-Hoc|iPhoneSimulator.ActiveCfg = Release|x86
		{740BD077-4D0F-412E-A9ED-1DC60C1EFF19}.Ad-Hoc|iPhoneSimulator.Build.0 = Release|x86
		{740BD077-4D0F-412E-A9ED-1DC60C1EFF19}.Ad-Hoc|iPhoneSimulator.Deploy.0 = Release|x86
		{740BD077-4D0F-412E-A9ED-1DC60C1EFF19}.Ad-Hoc|x64.ActiveCfg = Release|x64
		{740BD077-4D0F-412E-A9ED-1DC60C1EFF19}.Ad-Hoc|x64.Build.0 = Release|x64
		{740BD077-4D0F-412E-A9ED-1DC60C1EFF19}.Ad-Hoc|x64.Deploy.0 = Release|x64
		{740BD077-4D0F-412E-A9ED-1DC60C1EFF19}.Ad-Hoc|x86.ActiveCfg = Release|x86
		{740BD077-4D0F-412E-A9ED-1DC60C1EFF19}.Ad-Hoc|x86.Build.0 = Release|x86
		{740BD077-4D0F-412E-A9ED-1DC60C1EFF19}.Ad-Hoc|x86.Deploy.0 = Release|x86
		{740BD077-4D0F-412E-A9ED-1DC60C1EFF19}.AppStore|Any CPU.ActiveCfg = Release|x86
		{740BD077-4D0F-412E-A9ED-1DC60C1EFF19}.AppStore|Any CPU.Build.0 = Release|x86
		{740BD077-4D0F-412E-A9ED-1DC60C1EFF19}.AppStore|Any CPU.Deploy.0 = Release|x86
		{740BD077-4D0F-412E-A9ED-1DC60C1EFF19}.AppStore|ARM.ActiveCfg = Release|ARM
		{740BD077-4D0F-412E-A9ED-1DC60C1EFF19}.AppStore|ARM.Build.0 = Release|ARM
		{740BD077-4D0F-412E-A9ED-1DC60C1EFF19}.AppStore|ARM.Deploy.0 = Release|ARM
		{740BD077-4D0F-412E-A9ED-1DC60C1EFF19}.AppStore|iPhone.ActiveCfg = Release|x86
		{740BD077-4D0F-412E-A9ED-1DC60C1EFF19}.AppStore|iPhone.Build.0 = Release|x86
		{740BD077-4D0F-412E-A9ED-1DC60C1EFF19}.AppStore|iPhone.Deploy.0 = Release|x86
		{740BD077-4D0F-412E-A9ED-1DC60C1EFF19}.AppStore|iPhoneSimulator.ActiveCfg = Release|x86
		{740BD077-4D0F-412E-A9ED-1DC60C1EFF19}.AppStore|iPhoneSimulator.Build.0 = Release|x86
		{740BD077-4D0F-412E-A9ED-1DC60C1EFF19}.AppStore|iPhoneSimulator.Deploy.0 = Release|x86
		{740BD077-4D0F-412E-A9ED-1DC60C1EFF19}.AppStore|x64.ActiveCfg = Release|x64
		{740BD077-4D0F-412E-A9ED-1DC60C1EFF19}.AppStore|x64.Build.0 = Release|x64
		{740BD077-4D0F-412E-A9ED-1DC60C1EFF19}.AppStore|x64.Deploy.0 = Release|x64
		{740BD077-4D0F-412E-A9ED-1DC60C1EFF19}.AppStore|x86.ActiveCfg = Release|x86
		{740BD077-4D0F-412E-A9ED-1DC60C1EFF19}.AppStore|x86.Build.0 = Release|x86
		{740BD077-4D0F-412E-A9ED-1DC60C1EFF19}.AppStore|x86.Deploy.0 = Release|x86
		{740BD077-4D0F-412E-A9ED-1DC60C1EFF19}.Debug|Any CPU.ActiveCfg = Debug|x86
		{740BD077-4D0F-412E-A9ED-1DC60C1EFF19}.Debug|ARM.ActiveCfg = Debug|ARM
		{740BD077-4D0F-412E-A9ED-1DC60C1EFF19}.Debug|ARM.Build.0 = Debug|ARM
		{740BD077-4D0F-412E-A9ED-1DC60C1EFF19}.Debug|ARM.Deploy.0 = Debug|ARM
		{740BD077-4D0F-412E-A9ED-1DC60C1EFF19}.Debug|iPhone.ActiveCfg = Debug|x86
		{740BD077-4D0F-412E-A9ED-1DC60C1EFF19}.Debug|iPhoneSimulator.ActiveCfg = Debug|x86
		{740BD077-4D0F-412E-A9ED-1DC60C1EFF19}.Debug|x64.ActiveCfg = Debug|x64
		{740BD077-4D0F-412E-A9ED-1DC60C1EFF19}.Debug|x64.Build.0 = Debug|x64
		{740BD077-4D0F-412E-A9ED-1DC60C1EFF19}.Debug|x64.Deploy.0 = Debug|x64
		{740BD077-4D0F-412E-A9ED-1DC60C1EFF19}.Debug|x86.ActiveCfg = Debug|x86
		{740BD077-4D0F-412E-A9ED-1DC60C1EFF19}.Debug|x86.Build.0 = Debug|x86
		{740BD077-4D0F-412E-A9ED-1DC60C1EFF19}.Debug|x86.Deploy.0 = Debug|x86
		{740BD077-4D0F-412E-A9ED-1DC60C1EFF19}.Release|Any CPU.ActiveCfg = Release|x86
		{740BD077-4D0F-412E-A9ED-1DC60C1EFF19}.Release|ARM.ActiveCfg = Release|ARM
		{740BD077-4D0F-412E-A9ED-1DC60C1EFF19}.Release|ARM.Build.0 = Release|ARM
		{740BD077-4D0F-412E-A9ED-1DC60C1EFF19}.Release|ARM.Deploy.0 = Release|ARM
		{740BD077-4D0F-412E-A9ED-1DC60C1EFF19}.Release|iPhone.ActiveCfg = Release|x86
		{740BD077-4D0F-412E-A9ED-1DC60C1EFF19}.Release|iPhoneSimulator.ActiveCfg = Release|x86
		{740BD077-4D0F-412E-A9ED-1DC60C1EFF19}.Release|x64.ActiveCfg = Release|x64
		{740BD077-4D0F-412E-A9ED-1DC60C1EFF19}.Release|x64.Build.0 = Release|x64
		{740BD077-4D0F-412E-A9ED-1DC60C1EFF19}.Release|x64.Deploy.0 = Release|x64
		{740BD077-4D0F-412E-A9ED-1DC60C1EFF19}.Release|x86.ActiveCfg = Release|x86
		{740BD077-4D0F-412E-A9ED-1DC60C1EFF19}.Release|x86.Build.0 = Release|x86
		{740BD077-4D0F-412E-A9ED-1DC60C1EFF19}.Release|x86.Deploy.0 = Release|x86
		{3F4F0015-FBC4-478D-88BA-7584CE303580}.Ad-Hoc|Any CPU.ActiveCfg = Release|Any CPU
		{3F4F0015-FBC4-478D-88BA-7584CE303580}.Ad-Hoc|Any CPU.Build.0 = Release|Any CPU
		{3F4F0015-FBC4-478D-88BA-7584CE303580}.Ad-Hoc|Any CPU.Deploy.0 = Release|Any CPU
		{3F4F0015-FBC4-478D-88BA-7584CE303580}.Ad-Hoc|ARM.ActiveCfg = Release|ARM
		{3F4F0015-FBC4-478D-88BA-7584CE303580}.Ad-Hoc|ARM.Build.0 = Release|ARM
		{3F4F0015-FBC4-478D-88BA-7584CE303580}.Ad-Hoc|ARM.Deploy.0 = Release|ARM
		{3F4F0015-FBC4-478D-88BA-7584CE303580}.Ad-Hoc|iPhone.ActiveCfg = Release|Any CPU
		{3F4F0015-FBC4-478D-88BA-7584CE303580}.Ad-Hoc|iPhone.Build.0 = Release|Any CPU
		{3F4F0015-FBC4-478D-88BA-7584CE303580}.Ad-Hoc|iPhone.Deploy.0 = Release|Any CPU
		{3F4F0015-FBC4-478D-88BA-7584CE303580}.Ad-Hoc|iPhoneSimulator.ActiveCfg = Release|Any CPU
		{3F4F0015-FBC4-478D-88BA-7584CE303580}.Ad-Hoc|iPhoneSimulator.Build.0 = Release|Any CPU
		{3F4F0015-FBC4-478D-88BA-7584CE303580}.Ad-Hoc|iPhoneSimulator.Deploy.0 = Release|Any CPU
		{3F4F0015-FBC4-478D-88BA-7584CE303580}.Ad-Hoc|x64.ActiveCfg = Release|x64
		{3F4F0015-FBC4-478D-88BA-7584CE303580}.Ad-Hoc|x64.Build.0 = Release|x64
		{3F4F0015-FBC4-478D-88BA-7584CE303580}.Ad-Hoc|x64.Deploy.0 = Release|x64
		{3F4F0015-FBC4-478D-88BA-7584CE303580}.Ad-Hoc|x86.ActiveCfg = Release|x86
		{3F4F0015-FBC4-478D-88BA-7584CE303580}.Ad-Hoc|x86.Build.0 = Release|x86
		{3F4F0015-FBC4-478D-88BA-7584CE303580}.Ad-Hoc|x86.Deploy.0 = Release|x86
		{3F4F0015-FBC4-478D-88BA-7584CE303580}.AppStore|Any CPU.ActiveCfg = Release|Any CPU
		{3F4F0015-FBC4-478D-88BA-7584CE303580}.AppStore|Any CPU.Build.0 = Release|Any CPU
		{3F4F0015-FBC4-478D-88BA-7584CE303580}.AppStore|Any CPU.Deploy.0 = Release|Any CPU
		{3F4F0015-FBC4-478D-88BA-7584CE303580}.AppStore|ARM.ActiveCfg = Release|ARM
		{3F4F0015-FBC4-478D-88BA-7584CE303580}.AppStore|ARM.Build.0 = Release|ARM
		{3F4F0015-FBC4-478D-88BA-7584CE303580}.AppStore|ARM.Deploy.0 = Release|ARM
		{3F4F0015-FBC4-478D-88BA-7584CE303580}.AppStore|iPhone.ActiveCfg = Release|Any CPU
		{3F4F0015-FBC4-478D-88BA-7584CE303580}.AppStore|iPhone.Build.0 = Release|Any CPU
		{3F4F0015-FBC4-478D-88BA-7584CE303580}.AppStore|iPhone.Deploy.0 = Release|Any CPU
		{3F4F0015-FBC4-478D-88BA-7584CE303580}.AppStore|iPhoneSimulator.ActiveCfg = Release|Any CPU
		{3F4F0015-FBC4-478D-88BA-7584CE303580}.AppStore|iPhoneSimulator.Build.0 = Release|Any CPU
		{3F4F0015-FBC4-478D-88BA-7584CE303580}.AppStore|iPhoneSimulator.Deploy.0 = Release|Any CPU
		{3F4F0015-FBC4-478D-88BA-7584CE303580}.AppStore|x64.ActiveCfg = Release|x64
		{3F4F0015-FBC4-478D-88BA-7584CE303580}.AppStore|x64.Build.0 = Release|x64
		{3F4F0015-FBC4-478D-88BA-7584CE303580}.AppStore|x64.Deploy.0 = Release|x64
		{3F4F0015-FBC4-478D-88BA-7584CE303580}.AppStore|x86.ActiveCfg = Release|x86
		{3F4F0015-FBC4-478D-88BA-7584CE303580}.AppStore|x86.Build.0 = Release|x86
		{3F4F0015-FBC4-478D-88BA-7584CE303580}.AppStore|x86.Deploy.0 = Release|x86
		{3F4F0015-FBC4-478D-88BA-7584CE303580}.Debug|Any CPU.ActiveCfg = Debug|Any CPU
		{3F4F0015-FBC4-478D-88BA-7584CE303580}.Debug|Any CPU.Build.0 = Debug|Any CPU
		{3F4F0015-FBC4-478D-88BA-7584CE303580}.Debug|Any CPU.Deploy.0 = Debug|Any CPU
		{3F4F0015-FBC4-478D-88BA-7584CE303580}.Debug|ARM.ActiveCfg = Debug|ARM
		{3F4F0015-FBC4-478D-88BA-7584CE303580}.Debug|ARM.Build.0 = Debug|ARM
		{3F4F0015-FBC4-478D-88BA-7584CE303580}.Debug|ARM.Deploy.0 = Debug|ARM
		{3F4F0015-FBC4-478D-88BA-7584CE303580}.Debug|iPhone.ActiveCfg = Debug|Any CPU
		{3F4F0015-FBC4-478D-88BA-7584CE303580}.Debug|iPhone.Build.0 = Debug|Any CPU
		{3F4F0015-FBC4-478D-88BA-7584CE303580}.Debug|iPhone.Deploy.0 = Debug|Any CPU
		{3F4F0015-FBC4-478D-88BA-7584CE303580}.Debug|iPhoneSimulator.ActiveCfg = Debug|Any CPU
		{3F4F0015-FBC4-478D-88BA-7584CE303580}.Debug|iPhoneSimulator.Build.0 = Debug|Any CPU
		{3F4F0015-FBC4-478D-88BA-7584CE303580}.Debug|iPhoneSimulator.Deploy.0 = Debug|Any CPU
		{3F4F0015-FBC4-478D-88BA-7584CE303580}.Debug|x64.ActiveCfg = Debug|x64
		{3F4F0015-FBC4-478D-88BA-7584CE303580}.Debug|x64.Build.0 = Debug|x64
		{3F4F0015-FBC4-478D-88BA-7584CE303580}.Debug|x64.Deploy.0 = Debug|x64
		{3F4F0015-FBC4-478D-88BA-7584CE303580}.Debug|x86.ActiveCfg = Debug|x86
		{3F4F0015-FBC4-478D-88BA-7584CE303580}.Debug|x86.Build.0 = Debug|x86
		{3F4F0015-FBC4-478D-88BA-7584CE303580}.Debug|x86.Deploy.0 = Debug|x86
		{3F4F0015-FBC4-478D-88BA-7584CE303580}.Release|Any CPU.ActiveCfg = Release|Any CPU
		{3F4F0015-FBC4-478D-88BA-7584CE303580}.Release|Any CPU.Build.0 = Release|Any CPU
		{3F4F0015-FBC4-478D-88BA-7584CE303580}.Release|Any CPU.Deploy.0 = Release|Any CPU
		{3F4F0015-FBC4-478D-88BA-7584CE303580}.Release|ARM.ActiveCfg = Release|ARM
		{3F4F0015-FBC4-478D-88BA-7584CE303580}.Release|ARM.Build.0 = Release|ARM
		{3F4F0015-FBC4-478D-88BA-7584CE303580}.Release|ARM.Deploy.0 = Release|ARM
		{3F4F0015-FBC4-478D-88BA-7584CE303580}.Release|iPhone.ActiveCfg = Release|Any CPU
		{3F4F0015-FBC4-478D-88BA-7584CE303580}.Release|iPhone.Build.0 = Release|Any CPU
		{3F4F0015-FBC4-478D-88BA-7584CE303580}.Release|iPhone.Deploy.0 = Release|Any CPU
		{3F4F0015-FBC4-478D-88BA-7584CE303580}.Release|iPhoneSimulator.ActiveCfg = Release|Any CPU
		{3F4F0015-FBC4-478D-88BA-7584CE303580}.Release|iPhoneSimulator.Build.0 = Release|Any CPU
		{3F4F0015-FBC4-478D-88BA-7584CE303580}.Release|iPhoneSimulator.Deploy.0 = Release|Any CPU
		{3F4F0015-FBC4-478D-88BA-7584CE303580}.Release|x64.ActiveCfg = Release|x64
		{3F4F0015-FBC4-478D-88BA-7584CE303580}.Release|x64.Build.0 = Release|x64
		{3F4F0015-FBC4-478D-88BA-7584CE303580}.Release|x64.Deploy.0 = Release|x64
		{3F4F0015-FBC4-478D-88BA-7584CE303580}.Release|x86.ActiveCfg = Release|x86
		{3F4F0015-FBC4-478D-88BA-7584CE303580}.Release|x86.Build.0 = Release|x86
		{3F4F0015-FBC4-478D-88BA-7584CE303580}.Release|x86.Deploy.0 = Release|x86
	EndGlobalSection
	GlobalSection(SolutionProperties) = preSolution
		HideSolutionNode = FALSE
	EndGlobalSection
EndGlobal
