
Microsoft Visual Studio Solution File, Format Version 12.00
# Visual Studio 15
VisualStudioVersion = 15.0.27130.2010
MinimumVisualStudioVersion = 10.0.40219.1
Project("{FAE04EC0-301F-11D3-BF4B-00C04F79EFBC}") = "XFAwesomeSpinnerView.Android", "XFAwesomeSpinnerView\XFAwesomeSpinnerView.Android\XFAwesomeSpinnerView.Android.csproj", "{D098841A-BEE0-4A31-9A5D-5DE2ABEA7435}"
EndProject
Project("{FAE04EC0-301F-11D3-BF4B-00C04F79EFBC}") = "XFAwesomeSpinnerView.iOS", "XFAwesomeSpinnerView\XFAwesomeSpinnerView.iOS\XFAwesomeSpinnerView.iOS.csproj", "{B373B143-9C38-4B66-9FB8-6BE2A3708D66}"
EndProject
Project("{FAE04EC0-301F-11D3-BF4B-00C04F79EFBC}") = "XFAwesomeSpinnerView.UWP", "XFAwesomeSpinnerView\XFAwesomeSpinnerView.UWP\XFAwesomeSpinnerView.UWP.csproj", "{7934A927-9C42-434E-A9A0-3B82E3B72E1D}"
EndProject
Project("{FAE04EC0-301F-11D3-BF4B-00C04F79EFBC}") = "XFAwesomeSpinnerView", "XFAwesomeSpinnerView\XFAwesomeSpinnerView\XFAwesomeSpinnerView.csproj", "{417C236B-87F3-4BA1-9F14-3AD765210B4D}"
EndProject
Global
	GlobalSection(SolutionConfigurationPlatforms) = preSolution
		Ad-Hoc|Any CPU = Ad-Hoc|Any CPU
		Ad-Hoc|ARM = Ad-Hoc|ARM
		Ad-Hoc|iPhone = Ad-Hoc|iPhone
		Ad-Hoc|iPhoneSimulator = Ad-Hoc|iPhoneSimulator
		Ad-Hoc|x64 = Ad-Hoc|x64
		Ad-Hoc|x86 = Ad-Hoc|x86
		AppStore|Any CPU = AppStore|Any CPU
		AppStore|ARM = AppStore|ARM
		AppStore|iPhone = AppStore|iPhone
		AppStore|iPhoneSimulator = AppStore|iPhoneSimulator
		AppStore|x64 = AppStore|x64
		AppStore|x86 = AppStore|x86
		Debug|Any CPU = Debug|Any CPU
		Debug|ARM = Debug|ARM
		Debug|iPhone = Debug|iPhone
		Debug|iPhoneSimulator = Debug|iPhoneSimulator
		Debug|x64 = Debug|x64
		Debug|x86 = Debug|x86
		Release|Any CPU = Release|Any CPU
		Release|ARM = Release|ARM
		Release|iPhone = Release|iPhone
		Release|iPhoneSimulator = Release|iPhoneSimulator
		Release|x64 = Release|x64
		Release|x86 = Release|x86
	EndGlobalSection
	GlobalSection(ProjectConfigurationPlatforms) = postSolution
		{D098841A-BEE0-4A31-9A5D-5DE2ABEA7435}.Ad-Hoc|Any CPU.ActiveCfg = Release|Any CPU
		{D098841A-BEE0-4A31-9A5D-5DE2ABEA7435}.Ad-Hoc|Any CPU.Build.0 = Release|Any CPU
		{D098841A-BEE0-4A31-9A5D-5DE2ABEA7435}.Ad-Hoc|Any CPU.Deploy.0 = Release|Any CPU
		{D098841A-BEE0-4A31-9A5D-5DE2ABEA7435}.Ad-Hoc|ARM.ActiveCfg = Release|Any CPU
		{D098841A-BEE0-4A31-9A5D-5DE2ABEA7435}.Ad-Hoc|ARM.Build.0 = Release|Any CPU
		{D098841A-BEE0-4A31-9A5D-5DE2ABEA7435}.Ad-Hoc|ARM.Deploy.0 = Release|Any CPU
		{D098841A-BEE0-4A31-9A5D-5DE2ABEA7435}.Ad-Hoc|iPhone.ActiveCfg = Release|Any CPU
		{D098841A-BEE0-4A31-9A5D-5DE2ABEA7435}.Ad-Hoc|iPhone.Build.0 = Release|Any CPU
		{D098841A-BEE0-4A31-9A5D-5DE2ABEA7435}.Ad-Hoc|iPhone.Deploy.0 = Release|Any CPU
		{D098841A-BEE0-4A31-9A5D-5DE2ABEA7435}.Ad-Hoc|iPhoneSimulator.ActiveCfg = Release|Any CPU
		{D098841A-BEE0-4A31-9A5D-5DE2ABEA7435}.Ad-Hoc|iPhoneSimulator.Build.0 = Release|Any CPU
		{D098841A-BEE0-4A31-9A5D-5DE2ABEA7435}.Ad-Hoc|iPhoneSimulator.Deploy.0 = Release|Any CPU
		{D098841A-BEE0-4A31-9A5D-5DE2ABEA7435}.Ad-Hoc|x64.ActiveCfg = Release|Any CPU
		{D098841A-BEE0-4A31-9A5D-5DE2ABEA7435}.Ad-Hoc|x64.Build.0 = Release|Any CPU
		{D098841A-BEE0-4A31-9A5D-5DE2ABEA7435}.Ad-Hoc|x64.Deploy.0 = Release|Any CPU
		{D098841A-BEE0-4A31-9A5D-5DE2ABEA7435}.Ad-Hoc|x86.ActiveCfg = Release|Any CPU
		{D098841A-BEE0-4A31-9A5D-5DE2ABEA7435}.Ad-Hoc|x86.Build.0 = Release|Any CPU
		{D098841A-BEE0-4A31-9A5D-5DE2ABEA7435}.Ad-Hoc|x86.Deploy.0 = Release|Any CPU
		{D098841A-BEE0-4A31-9A5D-5DE2ABEA7435}.AppStore|Any CPU.ActiveCfg = Release|Any CPU
		{D098841A-BEE0-4A31-9A5D-5DE2ABEA7435}.AppStore|Any CPU.Build.0 = Release|Any CPU
		{D098841A-BEE0-4A31-9A5D-5DE2ABEA7435}.AppStore|Any CPU.Deploy.0 = Release|Any CPU
		{D098841A-BEE0-4A31-9A5D-5DE2ABEA7435}.AppStore|ARM.ActiveCfg = Release|Any CPU
		{D098841A-BEE0-4A31-9A5D-5DE2ABEA7435}.AppStore|ARM.Build.0 = Release|Any CPU
		{D098841A-BEE0-4A31-9A5D-5DE2ABEA7435}.AppStore|ARM.Deploy.0 = Release|Any CPU
		{D098841A-BEE0-4A31-9A5D-5DE2ABEA7435}.AppStore|iPhone.ActiveCfg = Release|Any CPU
		{D098841A-BEE0-4A31-9A5D-5DE2ABEA7435}.AppStore|iPhone.Build.0 = Release|Any CPU
		{D098841A-BEE0-4A31-9A5D-5DE2ABEA7435}.AppStore|iPhone.Deploy.0 = Release|Any CPU
		{D098841A-BEE0-4A31-9A5D-5DE2ABEA7435}.AppStore|iPhoneSimulator.ActiveCfg = Release|Any CPU
		{D098841A-BEE0-4A31-9A5D-5DE2ABEA7435}.AppStore|iPhoneSimulator.Build.0 = Release|Any CPU
		{D098841A-BEE0-4A31-9A5D-5DE2ABEA7435}.AppStore|iPhoneSimulator.Deploy.0 = Release|Any CPU
		{D098841A-BEE0-4A31-9A5D-5DE2ABEA7435}.AppStore|x64.ActiveCfg = Release|Any CPU
		{D098841A-BEE0-4A31-9A5D-5DE2ABEA7435}.AppStore|x64.Build.0 = Release|Any CPU
		{D098841A-BEE0-4A31-9A5D-5DE2ABEA7435}.AppStore|x64.Deploy.0 = Release|Any CPU
		{D098841A-BEE0-4A31-9A5D-5DE2ABEA7435}.AppStore|x86.ActiveCfg = Release|Any CPU
		{D098841A-BEE0-4A31-9A5D-5DE2ABEA7435}.AppStore|x86.Build.0 = Release|Any CPU
		{D098841A-BEE0-4A31-9A5D-5DE2ABEA7435}.AppStore|x86.Deploy.0 = Release|Any CPU
		{D098841A-BEE0-4A31-9A5D-5DE2ABEA7435}.Debug|Any CPU.ActiveCfg = Debug|Any CPU
		{D098841A-BEE0-4A31-9A5D-5DE2ABEA7435}.Debug|Any CPU.Build.0 = Debug|Any CPU
		{D098841A-BEE0-4A31-9A5D-5DE2ABEA7435}.Debug|Any CPU.Deploy.0 = Debug|Any CPU
		{D098841A-BEE0-4A31-9A5D-5DE2ABEA7435}.Debug|ARM.ActiveCfg = Debug|Any CPU
		{D098841A-BEE0-4A31-9A5D-5DE2ABEA7435}.Debug|ARM.Build.0 = Debug|Any CPU
		{D098841A-BEE0-4A31-9A5D-5DE2ABEA7435}.Debug|ARM.Deploy.0 = Debug|Any CPU
		{D098841A-BEE0-4A31-9A5D-5DE2ABEA7435}.Debug|iPhone.ActiveCfg = Debug|Any CPU
		{D098841A-BEE0-4A31-9A5D-5DE2ABEA7435}.Debug|iPhone.Build.0 = Debug|Any CPU
		{D098841A-BEE0-4A31-9A5D-5DE2ABEA7435}.Debug|iPhone.Deploy.0 = Debug|Any CPU
		{D098841A-BEE0-4A31-9A5D-5DE2ABEA7435}.Debug|iPhoneSimulator.ActiveCfg = Debug|Any CPU
		{D098841A-BEE0-4A31-9A5D-5DE2ABEA7435}.Debug|iPhoneSimulator.Build.0 = Debug|Any CPU
		{D098841A-BEE0-4A31-9A5D-5DE2ABEA7435}.Debug|iPhoneSimulator.Deploy.0 = Debug|Any CPU
		{D098841A-BEE0-4A31-9A5D-5DE2ABEA7435}.Debug|x64.ActiveCfg = Debug|Any CPU
		{D098841A-BEE0-4A31-9A5D-5DE2ABEA7435}.Debug|x64.Build.0 = Debug|Any CPU
		{D098841A-BEE0-4A31-9A5D-5DE2ABEA7435}.Debug|x64.Deploy.0 = Debug|Any CPU
		{D098841A-BEE0-4A31-9A5D-5DE2ABEA7435}.Debug|x86.ActiveCfg = Debug|Any CPU
		{D098841A-BEE0-4A31-9A5D-5DE2ABEA7435}.Debug|x86.Build.0 = Debug|Any CPU
		{D098841A-BEE0-4A31-9A5D-5DE2ABEA7435}.Debug|x86.Deploy.0 = Debug|Any CPU
		{D098841A-BEE0-4A31-9A5D-5DE2ABEA7435}.Release|Any CPU.ActiveCfg = Release|Any CPU
		{D098841A-BEE0-4A31-9A5D-5DE2ABEA7435}.Release|Any CPU.Build.0 = Release|Any CPU
		{D098841A-BEE0-4A31-9A5D-5DE2ABEA7435}.Release|Any CPU.Deploy.0 = Release|Any CPU
		{D098841A-BEE0-4A31-9A5D-5DE2ABEA7435}.Release|ARM.ActiveCfg = Release|Any CPU
		{D098841A-BEE0-4A31-9A5D-5DE2ABEA7435}.Release|ARM.Build.0 = Release|Any CPU
		{D098841A-BEE0-4A31-9A5D-5DE2ABEA7435}.Release|ARM.Deploy.0 = Release|Any CPU
		{D098841A-BEE0-4A31-9A5D-5DE2ABEA7435}.Release|iPhone.ActiveCfg = Release|Any CPU
		{D098841A-BEE0-4A31-9A5D-5DE2ABEA7435}.Release|iPhone.Build.0 = Release|Any CPU
		{D098841A-BEE0-4A31-9A5D-5DE2ABEA7435}.Release|iPhone.Deploy.0 = Release|Any CPU
		{D098841A-BEE0-4A31-9A5D-5DE2ABEA7435}.Release|iPhoneSimulator.ActiveCfg = Release|Any CPU
		{D098841A-BEE0-4A31-9A5D-5DE2ABEA7435}.Release|iPhoneSimulator.Build.0 = Release|Any CPU
		{D098841A-BEE0-4A31-9A5D-5DE2ABEA7435}.Release|iPhoneSimulator.Deploy.0 = Release|Any CPU
		{D098841A-BEE0-4A31-9A5D-5DE2ABEA7435}.Release|x64.ActiveCfg = Release|Any CPU
		{D098841A-BEE0-4A31-9A5D-5DE2ABEA7435}.Release|x64.Build.0 = Release|Any CPU
		{D098841A-BEE0-4A31-9A5D-5DE2ABEA7435}.Release|x64.Deploy.0 = Release|Any CPU
		{D098841A-BEE0-4A31-9A5D-5DE2ABEA7435}.Release|x86.ActiveCfg = Release|Any CPU
		{D098841A-BEE0-4A31-9A5D-5DE2ABEA7435}.Release|x86.Build.0 = Release|Any CPU
		{D098841A-BEE0-4A31-9A5D-5DE2ABEA7435}.Release|x86.Deploy.0 = Release|Any CPU
		{B373B143-9C38-4B66-9FB8-6BE2A3708D66}.Ad-Hoc|Any CPU.ActiveCfg = Ad-Hoc|iPhone
		{B373B143-9C38-4B66-9FB8-6BE2A3708D66}.Ad-Hoc|ARM.ActiveCfg = Ad-Hoc|iPhone
		{B373B143-9C38-4B66-9FB8-6BE2A3708D66}.Ad-Hoc|iPhone.ActiveCfg = Ad-Hoc|iPhone
		{B373B143-9C38-4B66-9FB8-6BE2A3708D66}.Ad-Hoc|iPhone.Build.0 = Ad-Hoc|iPhone
		{B373B143-9C38-4B66-9FB8-6BE2A3708D66}.Ad-Hoc|iPhoneSimulator.ActiveCfg = Ad-Hoc|iPhoneSimulator
		{B373B143-9C38-4B66-9FB8-6BE2A3708D66}.Ad-Hoc|iPhoneSimulator.Build.0 = Ad-Hoc|iPhoneSimulator
		{B373B143-9C38-4B66-9FB8-6BE2A3708D66}.Ad-Hoc|x64.ActiveCfg = Ad-Hoc|iPhone
		{B373B143-9C38-4B66-9FB8-6BE2A3708D66}.Ad-Hoc|x86.ActiveCfg = Ad-Hoc|iPhone
		{B373B143-9C38-4B66-9FB8-6BE2A3708D66}.AppStore|Any CPU.ActiveCfg = AppStore|iPhone
		{B373B143-9C38-4B66-9FB8-6BE2A3708D66}.AppStore|ARM.ActiveCfg = AppStore|iPhone
		{B373B143-9C38-4B66-9FB8-6BE2A3708D66}.AppStore|iPhone.ActiveCfg = AppStore|iPhone
		{B373B143-9C38-4B66-9FB8-6BE2A3708D66}.AppStore|iPhone.Build.0 = AppStore|iPhone
		{B373B143-9C38-4B66-9FB8-6BE2A3708D66}.AppStore|iPhoneSimulator.ActiveCfg = AppStore|iPhoneSimulator
		{B373B143-9C38-4B66-9FB8-6BE2A3708D66}.AppStore|iPhoneSimulator.Build.0 = AppStore|iPhoneSimulator
		{B373B143-9C38-4B66-9FB8-6BE2A3708D66}.AppStore|x64.ActiveCfg = AppStore|iPhone
		{B373B143-9C38-4B66-9FB8-6BE2A3708D66}.AppStore|x86.ActiveCfg = AppStore|iPhone
		{B373B143-9C38-4B66-9FB8-6BE2A3708D66}.Debug|Any CPU.ActiveCfg = Debug|iPhone
		{B373B143-9C38-4B66-9FB8-6BE2A3708D66}.Debug|ARM.ActiveCfg = Debug|iPhone
		{B373B143-9C38-4B66-9FB8-6BE2A3708D66}.Debug|iPhone.ActiveCfg = Debug|iPhone
		{B373B143-9C38-4B66-9FB8-6BE2A3708D66}.Debug|iPhone.Build.0 = Debug|iPhone
		{B373B143-9C38-4B66-9FB8-6BE2A3708D66}.Debug|iPhoneSimulator.ActiveCfg = Debug|iPhoneSimulator
		{B373B143-9C38-4B66-9FB8-6BE2A3708D66}.Debug|iPhoneSimulator.Build.0 = Debug|iPhoneSimulator
		{B373B143-9C38-4B66-9FB8-6BE2A3708D66}.Debug|x64.ActiveCfg = Debug|iPhone
		{B373B143-9C38-4B66-9FB8-6BE2A3708D66}.Debug|x86.ActiveCfg = Debug|iPhone
		{B373B143-9C38-4B66-9FB8-6BE2A3708D66}.Release|Any CPU.ActiveCfg = Release|iPhone
		{B373B143-9C38-4B66-9FB8-6BE2A3708D66}.Release|ARM.ActiveCfg = Release|iPhone
		{B373B143-9C38-4B66-9FB8-6BE2A3708D66}.Release|iPhone.ActiveCfg = Release|iPhone
		{B373B143-9C38-4B66-9FB8-6BE2A3708D66}.Release|iPhone.Build.0 = Release|iPhone
		{B373B143-9C38-4B66-9FB8-6BE2A3708D66}.Release|iPhoneSimulator.ActiveCfg = Release|iPhoneSimulator
		{B373B143-9C38-4B66-9FB8-6BE2A3708D66}.Release|iPhoneSimulator.Build.0 = Release|iPhoneSimulator
		{B373B143-9C38-4B66-9FB8-6BE2A3708D66}.Release|x64.ActiveCfg = Release|iPhone
		{B373B143-9C38-4B66-9FB8-6BE2A3708D66}.Release|x86.ActiveCfg = Release|iPhone
		{7934A927-9C42-434E-A9A0-3B82E3B72E1D}.Ad-Hoc|Any CPU.ActiveCfg = Release|x86
		{7934A927-9C42-434E-A9A0-3B82E3B72E1D}.Ad-Hoc|Any CPU.Build.0 = Release|x86
		{7934A927-9C42-434E-A9A0-3B82E3B72E1D}.Ad-Hoc|Any CPU.Deploy.0 = Release|x86
		{7934A927-9C42-434E-A9A0-3B82E3B72E1D}.Ad-Hoc|ARM.ActiveCfg = Release|ARM
		{7934A927-9C42-434E-A9A0-3B82E3B72E1D}.Ad-Hoc|ARM.Build.0 = Release|ARM
		{7934A927-9C42-434E-A9A0-3B82E3B72E1D}.Ad-Hoc|ARM.Deploy.0 = Release|ARM
		{7934A927-9C42-434E-A9A0-3B82E3B72E1D}.Ad-Hoc|iPhone.ActiveCfg = Release|x86
		{7934A927-9C42-434E-A9A0-3B82E3B72E1D}.Ad-Hoc|iPhone.Build.0 = Release|x86
		{7934A927-9C42-434E-A9A0-3B82E3B72E1D}.Ad-Hoc|iPhone.Deploy.0 = Release|x86
		{7934A927-9C42-434E-A9A0-3B82E3B72E1D}.Ad-Hoc|iPhoneSimulator.ActiveCfg = Release|x86
		{7934A927-9C42-434E-A9A0-3B82E3B72E1D}.Ad-Hoc|iPhoneSimulator.Build.0 = Release|x86
		{7934A927-9C42-434E-A9A0-3B82E3B72E1D}.Ad-Hoc|iPhoneSimulator.Deploy.0 = Release|x86
		{7934A927-9C42-434E-A9A0-3B82E3B72E1D}.Ad-Hoc|x64.ActiveCfg = Release|x64
		{7934A927-9C42-434E-A9A0-3B82E3B72E1D}.Ad-Hoc|x64.Build.0 = Release|x64
		{7934A927-9C42-434E-A9A0-3B82E3B72E1D}.Ad-Hoc|x64.Deploy.0 = Release|x64
		{7934A927-9C42-434E-A9A0-3B82E3B72E1D}.Ad-Hoc|x86.ActiveCfg = Release|x86
		{7934A927-9C42-434E-A9A0-3B82E3B72E1D}.Ad-Hoc|x86.Build.0 = Release|x86
		{7934A927-9C42-434E-A9A0-3B82E3B72E1D}.Ad-Hoc|x86.Deploy.0 = Release|x86
		{7934A927-9C42-434E-A9A0-3B82E3B72E1D}.AppStore|Any CPU.ActiveCfg = Release|x86
		{7934A927-9C42-434E-A9A0-3B82E3B72E1D}.AppStore|Any CPU.Build.0 = Release|x86
		{7934A927-9C42-434E-A9A0-3B82E3B72E1D}.AppStore|Any CPU.Deploy.0 = Release|x86
		{7934A927-9C42-434E-A9A0-3B82E3B72E1D}.AppStore|ARM.ActiveCfg = Release|ARM
		{7934A927-9C42-434E-A9A0-3B82E3B72E1D}.AppStore|ARM.Build.0 = Release|ARM
		{7934A927-9C42-434E-A9A0-3B82E3B72E1D}.AppStore|ARM.Deploy.0 = Release|ARM
		{7934A927-9C42-434E-A9A0-3B82E3B72E1D}.AppStore|iPhone.ActiveCfg = Release|x86
		{7934A927-9C42-434E-A9A0-3B82E3B72E1D}.AppStore|iPhone.Build.0 = Release|x86
		{7934A927-9C42-434E-A9A0-3B82E3B72E1D}.AppStore|iPhone.Deploy.0 = Release|x86
		{7934A927-9C42-434E-A9A0-3B82E3B72E1D}.AppStore|iPhoneSimulator.ActiveCfg = Release|x86
		{7934A927-9C42-434E-A9A0-3B82E3B72E1D}.AppStore|iPhoneSimulator.Build.0 = Release|x86
		{7934A927-9C42-434E-A9A0-3B82E3B72E1D}.AppStore|iPhoneSimulator.Deploy.0 = Release|x86
		{7934A927-9C42-434E-A9A0-3B82E3B72E1D}.AppStore|x64.ActiveCfg = Release|x64
		{7934A927-9C42-434E-A9A0-3B82E3B72E1D}.AppStore|x64.Build.0 = Release|x64
		{7934A927-9C42-434E-A9A0-3B82E3B72E1D}.AppStore|x64.Deploy.0 = Release|x64
		{7934A927-9C42-434E-A9A0-3B82E3B72E1D}.AppStore|x86.ActiveCfg = Release|x86
		{7934A927-9C42-434E-A9A0-3B82E3B72E1D}.AppStore|x86.Build.0 = Release|x86
		{7934A927-9C42-434E-A9A0-3B82E3B72E1D}.AppStore|x86.Deploy.0 = Release|x86
		{7934A927-9C42-434E-A9A0-3B82E3B72E1D}.Debug|Any CPU.ActiveCfg = Debug|x86
		{7934A927-9C42-434E-A9A0-3B82E3B72E1D}.Debug|ARM.ActiveCfg = Debug|ARM
		{7934A927-9C42-434E-A9A0-3B82E3B72E1D}.Debug|ARM.Build.0 = Debug|ARM
		{7934A927-9C42-434E-A9A0-3B82E3B72E1D}.Debug|ARM.Deploy.0 = Debug|ARM
		{7934A927-9C42-434E-A9A0-3B82E3B72E1D}.Debug|iPhone.ActiveCfg = Debug|x86
		{7934A927-9C42-434E-A9A0-3B82E3B72E1D}.Debug|iPhoneSimulator.ActiveCfg = Debug|x86
		{7934A927-9C42-434E-A9A0-3B82E3B72E1D}.Debug|x64.ActiveCfg = Debug|x64
		{7934A927-9C42-434E-A9A0-3B82E3B72E1D}.Debug|x64.Build.0 = Debug|x64
		{7934A927-9C42-434E-A9A0-3B82E3B72E1D}.Debug|x64.Deploy.0 = Debug|x64
		{7934A927-9C42-434E-A9A0-3B82E3B72E1D}.Debug|x86.ActiveCfg = Debug|x86
		{7934A927-9C42-434E-A9A0-3B82E3B72E1D}.Debug|x86.Build.0 = Debug|x86
		{7934A927-9C42-434E-A9A0-3B82E3B72E1D}.Debug|x86.Deploy.0 = Debug|x86
		{7934A927-9C42-434E-A9A0-3B82E3B72E1D}.Release|Any CPU.ActiveCfg = Release|x86
		{7934A927-9C42-434E-A9A0-3B82E3B72E1D}.Release|ARM.ActiveCfg = Release|ARM
		{7934A927-9C42-434E-A9A0-3B82E3B72E1D}.Release|ARM.Build.0 = Release|ARM
		{7934A927-9C42-434E-A9A0-3B82E3B72E1D}.Release|ARM.Deploy.0 = Release|ARM
		{7934A927-9C42-434E-A9A0-3B82E3B72E1D}.Release|iPhone.ActiveCfg = Release|x86
		{7934A927-9C42-434E-A9A0-3B82E3B72E1D}.Release|iPhoneSimulator.ActiveCfg = Release|x86
		{7934A927-9C42-434E-A9A0-3B82E3B72E1D}.Release|x64.ActiveCfg = Release|x64
		{7934A927-9C42-434E-A9A0-3B82E3B72E1D}.Release|x64.Build.0 = Release|x64
		{7934A927-9C42-434E-A9A0-3B82E3B72E1D}.Release|x64.Deploy.0 = Release|x64
		{7934A927-9C42-434E-A9A0-3B82E3B72E1D}.Release|x86.ActiveCfg = Release|x86
		{7934A927-9C42-434E-A9A0-3B82E3B72E1D}.Release|x86.Build.0 = Release|x86
		{7934A927-9C42-434E-A9A0-3B82E3B72E1D}.Release|x86.Deploy.0 = Release|x86
		{417C236B-87F3-4BA1-9F14-3AD765210B4D}.Ad-Hoc|Any CPU.ActiveCfg = Debug|Any CPU
		{417C236B-87F3-4BA1-9F14-3AD765210B4D}.Ad-Hoc|Any CPU.Build.0 = Debug|Any CPU
		{417C236B-87F3-4BA1-9F14-3AD765210B4D}.Ad-Hoc|ARM.ActiveCfg = Debug|Any CPU
		{417C236B-87F3-4BA1-9F14-3AD765210B4D}.Ad-Hoc|ARM.Build.0 = Debug|Any CPU
		{417C236B-87F3-4BA1-9F14-3AD765210B4D}.Ad-Hoc|iPhone.ActiveCfg = Debug|Any CPU
		{417C236B-87F3-4BA1-9F14-3AD765210B4D}.Ad-Hoc|iPhone.Build.0 = Debug|Any CPU
		{417C236B-87F3-4BA1-9F14-3AD765210B4D}.Ad-Hoc|iPhoneSimulator.ActiveCfg = Debug|Any CPU
		{417C236B-87F3-4BA1-9F14-3AD765210B4D}.Ad-Hoc|iPhoneSimulator.Build.0 = Debug|Any CPU
		{417C236B-87F3-4BA1-9F14-3AD765210B4D}.Ad-Hoc|x64.ActiveCfg = Debug|Any CPU
		{417C236B-87F3-4BA1-9F14-3AD765210B4D}.Ad-Hoc|x64.Build.0 = Debug|Any CPU
		{417C236B-87F3-4BA1-9F14-3AD765210B4D}.Ad-Hoc|x86.ActiveCfg = Debug|Any CPU
		{417C236B-87F3-4BA1-9F14-3AD765210B4D}.Ad-Hoc|x86.Build.0 = Debug|Any CPU
		{417C236B-87F3-4BA1-9F14-3AD765210B4D}.AppStore|Any CPU.ActiveCfg = Debug|Any CPU
		{417C236B-87F3-4BA1-9F14-3AD765210B4D}.AppStore|Any CPU.Build.0 = Debug|Any CPU
		{417C236B-87F3-4BA1-9F14-3AD765210B4D}.AppStore|ARM.ActiveCfg = Debug|Any CPU
		{417C236B-87F3-4BA1-9F14-3AD765210B4D}.AppStore|ARM.Build.0 = Debug|Any CPU
		{417C236B-87F3-4BA1-9F14-3AD765210B4D}.AppStore|iPhone.ActiveCfg = Debug|Any CPU
		{417C236B-87F3-4BA1-9F14-3AD765210B4D}.AppStore|iPhone.Build.0 = Debug|Any CPU
		{417C236B-87F3-4BA1-9F14-3AD765210B4D}.AppStore|iPhoneSimulator.ActiveCfg = Debug|Any CPU
		{417C236B-87F3-4BA1-9F14-3AD765210B4D}.AppStore|iPhoneSimulator.Build.0 = Debug|Any CPU
		{417C236B-87F3-4BA1-9F14-3AD765210B4D}.AppStore|x64.ActiveCfg = Debug|Any CPU
		{417C236B-87F3-4BA1-9F14-3AD765210B4D}.AppStore|x64.Build.0 = Debug|Any CPU
		{417C236B-87F3-4BA1-9F14-3AD765210B4D}.AppStore|x86.ActiveCfg = Debug|Any CPU
		{417C236B-87F3-4BA1-9F14-3AD765210B4D}.AppStore|x86.Build.0 = Debug|Any CPU
		{417C236B-87F3-4BA1-9F14-3AD765210B4D}.Debug|Any CPU.ActiveCfg = Debug|Any CPU
		{417C236B-87F3-4BA1-9F14-3AD765210B4D}.Debug|Any CPU.Build.0 = Debug|Any CPU
		{417C236B-87F3-4BA1-9F14-3AD765210B4D}.Debug|ARM.ActiveCfg = Debug|Any CPU
		{417C236B-87F3-4BA1-9F14-3AD765210B4D}.Debug|ARM.Build.0 = Debug|Any CPU
		{417C236B-87F3-4BA1-9F14-3AD765210B4D}.Debug|iPhone.ActiveCfg = Debug|Any CPU
		{417C236B-87F3-4BA1-9F14-3AD765210B4D}.Debug|iPhone.Build.0 = Debug|Any CPU
		{417C236B-87F3-4BA1-9F14-3AD765210B4D}.Debug|iPhoneSimulator.ActiveCfg = Debug|Any CPU
		{417C236B-87F3-4BA1-9F14-3AD765210B4D}.Debug|iPhoneSimulator.Build.0 = Debug|Any CPU
		{417C236B-87F3-4BA1-9F14-3AD765210B4D}.Debug|x64.ActiveCfg = Debug|Any CPU
		{417C236B-87F3-4BA1-9F14-3AD765210B4D}.Debug|x64.Build.0 = Debug|Any CPU
		{417C236B-87F3-4BA1-9F14-3AD765210B4D}.Debug|x86.ActiveCfg = Debug|Any CPU
		{417C236B-87F3-4BA1-9F14-3AD765210B4D}.Debug|x86.Build.0 = Debug|Any CPU
		{417C236B-87F3-4BA1-9F14-3AD765210B4D}.Release|Any CPU.ActiveCfg = Release|Any CPU
		{417C236B-87F3-4BA1-9F14-3AD765210B4D}.Release|Any CPU.Build.0 = Release|Any CPU
		{417C236B-87F3-4BA1-9F14-3AD765210B4D}.Release|ARM.ActiveCfg = Release|Any CPU
		{417C236B-87F3-4BA1-9F14-3AD765210B4D}.Release|ARM.Build.0 = Release|Any CPU
		{417C236B-87F3-4BA1-9F14-3AD765210B4D}.Release|iPhone.ActiveCfg = Release|Any CPU
		{417C236B-87F3-4BA1-9F14-3AD765210B4D}.Release|iPhone.Build.0 = Release|Any CPU
		{417C236B-87F3-4BA1-9F14-3AD765210B4D}.Release|iPhoneSimulator.ActiveCfg = Release|Any CPU
		{417C236B-87F3-4BA1-9F14-3AD765210B4D}.Release|iPhoneSimulator.Build.0 = Release|Any CPU
		{417C236B-87F3-4BA1-9F14-3AD765210B4D}.Release|x64.ActiveCfg = Release|Any CPU
		{417C236B-87F3-4BA1-9F14-3AD765210B4D}.Release|x64.Build.0 = Release|Any CPU
		{417C236B-87F3-4BA1-9F14-3AD765210B4D}.Release|x86.ActiveCfg = Release|Any CPU
		{417C236B-87F3-4BA1-9F14-3AD765210B4D}.Release|x86.Build.0 = Release|Any CPU
	EndGlobalSection
	GlobalSection(SolutionProperties) = preSolution
		HideSolutionNode = FALSE
	EndGlobalSection
	GlobalSection(ExtensibilityGlobals) = postSolution
		SolutionGuid = {26615E43-446F-41FD-9765-91525B0BAB80}
	EndGlobalSection
EndGlobal
